PODS:
  - google-cast-sdk (3.1.1):
    - google-cast-sdk/Core (= 3.1.1)
  - google-cast-sdk/Core (3.1.1)
  - GRDB.swift (0.81.2)
  - RxCocoa (2.6.0):
    - RxSwift (~> 2.5)
  - RxDataSources (0.9):
    - RxCocoa (~> 2.2)
    - RxSwift (~> 2.2)
  - RxOptional (2.0.0):
    - RxCocoa (~> 2.0)
    - RxSwift (~> 2.0)
  - RxSwift (2.6.0)
  - SDWebImage (3.8.1):
    - SDWebImage/Core (= 3.8.1)
  - SDWebImage/Core (3.8.1)
  - SwiftyJSON (2.3.2)

DEPENDENCIES:
  - google-cast-sdk (~> 3.1.1)
  - GRDB.swift (~> 0.81.2)
  - RxCocoa (~> 2.6)
  - RxDataSources (~> 0.9)
  - RxOptional (~> 2.0)
  - SDWebImage (~> 3.8)
  - SwiftyJSON (~> 2.3)

SPEC CHECKSUMS:
  google-cast-sdk: 3aec099807bf818897e896a8abdb25c29981cec8
  GRDB.swift: c43d037b7edd79b50f646529f7188fa28c6fd8e8
  RxCocoa: 89ab00d5753502520227940e3a0e0a0413683c6b
  RxDataSources: e169bba94a7be584df7c1e1487fa56edc8753ae6
  RxOptional: b77fb47a0190213cf8a37c7a2b7fda28160b4563
  RxSwift: 77f3a0b15324baa7a1c9bfa9f199648a82424e26
  SDWebImage: 35f9627a3e44b4f292a8a8ce6a531fa488239b91
  SwiftyJSON: 04ccea08915aa0109039157c7974cf0298da292a

PODFILE CHECKSUM: 89963fab48b81734100b2eda665ebc4640fcc8ae

COCOAPODS: 1.0.1
