PODS:
  - Differentiator (2.0.2)
  - google-cast-sdk (3.1.1):
    - google-cast-sdk/Core (= 3.1.1)
  - google-cast-sdk/Core (3.1.1)
  - RxCocoa (3.6.1):
    - RxSwift (~> 3.6)
  - RxDataSources (2.0.2):
    - Differentiator (~> 2.0)
    - RxCocoa (>= 3.6.1)
    - RxSwift (>= 3.6.1)
  - RxSwift (3.6.1)
  - SDWebImage (3.8.2):
    - SDWebImage/Core (= 3.8.2)
  - SDWebImage/Core (3.8.2)
  - SwiftyJSON (3.1.4)

DEPENDENCIES:
  - google-cast-sdk (~> 3.1.1)
  - RxCocoa (~> 3.6.1)
  - RxDataSources (~> 2.0.2)
  - SDWebImage (~> 3.8)
  - SwiftyJSON (~> 3.1)

SPEC CHECKSUMS:
  Differentiator: caa9b3957981a2ac8e6b2eac8a676af461caa604
  google-cast-sdk: 3aec099807bf818897e896a8abdb25c29981cec8
  RxCocoa: 84a08739ab186248c7f31ce4ee92d6f8a947d690
  RxDataSources: 7f190474a93a206c082c2d74c4cc9c8f7bea4feb
  RxSwift: f9de85ea20cd2f7716ee5409fc13523dc638e4e4
  SDWebImage: 098e97e6176540799c27e804c96653ee0833d13c
  SwiftyJSON: c2842d878f95482ffceec5709abc3d05680c0220

PODFILE CHECKSUM: 3d18188880b4d0d93b8cff72b57fbd40671629cf

COCOAPODS: 1.1.1
