// !$*UTF8*$!
{
	archiveVersion = 1;
	classes = {
	};
	objectVersion = 46;
	objects = {

/* Begin PBXBuildFile section */
		5E2680961D2C43440054E90B /* Assets.xcassets in Resources */ = {isa = PBXBuildFile; fileRef = 5E2680951D2C43440054E90B /* Assets.xcassets */; };
		5E89B1D61D480B6300E611AC /* SessionDetailsViewController.xib in Resources */ = {isa = PBXBuildFile; fileRef = 5E89B1D51D480B6300E611AC /* SessionDetailsViewController.xib */; };
		5EBEEF611D2B15BD007C44E3 /* SessionsSearchViewController.xib in Resources */ = {isa = PBXBuildFile; fileRef = 5EBEEF601D2B15BD007C44E3 /* SessionsSearchViewController.xib */; };
		793BE38BE046FD3EF8742CF9 /* Pods_WWDCastTests.framework in Frameworks */ = {isa = PBXBuildFile; fileRef = BBEA79B51C963F813BC71C0B /* Pods_WWDCastTests.framework */; };
		9E8282ED357ECD3D75624DDB /* Pods_WWDCast.framework in Frameworks */ = {isa = PBXBuildFile; fileRef = 057956E721FFC946DFA1FC83 /* Pods_WWDCast.framework */; };
		B6F929E41D2AB0FC009E4B83 /* AppDelegate.swift in Sources */ = {isa = PBXBuildFile; fileRef = B6F929E11D2AB0FC009E4B83 /* AppDelegate.swift */; };
		B6F929E61D2AB0FD009E4B83 /* WWDCEnvironment.swift in Sources */ = {isa = PBXBuildFile; fileRef = B6F929E31D2AB0FC009E4B83 /* WWDCEnvironment.swift */; };
		B6F929EA1D2AB197009E4B83 /* WWDCastTests.swift in Sources */ = {isa = PBXBuildFile; fileRef = B6F929E81D2AB111009E4B83 /* WWDCastTests.swift */; };
		B6F929EF1D2AB283009E4B83 /* LaunchScreen.storyboard in Resources */ = {isa = PBXBuildFile; fileRef = B6F929EB1D2AB283009E4B83 /* LaunchScreen.storyboard */; };
		B6F92A1D1D2C0E8A009E4B83 /* SessionTableViewCell.xib in Resources */ = {isa = PBXBuildFile; fileRef = B6F92A1C1D2C0E8A009E4B83 /* SessionTableViewCell.xib */; };
		E79718071D5FB9E900C4DD7C /* FilterViewController.xib in Resources */ = {isa = PBXBuildFile; fileRef = E79718061D5FB9E900C4DD7C /* FilterViewController.xib */; };
		E79718091D6080B000C4DD7C /* FilterTableViewCell.xib in Resources */ = {isa = PBXBuildFile; fileRef = E79718081D6080B000C4DD7C /* FilterTableViewCell.xib */; };
		E7AC02A81D7E26660090F8A3 /* RxExtensions.swift in Sources */ = {isa = PBXBuildFile; fileRef = E7AC026C1D7E26660090F8A3 /* RxExtensions.swift */; };
		E7AC02A91D7E26660090F8A3 /* RxTableViewCell.swift in Sources */ = {isa = PBXBuildFile; fileRef = E7AC026D1D7E26660090F8A3 /* RxTableViewCell.swift */; };
		E7AC02AA1D7E26660090F8A3 /* UIBarButtonItem+Common.swift in Sources */ = {isa = PBXBuildFile; fileRef = E7AC026E1D7E26660090F8A3 /* UIBarButtonItem+Common.swift */; };
		E7AC02AB1D7E26660090F8A3 /* UITableView+Common.swift in Sources */ = {isa = PBXBuildFile; fileRef = E7AC026F1D7E26660090F8A3 /* UITableView+Common.swift */; };
		E7AC02AC1D7E26660090F8A3 /* UITableViewController+Common.swift in Sources */ = {isa = PBXBuildFile; fileRef = E7AC02701D7E26660090F8A3 /* UITableViewController+Common.swift */; };
		E7AC02AD1D7E26660090F8A3 /* AppConfigImpl.swift in Sources */ = {isa = PBXBuildFile; fileRef = E7AC02721D7E26660090F8A3 /* AppConfigImpl.swift */; };
		E7AC02AE1D7E26660090F8A3 /* AppConfigBuilder.swift in Sources */ = {isa = PBXBuildFile; fileRef = E7AC02741D7E26660090F8A3 /* AppConfigBuilder.swift */; };
		E7AC02AF1D7E26660090F8A3 /* SessionBuilder.swift in Sources */ = {isa = PBXBuildFile; fileRef = E7AC02751D7E26660090F8A3 /* SessionBuilder.swift */; };
		E7AC02B01D7E26660090F8A3 /* SessionsBuilder.swift in Sources */ = {isa = PBXBuildFile; fileRef = E7AC02761D7E26660090F8A3 /* SessionsBuilder.swift */; };
		E7AC02B11D7E26660090F8A3 /* SessionImpl.swift in Sources */ = {isa = PBXBuildFile; fileRef = E7AC02771D7E26660090F8A3 /* SessionImpl.swift */; };
		E7AC02B21D7E26660090F8A3 /* Filter.swift in Sources */ = {isa = PBXBuildFile; fileRef = E7AC02791D7E26660090F8A3 /* Filter.swift */; };
		E7AC02B31D7E26660090F8A3 /* FilterViewController.swift in Sources */ = {isa = PBXBuildFile; fileRef = E7AC027A1D7E26660090F8A3 /* FilterViewController.swift */; };
		E7AC02B41D7E26660090F8A3 /* FilterViewModelImpl.swift in Sources */ = {isa = PBXBuildFile; fileRef = E7AC027B1D7E26660090F8A3 /* FilterViewModelImpl.swift */; };
		E7AC02B51D7E26660090F8A3 /* GoogleCastServiceImpl.swift in Sources */ = {isa = PBXBuildFile; fileRef = E7AC027D1D7E26660090F8A3 /* GoogleCastServiceImpl.swift */; };
		E7AC02B61D7E26660090F8A3 /* NetworkServiceImpl.swift in Sources */ = {isa = PBXBuildFile; fileRef = E7AC027E1D7E26660090F8A3 /* NetworkServiceImpl.swift */; };
		E7AC02B71D7E26660090F8A3 /* ReachabilityServiceImpl.swift in Sources */ = {isa = PBXBuildFile; fileRef = E7AC027F1D7E26660090F8A3 /* ReachabilityServiceImpl.swift */; };
		E7AC02B81D7E26660090F8A3 /* RxGCKDeviceManagerDelegateProxy.swift in Sources */ = {isa = PBXBuildFile; fileRef = E7AC02801D7E26660090F8A3 /* RxGCKDeviceManagerDelegateProxy.swift */; };
		E7AC02B91D7E26660090F8A3 /* SchedulerServiceImpl.swift in Sources */ = {isa = PBXBuildFile; fileRef = E7AC02811D7E26660090F8A3 /* SchedulerServiceImpl.swift */; };
		E7AC02BA1D7E26660090F8A3 /* ServiceProviderImpl.swift in Sources */ = {isa = PBXBuildFile; fileRef = E7AC02821D7E26660090F8A3 /* ServiceProviderImpl.swift */; };
		E7AC02BB1D7E26660090F8A3 /* SessionDetailsViewController.swift in Sources */ = {isa = PBXBuildFile; fileRef = E7AC02841D7E26660090F8A3 /* SessionDetailsViewController.swift */; };
		E7AC02BC1D7E26660090F8A3 /* SessionDetailsViewModelImpl.swift in Sources */ = {isa = PBXBuildFile; fileRef = E7AC02851D7E26660090F8A3 /* SessionDetailsViewModelImpl.swift */; };
		E7AC02BE1D7E26660090F8A3 /* SessionsSearchViewController.swift in Sources */ = {isa = PBXBuildFile; fileRef = E7AC02881D7E26660090F8A3 /* SessionsSearchViewController.swift */; };
		E7AC02BF1D7E26660090F8A3 /* SessionsSearchViewModelImpl.swift in Sources */ = {isa = PBXBuildFile; fileRef = E7AC02891D7E26660090F8A3 /* SessionsSearchViewModelImpl.swift */; };
		E7AC02C01D7E26660090F8A3 /* SessionTableViewCell.swift in Sources */ = {isa = PBXBuildFile; fileRef = E7AC028A1D7E26660090F8A3 /* SessionTableViewCell.swift */; };
		E7AC02C11D7E26660090F8A3 /* SessionViewModel.swift in Sources */ = {isa = PBXBuildFile; fileRef = E7AC028B1D7E26660090F8A3 /* SessionViewModel.swift */; };
		E7AC02C21D7E26660090F8A3 /* SessionViewModelBuilder.swift in Sources */ = {isa = PBXBuildFile; fileRef = E7AC028C1D7E26660090F8A3 /* SessionViewModelBuilder.swift */; };
		E7AC02C31D7E26660090F8A3 /* SessionViewModels.swift in Sources */ = {isa = PBXBuildFile; fileRef = E7AC028D1D7E26660090F8A3 /* SessionViewModels.swift */; };
		E7AC02C41D7E26660090F8A3 /* ActivityIndicator.swift in Sources */ = {isa = PBXBuildFile; fileRef = E7AC028F1D7E26660090F8A3 /* ActivityIndicator.swift */; };
		E7AC02C51D7E26660090F8A3 /* Reachability.swift in Sources */ = {isa = PBXBuildFile; fileRef = E7AC02901D7E26660090F8A3 /* Reachability.swift */; };
		E7AC02C61D7E26660090F8A3 /* WWDCastAssemblyImpl.swift in Sources */ = {isa = PBXBuildFile; fileRef = E7AC02911D7E26660090F8A3 /* WWDCastAssemblyImpl.swift */; };
		E7AC02C71D7E26660090F8A3 /* WWDCastRouterImpl.swift in Sources */ = {isa = PBXBuildFile; fileRef = E7AC02921D7E26660090F8A3 /* WWDCastRouterImpl.swift */; };
		E7AC02C81D7E26660090F8A3 /* AppConfig.swift in Sources */ = {isa = PBXBuildFile; fileRef = E7AC02951D7E26660090F8A3 /* AppConfig.swift */; };
		E7AC02C91D7E26660090F8A3 /* EntityBuilder.swift in Sources */ = {isa = PBXBuildFile; fileRef = E7AC02961D7E26660090F8A3 /* EntityBuilder.swift */; };
		E7AC02CA1D7E26660090F8A3 /* Session.swift in Sources */ = {isa = PBXBuildFile; fileRef = E7AC02971D7E26660090F8A3 /* Session.swift */; };
		E7AC02CB1D7E26660090F8A3 /* FilterViewModel.swift in Sources */ = {isa = PBXBuildFile; fileRef = E7AC02991D7E26660090F8A3 /* FilterViewModel.swift */; };
		E7AC02CC1D7E26660090F8A3 /* GoogleCastService.swift in Sources */ = {isa = PBXBuildFile; fileRef = E7AC029B1D7E26660090F8A3 /* GoogleCastService.swift */; };
		E7AC02CD1D7E26660090F8A3 /* NetworkService.swift in Sources */ = {isa = PBXBuildFile; fileRef = E7AC029C1D7E26660090F8A3 /* NetworkService.swift */; };
		E7AC02CE1D7E26660090F8A3 /* ReachabilityService.swift in Sources */ = {isa = PBXBuildFile; fileRef = E7AC029D1D7E26660090F8A3 /* ReachabilityService.swift */; };
		E7AC02CF1D7E26660090F8A3 /* SchedulerService.swift in Sources */ = {isa = PBXBuildFile; fileRef = E7AC029E1D7E26660090F8A3 /* SchedulerService.swift */; };
		E7AC02D01D7E26660090F8A3 /* ServiceProvider.swift in Sources */ = {isa = PBXBuildFile; fileRef = E7AC029F1D7E26660090F8A3 /* ServiceProvider.swift */; };
		E7AC02D11D7E26660090F8A3 /* SessionDetailsView.swift in Sources */ = {isa = PBXBuildFile; fileRef = E7AC02A11D7E26660090F8A3 /* SessionDetailsView.swift */; };
		E7AC02D21D7E26660090F8A3 /* SessionDetailsViewModel.swift in Sources */ = {isa = PBXBuildFile; fileRef = E7AC02A21D7E26660090F8A3 /* SessionDetailsViewModel.swift */; };
		E7AC02D31D7E26660090F8A3 /* SessionsSearchView.swift in Sources */ = {isa = PBXBuildFile; fileRef = E7AC02A41D7E26660090F8A3 /* SessionsSearchView.swift */; };
		E7AC02D41D7E26660090F8A3 /* SessionsSearchViewModel.swift in Sources */ = {isa = PBXBuildFile; fileRef = E7AC02A51D7E26660090F8A3 /* SessionsSearchViewModel.swift */; };
		E7AC02D51D7E26660090F8A3 /* WWDCastAssembly.swift in Sources */ = {isa = PBXBuildFile; fileRef = E7AC02A61D7E26660090F8A3 /* WWDCastAssembly.swift */; };
		E7AC02D61D7E26660090F8A3 /* WWDCastRouter.swift in Sources */ = {isa = PBXBuildFile; fileRef = E7AC02A71D7E26660090F8A3 /* WWDCastRouter.swift */; };
		E7D2C6A31D98337700C82153 /* WWDCastAPI.swift in Sources */ = {isa = PBXBuildFile; fileRef = E7D2C6A21D98337700C82153 /* WWDCastAPI.swift */; };
		E7D2C6A51D98347B00C82153 /* WWDCastAPIImpl.swift in Sources */ = {isa = PBXBuildFile; fileRef = E7D2C6A41D98347B00C82153 /* WWDCastAPIImpl.swift */; };
/* End PBXBuildFile section */

/* Begin PBXContainerItemProxy section */
		B6F929D01D2A5DD6009E4B83 /* PBXContainerItemProxy */ = {
			isa = PBXContainerItemProxy;
			containerPortal = B6F929B31D2A5DD5009E4B83 /* Project object */;
			proxyType = 1;
			remoteGlobalIDString = B6F929BA1D2A5DD5009E4B83;
			remoteInfo = WWDCast;
		};
/* End PBXContainerItemProxy section */

/* Begin PBXFileReference section */
		057956E721FFC946DFA1FC83 /* Pods_WWDCast.framework */ = {isa = PBXFileReference; explicitFileType = wrapper.framework; includeInIndex = 0; path = Pods_WWDCast.framework; sourceTree = BUILT_PRODUCTS_DIR; };
		081F76A23C03510729799A91 /* Pods-WWDCast.release.xcconfig */ = {isa = PBXFileReference; includeInIndex = 1; lastKnownFileType = text.xcconfig; name = "Pods-WWDCast.release.xcconfig"; path = "Pods/Target Support Files/Pods-WWDCast/Pods-WWDCast.release.xcconfig"; sourceTree = "<group>"; };
		218FDCB7EB2025EE42E172F6 /* Pods-WWDCastTests.debug.xcconfig */ = {isa = PBXFileReference; includeInIndex = 1; lastKnownFileType = text.xcconfig; name = "Pods-WWDCastTests.debug.xcconfig"; path = "Pods/Target Support Files/Pods-WWDCastTests/Pods-WWDCastTests.debug.xcconfig"; sourceTree = "<group>"; };
		4A6EBFABAC79034FF2973338 /* Pods-WWDCastTests.release.xcconfig */ = {isa = PBXFileReference; includeInIndex = 1; lastKnownFileType = text.xcconfig; name = "Pods-WWDCastTests.release.xcconfig"; path = "Pods/Target Support Files/Pods-WWDCastTests/Pods-WWDCastTests.release.xcconfig"; sourceTree = "<group>"; };
		5E2680951D2C43440054E90B /* Assets.xcassets */ = {isa = PBXFileReference; lastKnownFileType = folder.assetcatalog; name = Assets.xcassets; path = Resources/Assets.xcassets; sourceTree = SOURCE_ROOT; };
		5E89B1D51D480B6300E611AC /* SessionDetailsViewController.xib */ = {isa = PBXFileReference; fileEncoding = 4; lastKnownFileType = file.xib; name = SessionDetailsViewController.xib; path = Resources/SessionDetailsViewController.xib; sourceTree = SOURCE_ROOT; };
		5EBEEF601D2B15BD007C44E3 /* SessionsSearchViewController.xib */ = {isa = PBXFileReference; fileEncoding = 4; lastKnownFileType = file.xib; name = SessionsSearchViewController.xib; path = Resources/SessionsSearchViewController.xib; sourceTree = SOURCE_ROOT; };
		B6F929BB1D2A5DD5009E4B83 /* WWDCast.app */ = {isa = PBXFileReference; explicitFileType = wrapper.application; includeInIndex = 0; path = WWDCast.app; sourceTree = BUILT_PRODUCTS_DIR; };
		B6F929CA1D2A5DD5009E4B83 /* Info.plist */ = {isa = PBXFileReference; lastKnownFileType = text.plist; name = Info.plist; path = Resources/Info.plist; sourceTree = "<group>"; };
		B6F929CF1D2A5DD6009E4B83 /* WWDCastTests.xctest */ = {isa = PBXFileReference; explicitFileType = wrapper.cfbundle; includeInIndex = 0; path = WWDCastTests.xctest; sourceTree = BUILT_PRODUCTS_DIR; };
		B6F929D51D2A5DD6009E4B83 /* Info.plist */ = {isa = PBXFileReference; lastKnownFileType = text.plist.xml; path = Info.plist; sourceTree = "<group>"; };
		B6F929E11D2AB0FC009E4B83 /* AppDelegate.swift */ = {isa = PBXFileReference; fileEncoding = 4; lastKnownFileType = sourcecode.swift; path = AppDelegate.swift; sourceTree = "<group>"; };
		B6F929E31D2AB0FC009E4B83 /* WWDCEnvironment.swift */ = {isa = PBXFileReference; fileEncoding = 4; lastKnownFileType = sourcecode.swift; path = WWDCEnvironment.swift; sourceTree = "<group>"; };
		B6F929E81D2AB111009E4B83 /* WWDCastTests.swift */ = {isa = PBXFileReference; fileEncoding = 4; lastKnownFileType = sourcecode.swift; path = WWDCastTests.swift; sourceTree = "<group>"; };
		B6F929EC1D2AB283009E4B83 /* Base */ = {isa = PBXFileReference; lastKnownFileType = file.storyboard; name = Base; path = Resources/Base.lproj/LaunchScreen.storyboard; sourceTree = SOURCE_ROOT; };
		B6F92A1C1D2C0E8A009E4B83 /* SessionTableViewCell.xib */ = {isa = PBXFileReference; fileEncoding = 4; lastKnownFileType = file.xib; name = SessionTableViewCell.xib; path = Resources/SessionTableViewCell.xib; sourceTree = SOURCE_ROOT; };
		BBEA79B51C963F813BC71C0B /* Pods_WWDCastTests.framework */ = {isa = PBXFileReference; explicitFileType = wrapper.framework; includeInIndex = 0; path = Pods_WWDCastTests.framework; sourceTree = BUILT_PRODUCTS_DIR; };
		E79718061D5FB9E900C4DD7C /* FilterViewController.xib */ = {isa = PBXFileReference; fileEncoding = 4; lastKnownFileType = file.xib; name = FilterViewController.xib; path = Resources/FilterViewController.xib; sourceTree = SOURCE_ROOT; };
		E79718081D6080B000C4DD7C /* FilterTableViewCell.xib */ = {isa = PBXFileReference; fileEncoding = 4; lastKnownFileType = file.xib; name = FilterTableViewCell.xib; path = Resources/FilterTableViewCell.xib; sourceTree = SOURCE_ROOT; };
		E7AC026C1D7E26660090F8A3 /* RxExtensions.swift */ = {isa = PBXFileReference; fileEncoding = 4; lastKnownFileType = sourcecode.swift; path = RxExtensions.swift; sourceTree = "<group>"; };
		E7AC026D1D7E26660090F8A3 /* RxTableViewCell.swift */ = {isa = PBXFileReference; fileEncoding = 4; lastKnownFileType = sourcecode.swift; path = RxTableViewCell.swift; sourceTree = "<group>"; };
		E7AC026E1D7E26660090F8A3 /* UIBarButtonItem+Common.swift */ = {isa = PBXFileReference; fileEncoding = 4; lastKnownFileType = sourcecode.swift; path = "UIBarButtonItem+Common.swift"; sourceTree = "<group>"; };
		E7AC026F1D7E26660090F8A3 /* UITableView+Common.swift */ = {isa = PBXFileReference; fileEncoding = 4; lastKnownFileType = sourcecode.swift; path = "UITableView+Common.swift"; sourceTree = "<group>"; };
		E7AC02701D7E26660090F8A3 /* UITableViewController+Common.swift */ = {isa = PBXFileReference; fileEncoding = 4; lastKnownFileType = sourcecode.swift; path = "UITableViewController+Common.swift"; sourceTree = "<group>"; };
		E7AC02721D7E26660090F8A3 /* AppConfigImpl.swift */ = {isa = PBXFileReference; fileEncoding = 4; lastKnownFileType = sourcecode.swift; path = AppConfigImpl.swift; sourceTree = "<group>"; };
		E7AC02741D7E26660090F8A3 /* AppConfigBuilder.swift */ = {isa = PBXFileReference; fileEncoding = 4; lastKnownFileType = sourcecode.swift; path = AppConfigBuilder.swift; sourceTree = "<group>"; };
		E7AC02751D7E26660090F8A3 /* SessionBuilder.swift */ = {isa = PBXFileReference; fileEncoding = 4; lastKnownFileType = sourcecode.swift; path = SessionBuilder.swift; sourceTree = "<group>"; };
		E7AC02761D7E26660090F8A3 /* SessionsBuilder.swift */ = {isa = PBXFileReference; fileEncoding = 4; lastKnownFileType = sourcecode.swift; path = SessionsBuilder.swift; sourceTree = "<group>"; };
		E7AC02771D7E26660090F8A3 /* SessionImpl.swift */ = {isa = PBXFileReference; fileEncoding = 4; lastKnownFileType = sourcecode.swift; path = SessionImpl.swift; sourceTree = "<group>"; };
		E7AC02791D7E26660090F8A3 /* Filter.swift */ = {isa = PBXFileReference; fileEncoding = 4; lastKnownFileType = sourcecode.swift; path = Filter.swift; sourceTree = "<group>"; };
		E7AC027A1D7E26660090F8A3 /* FilterViewController.swift */ = {isa = PBXFileReference; fileEncoding = 4; lastKnownFileType = sourcecode.swift; path = FilterViewController.swift; sourceTree = "<group>"; };
		E7AC027B1D7E26660090F8A3 /* FilterViewModelImpl.swift */ = {isa = PBXFileReference; fileEncoding = 4; lastKnownFileType = sourcecode.swift; path = FilterViewModelImpl.swift; sourceTree = "<group>"; };
		E7AC027D1D7E26660090F8A3 /* GoogleCastServiceImpl.swift */ = {isa = PBXFileReference; fileEncoding = 4; lastKnownFileType = sourcecode.swift; path = GoogleCastServiceImpl.swift; sourceTree = "<group>"; };
		E7AC027E1D7E26660090F8A3 /* NetworkServiceImpl.swift */ = {isa = PBXFileReference; fileEncoding = 4; lastKnownFileType = sourcecode.swift; path = NetworkServiceImpl.swift; sourceTree = "<group>"; };
		E7AC027F1D7E26660090F8A3 /* ReachabilityServiceImpl.swift */ = {isa = PBXFileReference; fileEncoding = 4; lastKnownFileType = sourcecode.swift; path = ReachabilityServiceImpl.swift; sourceTree = "<group>"; };
		E7AC02801D7E26660090F8A3 /* RxGCKDeviceManagerDelegateProxy.swift */ = {isa = PBXFileReference; fileEncoding = 4; lastKnownFileType = sourcecode.swift; path = RxGCKDeviceManagerDelegateProxy.swift; sourceTree = "<group>"; };
		E7AC02811D7E26660090F8A3 /* SchedulerServiceImpl.swift */ = {isa = PBXFileReference; fileEncoding = 4; lastKnownFileType = sourcecode.swift; path = SchedulerServiceImpl.swift; sourceTree = "<group>"; };
		E7AC02821D7E26660090F8A3 /* ServiceProviderImpl.swift */ = {isa = PBXFileReference; fileEncoding = 4; lastKnownFileType = sourcecode.swift; path = ServiceProviderImpl.swift; sourceTree = "<group>"; };
		E7AC02841D7E26660090F8A3 /* SessionDetailsViewController.swift */ = {isa = PBXFileReference; fileEncoding = 4; lastKnownFileType = sourcecode.swift; path = SessionDetailsViewController.swift; sourceTree = "<group>"; };
		E7AC02851D7E26660090F8A3 /* SessionDetailsViewModelImpl.swift */ = {isa = PBXFileReference; fileEncoding = 4; lastKnownFileType = sourcecode.swift; path = SessionDetailsViewModelImpl.swift; sourceTree = "<group>"; };
		E7AC02881D7E26660090F8A3 /* SessionsSearchViewController.swift */ = {isa = PBXFileReference; fileEncoding = 4; lastKnownFileType = sourcecode.swift; path = SessionsSearchViewController.swift; sourceTree = "<group>"; };
		E7AC02891D7E26660090F8A3 /* SessionsSearchViewModelImpl.swift */ = {isa = PBXFileReference; fileEncoding = 4; lastKnownFileType = sourcecode.swift; path = SessionsSearchViewModelImpl.swift; sourceTree = "<group>"; };
		E7AC028A1D7E26660090F8A3 /* SessionTableViewCell.swift */ = {isa = PBXFileReference; fileEncoding = 4; lastKnownFileType = sourcecode.swift; path = SessionTableViewCell.swift; sourceTree = "<group>"; };
		E7AC028B1D7E26660090F8A3 /* SessionViewModel.swift */ = {isa = PBXFileReference; fileEncoding = 4; lastKnownFileType = sourcecode.swift; path = SessionViewModel.swift; sourceTree = "<group>"; };
		E7AC028C1D7E26660090F8A3 /* SessionViewModelBuilder.swift */ = {isa = PBXFileReference; fileEncoding = 4; lastKnownFileType = sourcecode.swift; path = SessionViewModelBuilder.swift; sourceTree = "<group>"; };
		E7AC028D1D7E26660090F8A3 /* SessionViewModels.swift */ = {isa = PBXFileReference; fileEncoding = 4; lastKnownFileType = sourcecode.swift; path = SessionViewModels.swift; sourceTree = "<group>"; };
		E7AC028F1D7E26660090F8A3 /* ActivityIndicator.swift */ = {isa = PBXFileReference; fileEncoding = 4; lastKnownFileType = sourcecode.swift; path = ActivityIndicator.swift; sourceTree = "<group>"; };
		E7AC02901D7E26660090F8A3 /* Reachability.swift */ = {isa = PBXFileReference; fileEncoding = 4; lastKnownFileType = sourcecode.swift; path = Reachability.swift; sourceTree = "<group>"; };
		E7AC02911D7E26660090F8A3 /* WWDCastAssemblyImpl.swift */ = {isa = PBXFileReference; fileEncoding = 4; lastKnownFileType = sourcecode.swift; path = WWDCastAssemblyImpl.swift; sourceTree = "<group>"; };
		E7AC02921D7E26660090F8A3 /* WWDCastRouterImpl.swift */ = {isa = PBXFileReference; fileEncoding = 4; lastKnownFileType = sourcecode.swift; path = WWDCastRouterImpl.swift; sourceTree = "<group>"; };
		E7AC02951D7E26660090F8A3 /* AppConfig.swift */ = {isa = PBXFileReference; fileEncoding = 4; lastKnownFileType = sourcecode.swift; path = AppConfig.swift; sourceTree = "<group>"; };
		E7AC02961D7E26660090F8A3 /* EntityBuilder.swift */ = {isa = PBXFileReference; fileEncoding = 4; lastKnownFileType = sourcecode.swift; path = EntityBuilder.swift; sourceTree = "<group>"; };
		E7AC02971D7E26660090F8A3 /* Session.swift */ = {isa = PBXFileReference; fileEncoding = 4; lastKnownFileType = sourcecode.swift; path = Session.swift; sourceTree = "<group>"; };
		E7AC02991D7E26660090F8A3 /* FilterViewModel.swift */ = {isa = PBXFileReference; fileEncoding = 4; lastKnownFileType = sourcecode.swift; path = FilterViewModel.swift; sourceTree = "<group>"; };
		E7AC029B1D7E26660090F8A3 /* GoogleCastService.swift */ = {isa = PBXFileReference; fileEncoding = 4; lastKnownFileType = sourcecode.swift; path = GoogleCastService.swift; sourceTree = "<group>"; };
		E7AC029C1D7E26660090F8A3 /* NetworkService.swift */ = {isa = PBXFileReference; fileEncoding = 4; lastKnownFileType = sourcecode.swift; path = NetworkService.swift; sourceTree = "<group>"; };
		E7AC029D1D7E26660090F8A3 /* ReachabilityService.swift */ = {isa = PBXFileReference; fileEncoding = 4; lastKnownFileType = sourcecode.swift; path = ReachabilityService.swift; sourceTree = "<group>"; };
		E7AC029E1D7E26660090F8A3 /* SchedulerService.swift */ = {isa = PBXFileReference; fileEncoding = 4; lastKnownFileType = sourcecode.swift; path = SchedulerService.swift; sourceTree = "<group>"; };
		E7AC029F1D7E26660090F8A3 /* ServiceProvider.swift */ = {isa = PBXFileReference; fileEncoding = 4; lastKnownFileType = sourcecode.swift; path = ServiceProvider.swift; sourceTree = "<group>"; };
		E7AC02A11D7E26660090F8A3 /* SessionDetailsView.swift */ = {isa = PBXFileReference; fileEncoding = 4; lastKnownFileType = sourcecode.swift; path = SessionDetailsView.swift; sourceTree = "<group>"; };
		E7AC02A21D7E26660090F8A3 /* SessionDetailsViewModel.swift */ = {isa = PBXFileReference; fileEncoding = 4; lastKnownFileType = sourcecode.swift; path = SessionDetailsViewModel.swift; sourceTree = "<group>"; };
		E7AC02A41D7E26660090F8A3 /* SessionsSearchView.swift */ = {isa = PBXFileReference; fileEncoding = 4; lastKnownFileType = sourcecode.swift; path = SessionsSearchView.swift; sourceTree = "<group>"; };
		E7AC02A51D7E26660090F8A3 /* SessionsSearchViewModel.swift */ = {isa = PBXFileReference; fileEncoding = 4; lastKnownFileType = sourcecode.swift; path = SessionsSearchViewModel.swift; sourceTree = "<group>"; };
		E7AC02A61D7E26660090F8A3 /* WWDCastAssembly.swift */ = {isa = PBXFileReference; fileEncoding = 4; lastKnownFileType = sourcecode.swift; path = WWDCastAssembly.swift; sourceTree = "<group>"; };
		E7AC02A71D7E26660090F8A3 /* WWDCastRouter.swift */ = {isa = PBXFileReference; fileEncoding = 4; lastKnownFileType = sourcecode.swift; path = WWDCastRouter.swift; sourceTree = "<group>"; };
		E7D2C6A21D98337700C82153 /* WWDCastAPI.swift */ = {isa = PBXFileReference; fileEncoding = 4; lastKnownFileType = sourcecode.swift; path = WWDCastAPI.swift; sourceTree = "<group>"; };
		E7D2C6A41D98347B00C82153 /* WWDCastAPIImpl.swift */ = {isa = PBXFileReference; fileEncoding = 4; lastKnownFileType = sourcecode.swift; name = WWDCastAPIImpl.swift; path = API/WWDCastAPIImpl.swift; sourceTree = "<group>"; };
		EF0C2C23293FE3B813CE8E29 /* Pods-WWDCast.debug.xcconfig */ = {isa = PBXFileReference; includeInIndex = 1; lastKnownFileType = text.xcconfig; name = "Pods-WWDCast.debug.xcconfig"; path = "Pods/Target Support Files/Pods-WWDCast/Pods-WWDCast.debug.xcconfig"; sourceTree = "<group>"; };
/* End PBXFileReference section */

/* Begin PBXFrameworksBuildPhase section */
		B6F929B81D2A5DD5009E4B83 /* Frameworks */ = {
			isa = PBXFrameworksBuildPhase;
			buildActionMask = 2147483647;
			files = (
				9E8282ED357ECD3D75624DDB /* Pods_WWDCast.framework in Frameworks */,
			);
			runOnlyForDeploymentPostprocessing = 0;
		};
		B6F929CC1D2A5DD6009E4B83 /* Frameworks */ = {
			isa = PBXFrameworksBuildPhase;
			buildActionMask = 2147483647;
			files = (
				793BE38BE046FD3EF8742CF9 /* Pods_WWDCastTests.framework in Frameworks */,
			);
			runOnlyForDeploymentPostprocessing = 0;
		};
/* End PBXFrameworksBuildPhase section */

/* Begin PBXGroup section */
		33442D9E13E505A9141431FD /* Frameworks */ = {
			isa = PBXGroup;
			children = (
				057956E721FFC946DFA1FC83 /* Pods_WWDCast.framework */,
				BBEA79B51C963F813BC71C0B /* Pods_WWDCastTests.framework */,
			);
			name = Frameworks;
			sourceTree = "<group>";
		};
		B6F929B21D2A5DD5009E4B83 = {
			isa = PBXGroup;
			children = (
				B6F929E01D2AB0FC009E4B83 /* Source */,
				B6F929E71D2AB111009E4B83 /* Tests */,
				B6F929BD1D2A5DD5009E4B83 /* Resources */,
				B6F929BC1D2A5DD5009E4B83 /* Products */,
				E48D05A0B2806D9C6BFBB79F /* Pods */,
				33442D9E13E505A9141431FD /* Frameworks */,
			);
			sourceTree = "<group>";
		};
		B6F929BC1D2A5DD5009E4B83 /* Products */ = {
			isa = PBXGroup;
			children = (
				B6F929BB1D2A5DD5009E4B83 /* WWDCast.app */,
				B6F929CF1D2A5DD6009E4B83 /* WWDCastTests.xctest */,
			);
			name = Products;
			sourceTree = "<group>";
		};
		B6F929BD1D2A5DD5009E4B83 /* Resources */ = {
			isa = PBXGroup;
			children = (
				E79718061D5FB9E900C4DD7C /* FilterViewController.xib */,
				5E2680951D2C43440054E90B /* Assets.xcassets */,
				B6F92A1C1D2C0E8A009E4B83 /* SessionTableViewCell.xib */,
				B6F929EB1D2AB283009E4B83 /* LaunchScreen.storyboard */,
				5EBEEF601D2B15BD007C44E3 /* SessionsSearchViewController.xib */,
				5E89B1D51D480B6300E611AC /* SessionDetailsViewController.xib */,
				B6F929CA1D2A5DD5009E4B83 /* Info.plist */,
				E79718081D6080B000C4DD7C /* FilterTableViewCell.xib */,
			);
			name = Resources;
			path = WWDCast;
			sourceTree = "<group>";
		};
		B6F929E01D2AB0FC009E4B83 /* Source */ = {
			isa = PBXGroup;
			children = (
				E7AC026A1D7E26660090F8A3 /* Classes */,
				E7AC02931D7E26660090F8A3 /* Protocols */,
				B6F929E11D2AB0FC009E4B83 /* AppDelegate.swift */,
				B6F929E31D2AB0FC009E4B83 /* WWDCEnvironment.swift */,
			);
			path = Source;
			sourceTree = "<group>";
		};
		B6F929E71D2AB111009E4B83 /* Tests */ = {
			isa = PBXGroup;
			children = (
				B6F929E81D2AB111009E4B83 /* WWDCastTests.swift */,
				B6F929D51D2A5DD6009E4B83 /* Info.plist */,
			);
			path = Tests;
			sourceTree = "<group>";
		};
		E48D05A0B2806D9C6BFBB79F /* Pods */ = {
			isa = PBXGroup;
			children = (
				EF0C2C23293FE3B813CE8E29 /* Pods-WWDCast.debug.xcconfig */,
				081F76A23C03510729799A91 /* Pods-WWDCast.release.xcconfig */,
				218FDCB7EB2025EE42E172F6 /* Pods-WWDCastTests.debug.xcconfig */,
				4A6EBFABAC79034FF2973338 /* Pods-WWDCastTests.release.xcconfig */,
			);
			name = Pods;
			sourceTree = "<group>";
		};
		E7AC026A1D7E26660090F8A3 /* Classes */ = {
			isa = PBXGroup;
			children = (
				E7AC026B1D7E26660090F8A3 /* Common */,
				E7AC02711D7E26660090F8A3 /* Entities */,
				E7AC02781D7E26660090F8A3 /* Filter */,
				E7AC027C1D7E26660090F8A3 /* Services */,
				E7AC02831D7E26660090F8A3 /* SessionDetails */,
				E7AC02861D7E26660090F8A3 /* SessionsSearch */,
				E7AC028E1D7E26660090F8A3 /* Vendor */,
				E7AC02911D7E26660090F8A3 /* WWDCastAssemblyImpl.swift */,
				E7AC02921D7E26660090F8A3 /* WWDCastRouterImpl.swift */,
				E7D2C6A41D98347B00C82153 /* WWDCastAPIImpl.swift */,
			);
			path = Classes;
			sourceTree = "<group>";
		};
		E7AC026B1D7E26660090F8A3 /* Common */ = {
			isa = PBXGroup;
			children = (
				E7AC026C1D7E26660090F8A3 /* RxExtensions.swift */,
				E7AC026D1D7E26660090F8A3 /* RxTableViewCell.swift */,
				E7AC026E1D7E26660090F8A3 /* UIBarButtonItem+Common.swift */,
				E7AC026F1D7E26660090F8A3 /* UITableView+Common.swift */,
				E7AC02701D7E26660090F8A3 /* UITableViewController+Common.swift */,
			);
			path = Common;
			sourceTree = "<group>";
		};
		E7AC02711D7E26660090F8A3 /* Entities */ = {
			isa = PBXGroup;
			children = (
				E7AC02721D7E26660090F8A3 /* AppConfigImpl.swift */,
				E7AC02731D7E26660090F8A3 /* Builders */,
				E7AC02771D7E26660090F8A3 /* SessionImpl.swift */,
			);
			path = Entities;
			sourceTree = "<group>";
		};
		E7AC02731D7E26660090F8A3 /* Builders */ = {
			isa = PBXGroup;
			children = (
				E7AC02741D7E26660090F8A3 /* AppConfigBuilder.swift */,
				E7AC02751D7E26660090F8A3 /* SessionBuilder.swift */,
				E7AC02761D7E26660090F8A3 /* SessionsBuilder.swift */,
			);
			path = Builders;
			sourceTree = "<group>";
		};
		E7AC02781D7E26660090F8A3 /* Filter */ = {
			isa = PBXGroup;
			children = (
				E7AC02791D7E26660090F8A3 /* Filter.swift */,
				E7AC027A1D7E26660090F8A3 /* FilterViewController.swift */,
				E7AC027B1D7E26660090F8A3 /* FilterViewModelImpl.swift */,
			);
			path = Filter;
			sourceTree = "<group>";
		};
		E7AC027C1D7E26660090F8A3 /* Services */ = {
			isa = PBXGroup;
			children = (
				E7AC027D1D7E26660090F8A3 /* GoogleCastServiceImpl.swift */,
				E7AC027E1D7E26660090F8A3 /* NetworkServiceImpl.swift */,
				E7AC027F1D7E26660090F8A3 /* ReachabilityServiceImpl.swift */,
				E7AC02801D7E26660090F8A3 /* RxGCKDeviceManagerDelegateProxy.swift */,
				E7AC02811D7E26660090F8A3 /* SchedulerServiceImpl.swift */,
				E7AC02821D7E26660090F8A3 /* ServiceProviderImpl.swift */,
			);
			path = Services;
			sourceTree = "<group>";
		};
		E7AC02831D7E26660090F8A3 /* SessionDetails */ = {
			isa = PBXGroup;
			children = (
				E7AC02841D7E26660090F8A3 /* SessionDetailsViewController.swift */,
				E7AC02851D7E26660090F8A3 /* SessionDetailsViewModelImpl.swift */,
			);
			path = SessionDetails;
			sourceTree = "<group>";
		};
		E7AC02861D7E26660090F8A3 /* SessionsSearch */ = {
			isa = PBXGroup;
			children = (
				E7AC02881D7E26660090F8A3 /* SessionsSearchViewController.swift */,
				E7AC02891D7E26660090F8A3 /* SessionsSearchViewModelImpl.swift */,
				E7AC028A1D7E26660090F8A3 /* SessionTableViewCell.swift */,
				E7AC028B1D7E26660090F8A3 /* SessionViewModel.swift */,
				E7AC028C1D7E26660090F8A3 /* SessionViewModelBuilder.swift */,
				E7AC028D1D7E26660090F8A3 /* SessionViewModels.swift */,
			);
			path = SessionsSearch;
			sourceTree = "<group>";
		};
		E7AC028E1D7E26660090F8A3 /* Vendor */ = {
			isa = PBXGroup;
			children = (
				E7AC028F1D7E26660090F8A3 /* ActivityIndicator.swift */,
				E7AC02901D7E26660090F8A3 /* Reachability.swift */,
			);
			path = Vendor;
			sourceTree = "<group>";
		};
		E7AC02931D7E26660090F8A3 /* Protocols */ = {
			isa = PBXGroup;
			children = (
				E7D2C6A11D98337700C82153 /* API */,
				E7AC02941D7E26660090F8A3 /* Entities */,
				E7AC02981D7E26660090F8A3 /* Filter */,
				E7AC029A1D7E26660090F8A3 /* Services */,
				E7AC02A01D7E26660090F8A3 /* SessionDetails */,
				E7AC02A31D7E26660090F8A3 /* SessionsSearch */,
				E7AC02A61D7E26660090F8A3 /* WWDCastAssembly.swift */,
				E7AC02A71D7E26660090F8A3 /* WWDCastRouter.swift */,
			);
			path = Protocols;
			sourceTree = "<group>";
		};
		E7AC02941D7E26660090F8A3 /* Entities */ = {
			isa = PBXGroup;
			children = (
				E7AC02951D7E26660090F8A3 /* AppConfig.swift */,
				E7AC02961D7E26660090F8A3 /* EntityBuilder.swift */,
				E7AC02971D7E26660090F8A3 /* Session.swift */,
			);
			path = Entities;
			sourceTree = "<group>";
		};
		E7AC02981D7E26660090F8A3 /* Filter */ = {
			isa = PBXGroup;
			children = (
				E7AC02991D7E26660090F8A3 /* FilterViewModel.swift */,
			);
			path = Filter;
			sourceTree = "<group>";
		};
		E7AC029A1D7E26660090F8A3 /* Services */ = {
			isa = PBXGroup;
			children = (
				E7AC029B1D7E26660090F8A3 /* GoogleCastService.swift */,
				E7AC029C1D7E26660090F8A3 /* NetworkService.swift */,
				E7AC029D1D7E26660090F8A3 /* ReachabilityService.swift */,
				E7AC029E1D7E26660090F8A3 /* SchedulerService.swift */,
				E7AC029F1D7E26660090F8A3 /* ServiceProvider.swift */,
			);
			path = Services;
			sourceTree = "<group>";
		};
		E7AC02A01D7E26660090F8A3 /* SessionDetails */ = {
			isa = PBXGroup;
			children = (
				E7AC02A11D7E26660090F8A3 /* SessionDetailsView.swift */,
				E7AC02A21D7E26660090F8A3 /* SessionDetailsViewModel.swift */,
			);
			path = SessionDetails;
			sourceTree = "<group>";
		};
		E7AC02A31D7E26660090F8A3 /* SessionsSearch */ = {
			isa = PBXGroup;
			children = (
				E7AC02A41D7E26660090F8A3 /* SessionsSearchView.swift */,
				E7AC02A51D7E26660090F8A3 /* SessionsSearchViewModel.swift */,
			);
			path = SessionsSearch;
			sourceTree = "<group>";
		};
		E7D2C6A11D98337700C82153 /* API */ = {
			isa = PBXGroup;
			children = (
				E7D2C6A21D98337700C82153 /* WWDCastAPI.swift */,
			);
			path = API;
			sourceTree = "<group>";
		};
/* End PBXGroup section */

/* Begin PBXNativeTarget section */
		B6F929BA1D2A5DD5009E4B83 /* WWDCast */ = {
			isa = PBXNativeTarget;
			buildConfigurationList = B6F929D81D2A5DD6009E4B83 /* Build configuration list for PBXNativeTarget "WWDCast" */;
			buildPhases = (
				D214ACFBD5C00700D8C35E13 /* [CP] Check Pods Manifest.lock */,
				B6F929B71D2A5DD5009E4B83 /* Sources */,
				B6F929B81D2A5DD5009E4B83 /* Frameworks */,
				B6F929B91D2A5DD5009E4B83 /* Resources */,
				AA720D3C39D46761CAD54C0B /* [CP] Embed Pods Frameworks */,
				DE9F671286CAF4D10C6EC682 /* [CP] Copy Pods Resources */,
			);
			buildRules = (
			);
			dependencies = (
			);
			name = WWDCast;
			productName = WWDCast;
			productReference = B6F929BB1D2A5DD5009E4B83 /* WWDCast.app */;
			productType = "com.apple.product-type.application";
		};
		B6F929CE1D2A5DD6009E4B83 /* WWDCastTests */ = {
			isa = PBXNativeTarget;
			buildConfigurationList = B6F929DB1D2A5DD6009E4B83 /* Build configuration list for PBXNativeTarget "WWDCastTests" */;
			buildPhases = (
				8E3AA1B0C4AD391EF6533174 /* [CP] Check Pods Manifest.lock */,
				B6F929CB1D2A5DD6009E4B83 /* Sources */,
				B6F929CC1D2A5DD6009E4B83 /* Frameworks */,
				B6F929CD1D2A5DD6009E4B83 /* Resources */,
				E5248526D49A453158D9CD89 /* [CP] Embed Pods Frameworks */,
				5242DE3CBC7A13DD7008ECA0 /* [CP] Copy Pods Resources */,
			);
			buildRules = (
			);
			dependencies = (
				B6F929D11D2A5DD6009E4B83 /* PBXTargetDependency */,
			);
			name = WWDCastTests;
			productName = WWDCastTests;
			productReference = B6F929CF1D2A5DD6009E4B83 /* WWDCastTests.xctest */;
			productType = "com.apple.product-type.bundle.unit-test";
		};
/* End PBXNativeTarget section */

/* Begin PBXProject section */
		B6F929B31D2A5DD5009E4B83 /* Project object */ = {
			isa = PBXProject;
			attributes = {
				LastSwiftUpdateCheck = 0730;
				LastUpgradeCheck = 0730;
				ORGANIZATIONNAME = "Maksym Shcheglov";
				TargetAttributes = {
					B6F929BA1D2A5DD5009E4B83 = {
						CreatedOnToolsVersion = 7.3;
						DevelopmentTeam = 76874MD7C6;
					};
					B6F929CE1D2A5DD6009E4B83 = {
						CreatedOnToolsVersion = 7.3;
						TestTargetID = B6F929BA1D2A5DD5009E4B83;
					};
				};
			};
			buildConfigurationList = B6F929B61D2A5DD5009E4B83 /* Build configuration list for PBXProject "WWDCast" */;
			compatibilityVersion = "Xcode 3.2";
			developmentRegion = English;
			hasScannedForEncodings = 0;
			knownRegions = (
				en,
				Base,
			);
			mainGroup = B6F929B21D2A5DD5009E4B83;
			productRefGroup = B6F929BC1D2A5DD5009E4B83 /* Products */;
			projectDirPath = "";
			projectRoot = "";
			targets = (
				B6F929BA1D2A5DD5009E4B83 /* WWDCast */,
				B6F929CE1D2A5DD6009E4B83 /* WWDCastTests */,
			);
		};
/* End PBXProject section */

/* Begin PBXResourcesBuildPhase section */
		B6F929B91D2A5DD5009E4B83 /* Resources */ = {
			isa = PBXResourcesBuildPhase;
			buildActionMask = 2147483647;
			files = (
				5E89B1D61D480B6300E611AC /* SessionDetailsViewController.xib in Resources */,
				E79718091D6080B000C4DD7C /* FilterTableViewCell.xib in Resources */,
				B6F92A1D1D2C0E8A009E4B83 /* SessionTableViewCell.xib in Resources */,
				B6F929EF1D2AB283009E4B83 /* LaunchScreen.storyboard in Resources */,
				5E2680961D2C43440054E90B /* Assets.xcassets in Resources */,
				E79718071D5FB9E900C4DD7C /* FilterViewController.xib in Resources */,
				5EBEEF611D2B15BD007C44E3 /* SessionsSearchViewController.xib in Resources */,
			);
			runOnlyForDeploymentPostprocessing = 0;
		};
		B6F929CD1D2A5DD6009E4B83 /* Resources */ = {
			isa = PBXResourcesBuildPhase;
			buildActionMask = 2147483647;
			files = (
			);
			runOnlyForDeploymentPostprocessing = 0;
		};
/* End PBXResourcesBuildPhase section */

/* Begin PBXShellScriptBuildPhase section */
		5242DE3CBC7A13DD7008ECA0 /* [CP] Copy Pods Resources */ = {
			isa = PBXShellScriptBuildPhase;
			buildActionMask = 2147483647;
			files = (
			);
			inputPaths = (
			);
			name = "[CP] Copy Pods Resources";
			outputPaths = (
			);
			runOnlyForDeploymentPostprocessing = 0;
			shellPath = /bin/sh;
			shellScript = "\"${SRCROOT}/Pods/Target Support Files/Pods-WWDCastTests/Pods-WWDCastTests-resources.sh\"\n";
			showEnvVarsInLog = 0;
		};
		8E3AA1B0C4AD391EF6533174 /* [CP] Check Pods Manifest.lock */ = {
			isa = PBXShellScriptBuildPhase;
			buildActionMask = 2147483647;
			files = (
			);
			inputPaths = (
			);
			name = "[CP] Check Pods Manifest.lock";
			outputPaths = (
			);
			runOnlyForDeploymentPostprocessing = 0;
			shellPath = /bin/sh;
			shellScript = "diff \"${PODS_ROOT}/../Podfile.lock\" \"${PODS_ROOT}/Manifest.lock\" > /dev/null\nif [[ $? != 0 ]] ; then\n    cat << EOM\nerror: The sandbox is not in sync with the Podfile.lock. Run 'pod install' or update your CocoaPods installation.\nEOM\n    exit 1\nfi\n";
			showEnvVarsInLog = 0;
		};
		AA720D3C39D46761CAD54C0B /* [CP] Embed Pods Frameworks */ = {
			isa = PBXShellScriptBuildPhase;
			buildActionMask = 2147483647;
			files = (
			);
			inputPaths = (
			);
			name = "[CP] Embed Pods Frameworks";
			outputPaths = (
			);
			runOnlyForDeploymentPostprocessing = 0;
			shellPath = /bin/sh;
			shellScript = "\"${SRCROOT}/Pods/Target Support Files/Pods-WWDCast/Pods-WWDCast-frameworks.sh\"\n";
			showEnvVarsInLog = 0;
		};
		D214ACFBD5C00700D8C35E13 /* [CP] Check Pods Manifest.lock */ = {
			isa = PBXShellScriptBuildPhase;
			buildActionMask = 2147483647;
			files = (
			);
			inputPaths = (
			);
			name = "[CP] Check Pods Manifest.lock";
			outputPaths = (
			);
			runOnlyForDeploymentPostprocessing = 0;
			shellPath = /bin/sh;
			shellScript = "diff \"${PODS_ROOT}/../Podfile.lock\" \"${PODS_ROOT}/Manifest.lock\" > /dev/null\nif [[ $? != 0 ]] ; then\n    cat << EOM\nerror: The sandbox is not in sync with the Podfile.lock. Run 'pod install' or update your CocoaPods installation.\nEOM\n    exit 1\nfi\n";
			showEnvVarsInLog = 0;
		};
		DE9F671286CAF4D10C6EC682 /* [CP] Copy Pods Resources */ = {
			isa = PBXShellScriptBuildPhase;
			buildActionMask = 2147483647;
			files = (
			);
			inputPaths = (
			);
			name = "[CP] Copy Pods Resources";
			outputPaths = (
			);
			runOnlyForDeploymentPostprocessing = 0;
			shellPath = /bin/sh;
			shellScript = "\"${SRCROOT}/Pods/Target Support Files/Pods-WWDCast/Pods-WWDCast-resources.sh\"\n";
			showEnvVarsInLog = 0;
		};
		E5248526D49A453158D9CD89 /* [CP] Embed Pods Frameworks */ = {
			isa = PBXShellScriptBuildPhase;
			buildActionMask = 2147483647;
			files = (
			);
			inputPaths = (
			);
			name = "[CP] Embed Pods Frameworks";
			outputPaths = (
			);
			runOnlyForDeploymentPostprocessing = 0;
			shellPath = /bin/sh;
			shellScript = "\"${SRCROOT}/Pods/Target Support Files/Pods-WWDCastTests/Pods-WWDCastTests-frameworks.sh\"\n";
			showEnvVarsInLog = 0;
		};
/* End PBXShellScriptBuildPhase section */

/* Begin PBXSourcesBuildPhase section */
		B6F929B71D2A5DD5009E4B83 /* Sources */ = {
			isa = PBXSourcesBuildPhase;
			buildActionMask = 2147483647;
			files = (
				E7AC02B31D7E26660090F8A3 /* FilterViewController.swift in Sources */,
				E7AC02D61D7E26660090F8A3 /* WWDCastRouter.swift in Sources */,
				E7AC02B51D7E26660090F8A3 /* GoogleCastServiceImpl.swift in Sources */,
				B6F929E41D2AB0FC009E4B83 /* AppDelegate.swift in Sources */,
				E7AC02BE1D7E26660090F8A3 /* SessionsSearchViewController.swift in Sources */,
				E7AC02B91D7E26660090F8A3 /* SchedulerServiceImpl.swift in Sources */,
				E7AC02BF1D7E26660090F8A3 /* SessionsSearchViewModelImpl.swift in Sources */,
				E7AC02CB1D7E26660090F8A3 /* FilterViewModel.swift in Sources */,
				E7AC02C21D7E26660090F8A3 /* SessionViewModelBuilder.swift in Sources */,
				E7AC02B81D7E26660090F8A3 /* RxGCKDeviceManagerDelegateProxy.swift in Sources */,
				E7AC02CE1D7E26660090F8A3 /* ReachabilityService.swift in Sources */,
				E7AC02CC1D7E26660090F8A3 /* GoogleCastService.swift in Sources */,
				E7AC02CD1D7E26660090F8A3 /* NetworkService.swift in Sources */,
				E7AC02AC1D7E26660090F8A3 /* UITableViewController+Common.swift in Sources */,
				E7AC02D51D7E26660090F8A3 /* WWDCastAssembly.swift in Sources */,
				E7AC02A91D7E26660090F8A3 /* RxTableViewCell.swift in Sources */,
				E7D2C6A51D98347B00C82153 /* WWDCastAPIImpl.swift in Sources */,
				E7AC02B41D7E26660090F8A3 /* FilterViewModelImpl.swift in Sources */,
				E7D2C6A31D98337700C82153 /* WWDCastAPI.swift in Sources */,
				E7AC02BA1D7E26660090F8A3 /* ServiceProviderImpl.swift in Sources */,
				E7AC02AA1D7E26660090F8A3 /* UIBarButtonItem+Common.swift in Sources */,
				E7AC02D21D7E26660090F8A3 /* SessionDetailsViewModel.swift in Sources */,
				E7AC02C61D7E26660090F8A3 /* WWDCastAssemblyImpl.swift in Sources */,
				E7AC02D31D7E26660090F8A3 /* SessionsSearchView.swift in Sources */,
				E7AC02A81D7E26660090F8A3 /* RxExtensions.swift in Sources */,
				E7AC02CF1D7E26660090F8A3 /* SchedulerService.swift in Sources */,
				E7AC02AB1D7E26660090F8A3 /* UITableView+Common.swift in Sources */,
				E7AC02B11D7E26660090F8A3 /* SessionImpl.swift in Sources */,
				B6F929E61D2AB0FD009E4B83 /* WWDCEnvironment.swift in Sources */,
				E7AC02BC1D7E26660090F8A3 /* SessionDetailsViewModelImpl.swift in Sources */,
				E7AC02AD1D7E26660090F8A3 /* AppConfigImpl.swift in Sources */,
				E7AC02C71D7E26660090F8A3 /* WWDCastRouterImpl.swift in Sources */,
				E7AC02C31D7E26660090F8A3 /* SessionViewModels.swift in Sources */,
				E7AC02C01D7E26660090F8A3 /* SessionTableViewCell.swift in Sources */,
				E7AC02B61D7E26660090F8A3 /* NetworkServiceImpl.swift in Sources */,
				E7AC02AF1D7E26660090F8A3 /* SessionBuilder.swift in Sources */,
				E7AC02D01D7E26660090F8A3 /* ServiceProvider.swift in Sources */,
				E7AC02D11D7E26660090F8A3 /* SessionDetailsView.swift in Sources */,
				E7AC02C41D7E26660090F8A3 /* ActivityIndicator.swift in Sources */,
				E7AC02B21D7E26660090F8A3 /* Filter.swift in Sources */,
				E7AC02D41D7E26660090F8A3 /* SessionsSearchViewModel.swift in Sources */,
				E7AC02CA1D7E26660090F8A3 /* Session.swift in Sources */,
				E7AC02B01D7E26660090F8A3 /* SessionsBuilder.swift in Sources */,
				E7AC02B71D7E26660090F8A3 /* ReachabilityServiceImpl.swift in Sources */,
				E7AC02C11D7E26660090F8A3 /* SessionViewModel.swift in Sources */,
				E7AC02C81D7E26660090F8A3 /* AppConfig.swift in Sources */,
				E7AC02BB1D7E26660090F8A3 /* SessionDetailsViewController.swift in Sources */,
				E7AC02C51D7E26660090F8A3 /* Reachability.swift in Sources */,
				E7AC02C91D7E26660090F8A3 /* EntityBuilder.swift in Sources */,
				E7AC02AE1D7E26660090F8A3 /* AppConfigBuilder.swift in Sources */,
			);
			runOnlyForDeploymentPostprocessing = 0;
		};
		B6F929CB1D2A5DD6009E4B83 /* Sources */ = {
			isa = PBXSourcesBuildPhase;
			buildActionMask = 2147483647;
			files = (
				B6F929EA1D2AB197009E4B83 /* WWDCastTests.swift in Sources */,
			);
			runOnlyForDeploymentPostprocessing = 0;
		};
/* End PBXSourcesBuildPhase section */

/* Begin PBXTargetDependency section */
		B6F929D11D2A5DD6009E4B83 /* PBXTargetDependency */ = {
			isa = PBXTargetDependency;
			target = B6F929BA1D2A5DD5009E4B83 /* WWDCast */;
			targetProxy = B6F929D01D2A5DD6009E4B83 /* PBXContainerItemProxy */;
		};
/* End PBXTargetDependency section */

/* Begin PBXVariantGroup section */
		B6F929EB1D2AB283009E4B83 /* LaunchScreen.storyboard */ = {
			isa = PBXVariantGroup;
			children = (
				B6F929EC1D2AB283009E4B83 /* Base */,
			);
			name = LaunchScreen.storyboard;
			sourceTree = "<group>";
		};
/* End PBXVariantGroup section */

/* Begin XCBuildConfiguration section */
		B6F929D61D2A5DD6009E4B83 /* Debug */ = {
			isa = XCBuildConfiguration;
			buildSettings = {
				ALWAYS_SEARCH_USER_PATHS = NO;
				CLANG_ANALYZER_NONNULL = YES;
				CLANG_CXX_LANGUAGE_STANDARD = "gnu++0x";
				CLANG_CXX_LIBRARY = "libc++";
				CLANG_ENABLE_MODULES = YES;
				CLANG_ENABLE_OBJC_ARC = YES;
				CLANG_WARN_BOOL_CONVERSION = YES;
				CLANG_WARN_CONSTANT_CONVERSION = YES;
				CLANG_WARN_DIRECT_OBJC_ISA_USAGE = YES_ERROR;
				CLANG_WARN_EMPTY_BODY = YES;
				CLANG_WARN_ENUM_CONVERSION = YES;
				CLANG_WARN_INT_CONVERSION = YES;
				CLANG_WARN_OBJC_ROOT_CLASS = YES_ERROR;
				CLANG_WARN_UNREACHABLE_CODE = YES;
				CLANG_WARN__DUPLICATE_METHOD_MATCH = YES;
				CODE_SIGN_IDENTITY = "";
				"CODE_SIGN_IDENTITY[sdk=iphoneos*]" = "";
				COPY_PHASE_STRIP = NO;
				DEBUG_INFORMATION_FORMAT = dwarf;
				ENABLE_STRICT_OBJC_MSGSEND = YES;
				ENABLE_TESTABILITY = YES;
				GCC_C_LANGUAGE_STANDARD = gnu99;
				GCC_DYNAMIC_NO_PIC = NO;
				GCC_NO_COMMON_BLOCKS = YES;
				GCC_OPTIMIZATION_LEVEL = 0;
				GCC_PREPROCESSOR_DEFINITIONS = (
					"DEBUG=1",
					"$(inherited)",
				);
				GCC_WARN_64_TO_32_BIT_CONVERSION = YES;
				GCC_WARN_ABOUT_RETURN_TYPE = YES_ERROR;
				GCC_WARN_UNDECLARED_SELECTOR = YES;
				GCC_WARN_UNINITIALIZED_AUTOS = YES_AGGRESSIVE;
				GCC_WARN_UNUSED_FUNCTION = YES;
				GCC_WARN_UNUSED_VARIABLE = YES;
				IPHONEOS_DEPLOYMENT_TARGET = 9.3;
				MTL_ENABLE_DEBUG_INFO = YES;
				ONLY_ACTIVE_ARCH = YES;
				PROVISIONING_PROFILE = "";
				SDKROOT = iphoneos;
				SWIFT_OPTIMIZATION_LEVEL = "-Onone";
			};
			name = Debug;
		};
		B6F929D71D2A5DD6009E4B83 /* Release */ = {
			isa = XCBuildConfiguration;
			buildSettings = {
				ALWAYS_SEARCH_USER_PATHS = NO;
				CLANG_ANALYZER_NONNULL = YES;
				CLANG_CXX_LANGUAGE_STANDARD = "gnu++0x";
				CLANG_CXX_LIBRARY = "libc++";
				CLANG_ENABLE_MODULES = YES;
				CLANG_ENABLE_OBJC_ARC = YES;
				CLANG_WARN_BOOL_CONVERSION = YES;
				CLANG_WARN_CONSTANT_CONVERSION = YES;
				CLANG_WARN_DIRECT_OBJC_ISA_USAGE = YES_ERROR;
				CLANG_WARN_EMPTY_BODY = YES;
				CLANG_WARN_ENUM_CONVERSION = YES;
				CLANG_WARN_INT_CONVERSION = YES;
				CLANG_WARN_OBJC_ROOT_CLASS = YES_ERROR;
				CLANG_WARN_UNREACHABLE_CODE = YES;
				CLANG_WARN__DUPLICATE_METHOD_MATCH = YES;
				CODE_SIGN_IDENTITY = "";
				"CODE_SIGN_IDENTITY[sdk=iphoneos*]" = "";
				COPY_PHASE_STRIP = NO;
				DEBUG_INFORMATION_FORMAT = "dwarf-with-dsym";
				ENABLE_NS_ASSERTIONS = NO;
				ENABLE_STRICT_OBJC_MSGSEND = YES;
				GCC_C_LANGUAGE_STANDARD = gnu99;
				GCC_NO_COMMON_BLOCKS = YES;
				GCC_WARN_64_TO_32_BIT_CONVERSION = YES;
				GCC_WARN_ABOUT_RETURN_TYPE = YES_ERROR;
				GCC_WARN_UNDECLARED_SELECTOR = YES;
				GCC_WARN_UNINITIALIZED_AUTOS = YES_AGGRESSIVE;
				GCC_WARN_UNUSED_FUNCTION = YES;
				GCC_WARN_UNUSED_VARIABLE = YES;
				IPHONEOS_DEPLOYMENT_TARGET = 9.3;
				MTL_ENABLE_DEBUG_INFO = NO;
				PROVISIONING_PROFILE = "";
				SDKROOT = iphoneos;
				VALIDATE_PRODUCT = YES;
			};
			name = Release;
		};
		B6F929D91D2A5DD6009E4B83 /* Debug */ = {
			isa = XCBuildConfiguration;
			baseConfigurationReference = EF0C2C23293FE3B813CE8E29 /* Pods-WWDCast.debug.xcconfig */;
			buildSettings = {
				ASSETCATALOG_COMPILER_APPICON_NAME = AppIcon;
				CODE_SIGN_IDENTITY = "iPhone Developer";
				"CODE_SIGN_IDENTITY[sdk=iphoneos*]" = "iPhone Developer";
				INFOPLIST_FILE = Resources/Info.plist;
				LD_RUNPATH_SEARCH_PATHS = "$(inherited) @executable_path/Frameworks";
				PRODUCT_BUNDLE_IDENTIFIER = com.mshcheglov.WWDCast;
				PRODUCT_NAME = "$(TARGET_NAME)";
				PROVISIONING_PROFILE = "";
			};
			name = Debug;
		};
		B6F929DA1D2A5DD6009E4B83 /* Release */ = {
			isa = XCBuildConfiguration;
			baseConfigurationReference = 081F76A23C03510729799A91 /* Pods-WWDCast.release.xcconfig */;
			buildSettings = {
				ASSETCATALOG_COMPILER_APPICON_NAME = AppIcon;
				CODE_SIGN_IDENTITY = "iPhone Developer";
				"CODE_SIGN_IDENTITY[sdk=iphoneos*]" = "iPhone Developer";
				INFOPLIST_FILE = Resources/Info.plist;
				LD_RUNPATH_SEARCH_PATHS = "$(inherited) @executable_path/Frameworks";
				PRODUCT_BUNDLE_IDENTIFIER = com.mshcheglov.WWDCast;
				PRODUCT_NAME = "$(TARGET_NAME)";
				PROVISIONING_PROFILE = "";
			};
			name = Release;
		};
		B6F929DC1D2A5DD6009E4B83 /* Debug */ = {
			isa = XCBuildConfiguration;
			baseConfigurationReference = 218FDCB7EB2025EE42E172F6 /* Pods-WWDCastTests.debug.xcconfig */;
			buildSettings = {
				BUNDLE_LOADER = "$(TEST_HOST)";
				INFOPLIST_FILE = WWDCastTests/Info.plist;
				LD_RUNPATH_SEARCH_PATHS = "$(inherited) @executable_path/Frameworks @loader_path/Frameworks";
				PRODUCT_BUNDLE_IDENTIFIER = com.mshcheglov.WWDCastTests;
				PRODUCT_NAME = "$(TARGET_NAME)";
				TEST_HOST = "$(BUILT_PRODUCTS_DIR)/WWDCast.app/WWDCast";
			};
			name = Debug;
		};
		B6F929DD1D2A5DD6009E4B83 /* Release */ = {
			isa = XCBuildConfiguration;
			baseConfigurationReference = 4A6EBFABAC79034FF2973338 /* Pods-WWDCastTests.release.xcconfig */;
			buildSettings = {
				BUNDLE_LOADER = "$(TEST_HOST)";
				INFOPLIST_FILE = WWDCastTests/Info.plist;
				LD_RUNPATH_SEARCH_PATHS = "$(inherited) @executable_path/Frameworks @loader_path/Frameworks";
				PRODUCT_BUNDLE_IDENTIFIER = com.mshcheglov.WWDCastTests;
				PRODUCT_NAME = "$(TARGET_NAME)";
				TEST_HOST = "$(BUILT_PRODUCTS_DIR)/WWDCast.app/WWDCast";
			};
			name = Release;
		};
/* End XCBuildConfiguration section */

/* Begin XCConfigurationList section */
		B6F929B61D2A5DD5009E4B83 /* Build configuration list for PBXProject "WWDCast" */ = {
			isa = XCConfigurationList;
			buildConfigurations = (
				B6F929D61D2A5DD6009E4B83 /* Debug */,
				B6F929D71D2A5DD6009E4B83 /* Release */,
			);
			defaultConfigurationIsVisible = 0;
			defaultConfigurationName = Release;
		};
		B6F929D81D2A5DD6009E4B83 /* Build configuration list for PBXNativeTarget "WWDCast" */ = {
			isa = XCConfigurationList;
			buildConfigurations = (
				B6F929D91D2A5DD6009E4B83 /* Debug */,
				B6F929DA1D2A5DD6009E4B83 /* Release */,
			);
			defaultConfigurationIsVisible = 0;
			defaultConfigurationName = Release;
		};
		B6F929DB1D2A5DD6009E4B83 /* Build configuration list for PBXNativeTarget "WWDCastTests" */ = {
			isa = XCConfigurationList;
			buildConfigurations = (
				B6F929DC1D2A5DD6009E4B83 /* Debug */,
				B6F929DD1D2A5DD6009E4B83 /* Release */,
			);
			defaultConfigurationIsVisible = 0;
			defaultConfigurationName = Release;
		};
/* End XCConfigurationList section */
	};
	rootObject = B6F929B31D2A5DD5009E4B83 /* Project object */;
}
