// !$*UTF8*$!
{
	archiveVersion = 1;
	classes = {
	};
	objectVersion = 46;
	objects = {

/* Begin PBXBuildFile section */
		5E2680961D2C43440054E90B /* Assets.xcassets in Resources */ = {isa = PBXBuildFile; fileRef = 5E2680951D2C43440054E90B /* Assets.xcassets */; };
		5E2680991D2D98AE0054E90B /* SessionDetailsViewController.swift in Sources */ = {isa = PBXBuildFile; fileRef = 5E2680981D2D98AE0054E90B /* SessionDetailsViewController.swift */; };
		5E26809B1D2D98C60054E90B /* SessionDetailsViewModelImpl.swift in Sources */ = {isa = PBXBuildFile; fileRef = 5E26809A1D2D98C60054E90B /* SessionDetailsViewModelImpl.swift */; };
		5E26809D1D2D98D10054E90B /* SessionDetailsInteractorImpl.swift in Sources */ = {isa = PBXBuildFile; fileRef = 5E26809C1D2D98D10054E90B /* SessionDetailsInteractorImpl.swift */; };
		5E26809F1D2D99E60054E90B /* WWDCastAssembly.swift in Sources */ = {isa = PBXBuildFile; fileRef = 5E26809E1D2D99E60054E90B /* WWDCastAssembly.swift */; };
		5E2680A11D2D9A130054E90B /* WWDCastAssemblyImpl.swift in Sources */ = {isa = PBXBuildFile; fileRef = 5E2680A01D2D9A130054E90B /* WWDCastAssemblyImpl.swift */; };
		5E2680A41D2D9BC90054E90B /* SessionDetailsView.swift in Sources */ = {isa = PBXBuildFile; fileRef = 5E2680A31D2D9BC90054E90B /* SessionDetailsView.swift */; };
		5E2680A81D2D9BDD0054E90B /* SessionDetailsInteractor.swift in Sources */ = {isa = PBXBuildFile; fileRef = 5E2680A71D2D9BDD0054E90B /* SessionDetailsInteractor.swift */; };
		5E3C4A9E1D52868A002D1145 /* UIBarButtonItem+Common.swift in Sources */ = {isa = PBXBuildFile; fileRef = 5E3C4A9D1D52868A002D1145 /* UIBarButtonItem+Common.swift */; };
		5E4EA1E11D3155970097C2FB /* ServiceProvider.swift in Sources */ = {isa = PBXBuildFile; fileRef = 5E4EA1E01D3155970097C2FB /* ServiceProvider.swift */; };
		5E4EA1E31D3156AD0097C2FB /* ReachabilityService.swift in Sources */ = {isa = PBXBuildFile; fileRef = 5E4EA1E21D3156AD0097C2FB /* ReachabilityService.swift */; };
		5E4EA1E51D315A640097C2FB /* ReachabilityServiceImpl.swift in Sources */ = {isa = PBXBuildFile; fileRef = 5E4EA1E41D315A640097C2FB /* ReachabilityServiceImpl.swift */; };
		5E4EA1E91D315C580097C2FB /* SchedulerService.swift in Sources */ = {isa = PBXBuildFile; fileRef = 5E4EA1E81D315C580097C2FB /* SchedulerService.swift */; };
		5E4EA1EB1D315D4D0097C2FB /* SchedulerServiceImpl.swift in Sources */ = {isa = PBXBuildFile; fileRef = 5E4EA1EA1D315D4D0097C2FB /* SchedulerServiceImpl.swift */; };
		5E4EA1ED1D315F070097C2FB /* ServiceProviderImpl.swift in Sources */ = {isa = PBXBuildFile; fileRef = 5E4EA1EC1D315F070097C2FB /* ServiceProviderImpl.swift */; };
		5E4EA1EF1D3160DF0097C2FB /* NetworkService.swift in Sources */ = {isa = PBXBuildFile; fileRef = 5E4EA1EE1D3160DF0097C2FB /* NetworkService.swift */; };
		5E4EA1F11D3160F40097C2FB /* NetworkServiceImpl.swift in Sources */ = {isa = PBXBuildFile; fileRef = 5E4EA1F01D3160F40097C2FB /* NetworkServiceImpl.swift */; };
		5E4EA1F51D31791F0097C2FB /* GoogleCastService.swift in Sources */ = {isa = PBXBuildFile; fileRef = 5E4EA1F41D31791F0097C2FB /* GoogleCastService.swift */; };
		5E4EA1F71D3179460097C2FB /* GoogleCastServiceImpl.swift in Sources */ = {isa = PBXBuildFile; fileRef = 5E4EA1F61D3179460097C2FB /* GoogleCastServiceImpl.swift */; };
		5E4EA1F91D32870C0097C2FB /* SessionViewModels.swift in Sources */ = {isa = PBXBuildFile; fileRef = 5E4EA1F81D32870C0097C2FB /* SessionViewModels.swift */; };
		5E89B1D61D480B6300E611AC /* SessionDetailsViewController.xib in Resources */ = {isa = PBXBuildFile; fileRef = 5E89B1D51D480B6300E611AC /* SessionDetailsViewController.xib */; };
		5EBEEF511D2B0AEA007C44E3 /* AppConfig.swift in Sources */ = {isa = PBXBuildFile; fileRef = 5EBEEF501D2B0AEA007C44E3 /* AppConfig.swift */; };
		5EBEEF541D2B0B42007C44E3 /* AppConfigImpl.swift in Sources */ = {isa = PBXBuildFile; fileRef = 5EBEEF531D2B0B42007C44E3 /* AppConfigImpl.swift */; };
		5EBEEF561D2B0B5B007C44E3 /* Session.swift in Sources */ = {isa = PBXBuildFile; fileRef = 5EBEEF551D2B0B5B007C44E3 /* Session.swift */; };
		5EBEEF581D2B0B87007C44E3 /* SessionImpl.swift in Sources */ = {isa = PBXBuildFile; fileRef = 5EBEEF571D2B0B87007C44E3 /* SessionImpl.swift */; };
		5EBEEF5A1D2B0BB4007C44E3 /* EntityBuilder.swift in Sources */ = {isa = PBXBuildFile; fileRef = 5EBEEF591D2B0BB4007C44E3 /* EntityBuilder.swift */; };
		5EBEEF5D1D2B0BEA007C44E3 /* AppConfigBuilder.swift in Sources */ = {isa = PBXBuildFile; fileRef = 5EBEEF5C1D2B0BEA007C44E3 /* AppConfigBuilder.swift */; };
		5EBEEF5F1D2B0C3F007C44E3 /* SessionBuilder.swift in Sources */ = {isa = PBXBuildFile; fileRef = 5EBEEF5E1D2B0C3F007C44E3 /* SessionBuilder.swift */; };
		5EBEEF611D2B15BD007C44E3 /* SessionsSearchViewController.xib in Resources */ = {isa = PBXBuildFile; fileRef = 5EBEEF601D2B15BD007C44E3 /* SessionsSearchViewController.xib */; };
		5EBEEF641D2B1C6A007C44E3 /* SessionViewModel.swift in Sources */ = {isa = PBXBuildFile; fileRef = 5EBEEF631D2B1C6A007C44E3 /* SessionViewModel.swift */; };
		5EBEEF661D2C24EF007C44E3 /* SessionsBuilder.swift in Sources */ = {isa = PBXBuildFile; fileRef = 5EBEEF651D2C24EF007C44E3 /* SessionsBuilder.swift */; };
		793BE38BE046FD3EF8742CF9 /* Pods_WWDCastTests.framework in Frameworks */ = {isa = PBXBuildFile; fileRef = BBEA79B51C963F813BC71C0B /* Pods_WWDCastTests.framework */; };
		9E8282ED357ECD3D75624DDB /* Pods_WWDCast.framework in Frameworks */ = {isa = PBXBuildFile; fileRef = 057956E721FFC946DFA1FC83 /* Pods_WWDCast.framework */; };
		B645F3381D491893002A40C1 /* SessionViewModelBuilder.swift in Sources */ = {isa = PBXBuildFile; fileRef = B645F3371D491893002A40C1 /* SessionViewModelBuilder.swift */; };
		B6F929E41D2AB0FC009E4B83 /* AppDelegate.swift in Sources */ = {isa = PBXBuildFile; fileRef = B6F929E11D2AB0FC009E4B83 /* AppDelegate.swift */; };
		B6F929E61D2AB0FD009E4B83 /* WWDCEnvironment.swift in Sources */ = {isa = PBXBuildFile; fileRef = B6F929E31D2AB0FC009E4B83 /* WWDCEnvironment.swift */; };
		B6F929EA1D2AB197009E4B83 /* WWDCastTests.swift in Sources */ = {isa = PBXBuildFile; fileRef = B6F929E81D2AB111009E4B83 /* WWDCastTests.swift */; };
		B6F929EF1D2AB283009E4B83 /* LaunchScreen.storyboard in Resources */ = {isa = PBXBuildFile; fileRef = B6F929EB1D2AB283009E4B83 /* LaunchScreen.storyboard */; };
		B6F929F51D2AB562009E4B83 /* SessionsSearchPresenterImpl.swift in Sources */ = {isa = PBXBuildFile; fileRef = B6F929F41D2AB562009E4B83 /* SessionsSearchPresenterImpl.swift */; };
		B6F929F71D2AB58A009E4B83 /* SessionsSearchInteractorImpl.swift in Sources */ = {isa = PBXBuildFile; fileRef = B6F929F61D2AB58A009E4B83 /* SessionsSearchInteractorImpl.swift */; };
		B6F929FA1D2AB5E3009E4B83 /* SessionsSearchPresenter.swift in Sources */ = {isa = PBXBuildFile; fileRef = B6F929F91D2AB5E3009E4B83 /* SessionsSearchPresenter.swift */; };
		B6F929FC1D2AB5EB009E4B83 /* SessionsSearchInteractor.swift in Sources */ = {isa = PBXBuildFile; fileRef = B6F929FB1D2AB5EB009E4B83 /* SessionsSearchInteractor.swift */; };
		B6F929FE1D2AB5F8009E4B83 /* SessionsSearchView.swift in Sources */ = {isa = PBXBuildFile; fileRef = B6F929FD1D2AB5F8009E4B83 /* SessionsSearchView.swift */; };
		B6F92A001D2AB713009E4B83 /* SessionsSearchViewController.swift in Sources */ = {isa = PBXBuildFile; fileRef = B6F929FF1D2AB713009E4B83 /* SessionsSearchViewController.swift */; };
		B6F92A071D2C00F1009E4B83 /* SessionTableViewCell.swift in Sources */ = {isa = PBXBuildFile; fileRef = B6F92A061D2C00F1009E4B83 /* SessionTableViewCell.swift */; };
		B6F92A181D2C0E7E009E4B83 /* RxExtensions.swift in Sources */ = {isa = PBXBuildFile; fileRef = B6F92A141D2C0E7E009E4B83 /* RxExtensions.swift */; };
		B6F92A191D2C0E7E009E4B83 /* RxTableViewCell.swift in Sources */ = {isa = PBXBuildFile; fileRef = B6F92A151D2C0E7E009E4B83 /* RxTableViewCell.swift */; };
		B6F92A1A1D2C0E7E009E4B83 /* UITableView+Common.swift in Sources */ = {isa = PBXBuildFile; fileRef = B6F92A161D2C0E7E009E4B83 /* UITableView+Common.swift */; };
		B6F92A1B1D2C0E7E009E4B83 /* UITableViewController+Common.swift in Sources */ = {isa = PBXBuildFile; fileRef = B6F92A171D2C0E7E009E4B83 /* UITableViewController+Common.swift */; };
		B6F92A1D1D2C0E8A009E4B83 /* SessionTableViewCell.xib in Resources */ = {isa = PBXBuildFile; fileRef = B6F92A1C1D2C0E8A009E4B83 /* SessionTableViewCell.xib */; };
		E7412AD01D60C12000B925A5 /* FilterViewModelImpl.swift in Sources */ = {isa = PBXBuildFile; fileRef = E7412ACF1D60C12000B925A5 /* FilterViewModelImpl.swift */; };
		E7412AD21D60C1C200B925A5 /* Filter.swift in Sources */ = {isa = PBXBuildFile; fileRef = E7412AD11D60C1C200B925A5 /* Filter.swift */; };
		E79717F21D5F5A5100C4DD7C /* RxGCKDeviceManagerDelegateProxy.swift in Sources */ = {isa = PBXBuildFile; fileRef = E79717F11D5F5A5100C4DD7C /* RxGCKDeviceManagerDelegateProxy.swift */; };
		E79717F41D5F76B800C4DD7C /* WWDCastRouter.swift in Sources */ = {isa = PBXBuildFile; fileRef = E79717F31D5F76B800C4DD7C /* WWDCastRouter.swift */; };
		E79717F61D5F76BD00C4DD7C /* WWDCastRouterImpl.swift in Sources */ = {isa = PBXBuildFile; fileRef = E79717F51D5F76BD00C4DD7C /* WWDCastRouterImpl.swift */; };
		E79718031D5FB60600C4DD7C /* FilterViewController.swift in Sources */ = {isa = PBXBuildFile; fileRef = E79718021D5FB60600C4DD7C /* FilterViewController.swift */; };
		E79718071D5FB9E900C4DD7C /* FilterViewController.xib in Resources */ = {isa = PBXBuildFile; fileRef = E79718061D5FB9E900C4DD7C /* FilterViewController.xib */; };
		E79718091D6080B000C4DD7C /* FilterTableViewCell.xib in Resources */ = {isa = PBXBuildFile; fileRef = E79718081D6080B000C4DD7C /* FilterTableViewCell.xib */; };
		E7AAA2CA1D7782E40034D07A /* Reachability.swift in Sources */ = {isa = PBXBuildFile; fileRef = E7AAA2C91D7782E40034D07A /* Reachability.swift */; };
		E7AAA2CC1D77885D0034D07A /* ActivityIndicator.swift in Sources */ = {isa = PBXBuildFile; fileRef = E7AAA2CB1D77885D0034D07A /* ActivityIndicator.swift */; };
		E7CC01E61D732306001A37C6 /* SessionDetailsViewModel.swift in Sources */ = {isa = PBXBuildFile; fileRef = E7CC01E51D732306001A37C6 /* SessionDetailsViewModel.swift */; };
		E7CC01E81D732320001A37C6 /* FilterViewModel.swift in Sources */ = {isa = PBXBuildFile; fileRef = E7CC01E71D732320001A37C6 /* FilterViewModel.swift */; };
/* End PBXBuildFile section */

/* Begin PBXContainerItemProxy section */
		B6F929D01D2A5DD6009E4B83 /* PBXContainerItemProxy */ = {
			isa = PBXContainerItemProxy;
			containerPortal = B6F929B31D2A5DD5009E4B83 /* Project object */;
			proxyType = 1;
			remoteGlobalIDString = B6F929BA1D2A5DD5009E4B83;
			remoteInfo = WWDCast;
		};
/* End PBXContainerItemProxy section */

/* Begin PBXFileReference section */
		057956E721FFC946DFA1FC83 /* Pods_WWDCast.framework */ = {isa = PBXFileReference; explicitFileType = wrapper.framework; includeInIndex = 0; path = Pods_WWDCast.framework; sourceTree = BUILT_PRODUCTS_DIR; };
		081F76A23C03510729799A91 /* Pods-WWDCast.release.xcconfig */ = {isa = PBXFileReference; includeInIndex = 1; lastKnownFileType = text.xcconfig; name = "Pods-WWDCast.release.xcconfig"; path = "Pods/Target Support Files/Pods-WWDCast/Pods-WWDCast.release.xcconfig"; sourceTree = "<group>"; };
		218FDCB7EB2025EE42E172F6 /* Pods-WWDCastTests.debug.xcconfig */ = {isa = PBXFileReference; includeInIndex = 1; lastKnownFileType = text.xcconfig; name = "Pods-WWDCastTests.debug.xcconfig"; path = "Pods/Target Support Files/Pods-WWDCastTests/Pods-WWDCastTests.debug.xcconfig"; sourceTree = "<group>"; };
		4A6EBFABAC79034FF2973338 /* Pods-WWDCastTests.release.xcconfig */ = {isa = PBXFileReference; includeInIndex = 1; lastKnownFileType = text.xcconfig; name = "Pods-WWDCastTests.release.xcconfig"; path = "Pods/Target Support Files/Pods-WWDCastTests/Pods-WWDCastTests.release.xcconfig"; sourceTree = "<group>"; };
		5E2680951D2C43440054E90B /* Assets.xcassets */ = {isa = PBXFileReference; lastKnownFileType = folder.assetcatalog; name = Assets.xcassets; path = Resources/Assets.xcassets; sourceTree = SOURCE_ROOT; };
		5E2680981D2D98AE0054E90B /* SessionDetailsViewController.swift */ = {isa = PBXFileReference; fileEncoding = 4; lastKnownFileType = sourcecode.swift; path = SessionDetailsViewController.swift; sourceTree = "<group>"; };
		5E26809A1D2D98C60054E90B /* SessionDetailsViewModelImpl.swift */ = {isa = PBXFileReference; fileEncoding = 4; lastKnownFileType = sourcecode.swift; path = SessionDetailsViewModelImpl.swift; sourceTree = "<group>"; };
		5E26809C1D2D98D10054E90B /* SessionDetailsInteractorImpl.swift */ = {isa = PBXFileReference; fileEncoding = 4; lastKnownFileType = sourcecode.swift; path = SessionDetailsInteractorImpl.swift; sourceTree = "<group>"; };
		5E26809E1D2D99E60054E90B /* WWDCastAssembly.swift */ = {isa = PBXFileReference; fileEncoding = 4; lastKnownFileType = sourcecode.swift; path = WWDCastAssembly.swift; sourceTree = "<group>"; };
		5E2680A01D2D9A130054E90B /* WWDCastAssemblyImpl.swift */ = {isa = PBXFileReference; fileEncoding = 4; lastKnownFileType = sourcecode.swift; path = WWDCastAssemblyImpl.swift; sourceTree = "<group>"; };
		5E2680A31D2D9BC90054E90B /* SessionDetailsView.swift */ = {isa = PBXFileReference; fileEncoding = 4; lastKnownFileType = sourcecode.swift; path = SessionDetailsView.swift; sourceTree = "<group>"; };
		5E2680A71D2D9BDD0054E90B /* SessionDetailsInteractor.swift */ = {isa = PBXFileReference; fileEncoding = 4; lastKnownFileType = sourcecode.swift; path = SessionDetailsInteractor.swift; sourceTree = "<group>"; };
		5E3C4A9D1D52868A002D1145 /* UIBarButtonItem+Common.swift */ = {isa = PBXFileReference; fileEncoding = 4; lastKnownFileType = sourcecode.swift; path = "UIBarButtonItem+Common.swift"; sourceTree = "<group>"; };
		5E4EA1E01D3155970097C2FB /* ServiceProvider.swift */ = {isa = PBXFileReference; fileEncoding = 4; lastKnownFileType = sourcecode.swift; path = ServiceProvider.swift; sourceTree = "<group>"; };
		5E4EA1E21D3156AD0097C2FB /* ReachabilityService.swift */ = {isa = PBXFileReference; fileEncoding = 4; lastKnownFileType = sourcecode.swift; path = ReachabilityService.swift; sourceTree = "<group>"; };
		5E4EA1E41D315A640097C2FB /* ReachabilityServiceImpl.swift */ = {isa = PBXFileReference; fileEncoding = 4; lastKnownFileType = sourcecode.swift; path = ReachabilityServiceImpl.swift; sourceTree = "<group>"; };
		5E4EA1E81D315C580097C2FB /* SchedulerService.swift */ = {isa = PBXFileReference; fileEncoding = 4; lastKnownFileType = sourcecode.swift; path = SchedulerService.swift; sourceTree = "<group>"; };
		5E4EA1EA1D315D4D0097C2FB /* SchedulerServiceImpl.swift */ = {isa = PBXFileReference; fileEncoding = 4; lastKnownFileType = sourcecode.swift; path = SchedulerServiceImpl.swift; sourceTree = "<group>"; };
		5E4EA1EC1D315F070097C2FB /* ServiceProviderImpl.swift */ = {isa = PBXFileReference; fileEncoding = 4; lastKnownFileType = sourcecode.swift; path = ServiceProviderImpl.swift; sourceTree = "<group>"; };
		5E4EA1EE1D3160DF0097C2FB /* NetworkService.swift */ = {isa = PBXFileReference; fileEncoding = 4; lastKnownFileType = sourcecode.swift; path = NetworkService.swift; sourceTree = "<group>"; };
		5E4EA1F01D3160F40097C2FB /* NetworkServiceImpl.swift */ = {isa = PBXFileReference; fileEncoding = 4; lastKnownFileType = sourcecode.swift; path = NetworkServiceImpl.swift; sourceTree = "<group>"; };
		5E4EA1F41D31791F0097C2FB /* GoogleCastService.swift */ = {isa = PBXFileReference; fileEncoding = 4; lastKnownFileType = sourcecode.swift; path = GoogleCastService.swift; sourceTree = "<group>"; };
		5E4EA1F61D3179460097C2FB /* GoogleCastServiceImpl.swift */ = {isa = PBXFileReference; fileEncoding = 4; lastKnownFileType = sourcecode.swift; path = GoogleCastServiceImpl.swift; sourceTree = "<group>"; };
		5E4EA1F81D32870C0097C2FB /* SessionViewModels.swift */ = {isa = PBXFileReference; fileEncoding = 4; lastKnownFileType = sourcecode.swift; path = SessionViewModels.swift; sourceTree = "<group>"; };
		5E89B1D51D480B6300E611AC /* SessionDetailsViewController.xib */ = {isa = PBXFileReference; fileEncoding = 4; lastKnownFileType = file.xib; name = SessionDetailsViewController.xib; path = Resources/SessionDetailsViewController.xib; sourceTree = SOURCE_ROOT; };
		5EBEEF501D2B0AEA007C44E3 /* AppConfig.swift */ = {isa = PBXFileReference; fileEncoding = 4; lastKnownFileType = sourcecode.swift; path = AppConfig.swift; sourceTree = "<group>"; };
		5EBEEF531D2B0B42007C44E3 /* AppConfigImpl.swift */ = {isa = PBXFileReference; fileEncoding = 4; lastKnownFileType = sourcecode.swift; path = AppConfigImpl.swift; sourceTree = "<group>"; };
		5EBEEF551D2B0B5B007C44E3 /* Session.swift */ = {isa = PBXFileReference; fileEncoding = 4; lastKnownFileType = sourcecode.swift; path = Session.swift; sourceTree = "<group>"; };
		5EBEEF571D2B0B87007C44E3 /* SessionImpl.swift */ = {isa = PBXFileReference; fileEncoding = 4; lastKnownFileType = sourcecode.swift; path = SessionImpl.swift; sourceTree = "<group>"; };
		5EBEEF591D2B0BB4007C44E3 /* EntityBuilder.swift */ = {isa = PBXFileReference; fileEncoding = 4; lastKnownFileType = sourcecode.swift; path = EntityBuilder.swift; sourceTree = "<group>"; };
		5EBEEF5C1D2B0BEA007C44E3 /* AppConfigBuilder.swift */ = {isa = PBXFileReference; fileEncoding = 4; lastKnownFileType = sourcecode.swift; path = AppConfigBuilder.swift; sourceTree = "<group>"; };
		5EBEEF5E1D2B0C3F007C44E3 /* SessionBuilder.swift */ = {isa = PBXFileReference; fileEncoding = 4; lastKnownFileType = sourcecode.swift; path = SessionBuilder.swift; sourceTree = "<group>"; };
		5EBEEF601D2B15BD007C44E3 /* SessionsSearchViewController.xib */ = {isa = PBXFileReference; fileEncoding = 4; lastKnownFileType = file.xib; name = SessionsSearchViewController.xib; path = Resources/SessionsSearchViewController.xib; sourceTree = SOURCE_ROOT; };
		5EBEEF631D2B1C6A007C44E3 /* SessionViewModel.swift */ = {isa = PBXFileReference; fileEncoding = 4; lastKnownFileType = sourcecode.swift; path = SessionViewModel.swift; sourceTree = "<group>"; };
		5EBEEF651D2C24EF007C44E3 /* SessionsBuilder.swift */ = {isa = PBXFileReference; fileEncoding = 4; lastKnownFileType = sourcecode.swift; path = SessionsBuilder.swift; sourceTree = "<group>"; };
		B645F3371D491893002A40C1 /* SessionViewModelBuilder.swift */ = {isa = PBXFileReference; fileEncoding = 4; lastKnownFileType = sourcecode.swift; path = SessionViewModelBuilder.swift; sourceTree = "<group>"; };
		B6F929BB1D2A5DD5009E4B83 /* WWDCast.app */ = {isa = PBXFileReference; explicitFileType = wrapper.application; includeInIndex = 0; path = WWDCast.app; sourceTree = BUILT_PRODUCTS_DIR; };
		B6F929CA1D2A5DD5009E4B83 /* Info.plist */ = {isa = PBXFileReference; lastKnownFileType = text.plist; name = Info.plist; path = Resources/Info.plist; sourceTree = "<group>"; };
		B6F929CF1D2A5DD6009E4B83 /* WWDCastTests.xctest */ = {isa = PBXFileReference; explicitFileType = wrapper.cfbundle; includeInIndex = 0; path = WWDCastTests.xctest; sourceTree = BUILT_PRODUCTS_DIR; };
		B6F929D51D2A5DD6009E4B83 /* Info.plist */ = {isa = PBXFileReference; lastKnownFileType = text.plist.xml; path = Info.plist; sourceTree = "<group>"; };
		B6F929E11D2AB0FC009E4B83 /* AppDelegate.swift */ = {isa = PBXFileReference; fileEncoding = 4; lastKnownFileType = sourcecode.swift; path = AppDelegate.swift; sourceTree = "<group>"; };
		B6F929E31D2AB0FC009E4B83 /* WWDCEnvironment.swift */ = {isa = PBXFileReference; fileEncoding = 4; lastKnownFileType = sourcecode.swift; path = WWDCEnvironment.swift; sourceTree = "<group>"; };
		B6F929E81D2AB111009E4B83 /* WWDCastTests.swift */ = {isa = PBXFileReference; fileEncoding = 4; lastKnownFileType = sourcecode.swift; path = WWDCastTests.swift; sourceTree = "<group>"; };
		B6F929EC1D2AB283009E4B83 /* Base */ = {isa = PBXFileReference; lastKnownFileType = file.storyboard; name = Base; path = Resources/Base.lproj/LaunchScreen.storyboard; sourceTree = SOURCE_ROOT; };
		B6F929F41D2AB562009E4B83 /* SessionsSearchPresenterImpl.swift */ = {isa = PBXFileReference; fileEncoding = 4; lastKnownFileType = sourcecode.swift; path = SessionsSearchPresenterImpl.swift; sourceTree = "<group>"; };
		B6F929F61D2AB58A009E4B83 /* SessionsSearchInteractorImpl.swift */ = {isa = PBXFileReference; fileEncoding = 4; lastKnownFileType = sourcecode.swift; path = SessionsSearchInteractorImpl.swift; sourceTree = "<group>"; };
		B6F929F91D2AB5E3009E4B83 /* SessionsSearchPresenter.swift */ = {isa = PBXFileReference; fileEncoding = 4; lastKnownFileType = sourcecode.swift; path = SessionsSearchPresenter.swift; sourceTree = "<group>"; };
		B6F929FB1D2AB5EB009E4B83 /* SessionsSearchInteractor.swift */ = {isa = PBXFileReference; fileEncoding = 4; lastKnownFileType = sourcecode.swift; path = SessionsSearchInteractor.swift; sourceTree = "<group>"; };
		B6F929FD1D2AB5F8009E4B83 /* SessionsSearchView.swift */ = {isa = PBXFileReference; fileEncoding = 4; lastKnownFileType = sourcecode.swift; path = SessionsSearchView.swift; sourceTree = "<group>"; };
		B6F929FF1D2AB713009E4B83 /* SessionsSearchViewController.swift */ = {isa = PBXFileReference; fileEncoding = 4; lastKnownFileType = sourcecode.swift; path = SessionsSearchViewController.swift; sourceTree = "<group>"; };
		B6F92A061D2C00F1009E4B83 /* SessionTableViewCell.swift */ = {isa = PBXFileReference; fileEncoding = 4; lastKnownFileType = sourcecode.swift; path = SessionTableViewCell.swift; sourceTree = "<group>"; };
		B6F92A141D2C0E7E009E4B83 /* RxExtensions.swift */ = {isa = PBXFileReference; fileEncoding = 4; lastKnownFileType = sourcecode.swift; path = RxExtensions.swift; sourceTree = "<group>"; };
		B6F92A151D2C0E7E009E4B83 /* RxTableViewCell.swift */ = {isa = PBXFileReference; fileEncoding = 4; lastKnownFileType = sourcecode.swift; path = RxTableViewCell.swift; sourceTree = "<group>"; };
		B6F92A161D2C0E7E009E4B83 /* UITableView+Common.swift */ = {isa = PBXFileReference; fileEncoding = 4; lastKnownFileType = sourcecode.swift; path = "UITableView+Common.swift"; sourceTree = "<group>"; };
		B6F92A171D2C0E7E009E4B83 /* UITableViewController+Common.swift */ = {isa = PBXFileReference; fileEncoding = 4; lastKnownFileType = sourcecode.swift; path = "UITableViewController+Common.swift"; sourceTree = "<group>"; };
		B6F92A1C1D2C0E8A009E4B83 /* SessionTableViewCell.xib */ = {isa = PBXFileReference; fileEncoding = 4; lastKnownFileType = file.xib; name = SessionTableViewCell.xib; path = Resources/SessionTableViewCell.xib; sourceTree = SOURCE_ROOT; };
		BBEA79B51C963F813BC71C0B /* Pods_WWDCastTests.framework */ = {isa = PBXFileReference; explicitFileType = wrapper.framework; includeInIndex = 0; path = Pods_WWDCastTests.framework; sourceTree = BUILT_PRODUCTS_DIR; };
		E7412ACF1D60C12000B925A5 /* FilterViewModelImpl.swift */ = {isa = PBXFileReference; fileEncoding = 4; lastKnownFileType = sourcecode.swift; path = FilterViewModelImpl.swift; sourceTree = "<group>"; };
		E7412AD11D60C1C200B925A5 /* Filter.swift */ = {isa = PBXFileReference; fileEncoding = 4; lastKnownFileType = sourcecode.swift; path = Filter.swift; sourceTree = "<group>"; };
		E79717F11D5F5A5100C4DD7C /* RxGCKDeviceManagerDelegateProxy.swift */ = {isa = PBXFileReference; fileEncoding = 4; lastKnownFileType = sourcecode.swift; path = RxGCKDeviceManagerDelegateProxy.swift; sourceTree = "<group>"; };
		E79717F31D5F76B800C4DD7C /* WWDCastRouter.swift */ = {isa = PBXFileReference; fileEncoding = 4; lastKnownFileType = sourcecode.swift; path = WWDCastRouter.swift; sourceTree = "<group>"; };
		E79717F51D5F76BD00C4DD7C /* WWDCastRouterImpl.swift */ = {isa = PBXFileReference; fileEncoding = 4; lastKnownFileType = sourcecode.swift; path = WWDCastRouterImpl.swift; sourceTree = "<group>"; };
		E79718021D5FB60600C4DD7C /* FilterViewController.swift */ = {isa = PBXFileReference; fileEncoding = 4; lastKnownFileType = sourcecode.swift; path = FilterViewController.swift; sourceTree = "<group>"; };
		E79718061D5FB9E900C4DD7C /* FilterViewController.xib */ = {isa = PBXFileReference; fileEncoding = 4; lastKnownFileType = file.xib; name = FilterViewController.xib; path = Resources/FilterViewController.xib; sourceTree = SOURCE_ROOT; };
		E79718081D6080B000C4DD7C /* FilterTableViewCell.xib */ = {isa = PBXFileReference; fileEncoding = 4; lastKnownFileType = file.xib; name = FilterTableViewCell.xib; path = Resources/FilterTableViewCell.xib; sourceTree = SOURCE_ROOT; };
		E7AAA2C91D7782E40034D07A /* Reachability.swift */ = {isa = PBXFileReference; fileEncoding = 4; lastKnownFileType = sourcecode.swift; path = Reachability.swift; sourceTree = "<group>"; };
		E7AAA2CB1D77885D0034D07A /* ActivityIndicator.swift */ = {isa = PBXFileReference; fileEncoding = 4; lastKnownFileType = sourcecode.swift; path = ActivityIndicator.swift; sourceTree = "<group>"; };
		E7CC01E51D732306001A37C6 /* SessionDetailsViewModel.swift */ = {isa = PBXFileReference; fileEncoding = 4; lastKnownFileType = sourcecode.swift; path = SessionDetailsViewModel.swift; sourceTree = "<group>"; };
		E7CC01E71D732320001A37C6 /* FilterViewModel.swift */ = {isa = PBXFileReference; fileEncoding = 4; lastKnownFileType = sourcecode.swift; path = FilterViewModel.swift; sourceTree = "<group>"; };
		EF0C2C23293FE3B813CE8E29 /* Pods-WWDCast.debug.xcconfig */ = {isa = PBXFileReference; includeInIndex = 1; lastKnownFileType = text.xcconfig; name = "Pods-WWDCast.debug.xcconfig"; path = "Pods/Target Support Files/Pods-WWDCast/Pods-WWDCast.debug.xcconfig"; sourceTree = "<group>"; };
/* End PBXFileReference section */

/* Begin PBXFrameworksBuildPhase section */
		B6F929B81D2A5DD5009E4B83 /* Frameworks */ = {
			isa = PBXFrameworksBuildPhase;
			buildActionMask = 2147483647;
			files = (
				9E8282ED357ECD3D75624DDB /* Pods_WWDCast.framework in Frameworks */,
			);
			runOnlyForDeploymentPostprocessing = 0;
		};
		B6F929CC1D2A5DD6009E4B83 /* Frameworks */ = {
			isa = PBXFrameworksBuildPhase;
			buildActionMask = 2147483647;
			files = (
				793BE38BE046FD3EF8742CF9 /* Pods_WWDCastTests.framework in Frameworks */,
			);
			runOnlyForDeploymentPostprocessing = 0;
		};
/* End PBXFrameworksBuildPhase section */

/* Begin PBXGroup section */
		33442D9E13E505A9141431FD /* Frameworks */ = {
			isa = PBXGroup;
			children = (
				057956E721FFC946DFA1FC83 /* Pods_WWDCast.framework */,
				BBEA79B51C963F813BC71C0B /* Pods_WWDCastTests.framework */,
			);
			name = Frameworks;
			sourceTree = "<group>";
		};
		5E2680971D2D98820054E90B /* SessionDetails */ = {
			isa = PBXGroup;
			children = (
				5E2680981D2D98AE0054E90B /* SessionDetailsViewController.swift */,
				5E26809A1D2D98C60054E90B /* SessionDetailsViewModelImpl.swift */,
				5E26809C1D2D98D10054E90B /* SessionDetailsInteractorImpl.swift */,
			);
			path = SessionDetails;
			sourceTree = "<group>";
		};
		5E2680A21D2D9BB70054E90B /* SessionDetails */ = {
			isa = PBXGroup;
			children = (
				5E2680A31D2D9BC90054E90B /* SessionDetailsView.swift */,
				5E2680A71D2D9BDD0054E90B /* SessionDetailsInteractor.swift */,
			);
			path = SessionDetails;
			sourceTree = "<group>";
		};
		5E4EA1DE1D3155780097C2FB /* Services */ = {
			isa = PBXGroup;
			children = (
				5E4EA1EC1D315F070097C2FB /* ServiceProviderImpl.swift */,
				5E4EA1E41D315A640097C2FB /* ReachabilityServiceImpl.swift */,
				5E4EA1EA1D315D4D0097C2FB /* SchedulerServiceImpl.swift */,
				5E4EA1F01D3160F40097C2FB /* NetworkServiceImpl.swift */,
				5E4EA1F61D3179460097C2FB /* GoogleCastServiceImpl.swift */,
				E79717F11D5F5A5100C4DD7C /* RxGCKDeviceManagerDelegateProxy.swift */,
			);
			path = Services;
			sourceTree = "<group>";
		};
		5E4EA1DF1D3155840097C2FB /* Services */ = {
			isa = PBXGroup;
			children = (
				5E4EA1E01D3155970097C2FB /* ServiceProvider.swift */,
				5E4EA1E21D3156AD0097C2FB /* ReachabilityService.swift */,
				5E4EA1E81D315C580097C2FB /* SchedulerService.swift */,
				5E4EA1EE1D3160DF0097C2FB /* NetworkService.swift */,
				5E4EA1F41D31791F0097C2FB /* GoogleCastService.swift */,
			);
			path = Services;
			sourceTree = "<group>";
		};
		5EBEEF4F1D2B0AD8007C44E3 /* Entities */ = {
			isa = PBXGroup;
			children = (
				5EBEEF501D2B0AEA007C44E3 /* AppConfig.swift */,
				5EBEEF551D2B0B5B007C44E3 /* Session.swift */,
				5EBEEF591D2B0BB4007C44E3 /* EntityBuilder.swift */,
			);
			path = Entities;
			sourceTree = "<group>";
		};
		5EBEEF521D2B0B32007C44E3 /* Entities */ = {
			isa = PBXGroup;
			children = (
				5EBEEF5B1D2B0BE3007C44E3 /* Builders */,
				5EBEEF531D2B0B42007C44E3 /* AppConfigImpl.swift */,
				5EBEEF571D2B0B87007C44E3 /* SessionImpl.swift */,
			);
			path = Entities;
			sourceTree = "<group>";
		};
		5EBEEF5B1D2B0BE3007C44E3 /* Builders */ = {
			isa = PBXGroup;
			children = (
				5EBEEF5C1D2B0BEA007C44E3 /* AppConfigBuilder.swift */,
				5EBEEF5E1D2B0C3F007C44E3 /* SessionBuilder.swift */,
				5EBEEF651D2C24EF007C44E3 /* SessionsBuilder.swift */,
			);
			path = Builders;
			sourceTree = "<group>";
		};
		5EBEEF621D2B1C43007C44E3 /* ViewModels */ = {
			isa = PBXGroup;
			children = (
				5EBEEF631D2B1C6A007C44E3 /* SessionViewModel.swift */,
				5E4EA1F81D32870C0097C2FB /* SessionViewModels.swift */,
				B645F3371D491893002A40C1 /* SessionViewModelBuilder.swift */,
			);
			path = ViewModels;
			sourceTree = "<group>";
		};
		B6F929B21D2A5DD5009E4B83 = {
			isa = PBXGroup;
			children = (
				B6F929E01D2AB0FC009E4B83 /* Source */,
				B6F929E71D2AB111009E4B83 /* Tests */,
				B6F929BD1D2A5DD5009E4B83 /* Resources */,
				B6F929BC1D2A5DD5009E4B83 /* Products */,
				E48D05A0B2806D9C6BFBB79F /* Pods */,
				33442D9E13E505A9141431FD /* Frameworks */,
			);
			sourceTree = "<group>";
		};
		B6F929BC1D2A5DD5009E4B83 /* Products */ = {
			isa = PBXGroup;
			children = (
				B6F929BB1D2A5DD5009E4B83 /* WWDCast.app */,
				B6F929CF1D2A5DD6009E4B83 /* WWDCastTests.xctest */,
			);
			name = Products;
			sourceTree = "<group>";
		};
		B6F929BD1D2A5DD5009E4B83 /* Resources */ = {
			isa = PBXGroup;
			children = (
				E79718061D5FB9E900C4DD7C /* FilterViewController.xib */,
				5E2680951D2C43440054E90B /* Assets.xcassets */,
				B6F92A1C1D2C0E8A009E4B83 /* SessionTableViewCell.xib */,
				B6F929EB1D2AB283009E4B83 /* LaunchScreen.storyboard */,
				5EBEEF601D2B15BD007C44E3 /* SessionsSearchViewController.xib */,
				5E89B1D51D480B6300E611AC /* SessionDetailsViewController.xib */,
				B6F929CA1D2A5DD5009E4B83 /* Info.plist */,
				E79718081D6080B000C4DD7C /* FilterTableViewCell.xib */,
			);
			name = Resources;
			path = WWDCast;
			sourceTree = "<group>";
		};
		B6F929E01D2AB0FC009E4B83 /* Source */ = {
			isa = PBXGroup;
			children = (
				B6F929F11D2AB2BE009E4B83 /* Classes */,
				B6F929F21D2AB2BE009E4B83 /* Protocols */,
				B6F929E11D2AB0FC009E4B83 /* AppDelegate.swift */,
				B6F929E31D2AB0FC009E4B83 /* WWDCEnvironment.swift */,
			);
			path = Source;
			sourceTree = "<group>";
		};
		B6F929E71D2AB111009E4B83 /* Tests */ = {
			isa = PBXGroup;
			children = (
				B6F929E81D2AB111009E4B83 /* WWDCastTests.swift */,
				B6F929D51D2A5DD6009E4B83 /* Info.plist */,
			);
			path = Tests;
			sourceTree = "<group>";
		};
		B6F929F11D2AB2BE009E4B83 /* Classes */ = {
			isa = PBXGroup;
			children = (
				E7AAA2C81D7782E40034D07A /* Vendor */,
				E79718011D5FB5EB00C4DD7C /* Filter */,
				5E2680A01D2D9A130054E90B /* WWDCastAssemblyImpl.swift */,
				E79717F51D5F76BD00C4DD7C /* WWDCastRouterImpl.swift */,
				B6F929F31D2AB54B009E4B83 /* SessionsSearch */,
				5E2680971D2D98820054E90B /* SessionDetails */,
				5EBEEF521D2B0B32007C44E3 /* Entities */,
				5EBEEF621D2B1C43007C44E3 /* ViewModels */,
				B6F92A131D2C0E7E009E4B83 /* Common */,
				5E4EA1DE1D3155780097C2FB /* Services */,
			);
			path = Classes;
			sourceTree = "<group>";
		};
		B6F929F21D2AB2BE009E4B83 /* Protocols */ = {
			isa = PBXGroup;
			children = (
				E7CC01E41D732306001A37C6 /* ViewModels */,
				E79717F31D5F76B800C4DD7C /* WWDCastRouter.swift */,
				5E26809E1D2D99E60054E90B /* WWDCastAssembly.swift */,
				B6F929F81D2AB5D8009E4B83 /* SessionsSearch */,
				5E2680A21D2D9BB70054E90B /* SessionDetails */,
				5EBEEF4F1D2B0AD8007C44E3 /* Entities */,
				5E4EA1DF1D3155840097C2FB /* Services */,
			);
			path = Protocols;
			sourceTree = "<group>";
		};
		B6F929F31D2AB54B009E4B83 /* SessionsSearch */ = {
			isa = PBXGroup;
			children = (
				B6F929FF1D2AB713009E4B83 /* SessionsSearchViewController.swift */,
				B6F929F41D2AB562009E4B83 /* SessionsSearchPresenterImpl.swift */,
				B6F929F61D2AB58A009E4B83 /* SessionsSearchInteractorImpl.swift */,
				B6F92A061D2C00F1009E4B83 /* SessionTableViewCell.swift */,
			);
			path = SessionsSearch;
			sourceTree = "<group>";
		};
		B6F929F81D2AB5D8009E4B83 /* SessionsSearch */ = {
			isa = PBXGroup;
			children = (
				B6F929F91D2AB5E3009E4B83 /* SessionsSearchPresenter.swift */,
				B6F929FB1D2AB5EB009E4B83 /* SessionsSearchInteractor.swift */,
				B6F929FD1D2AB5F8009E4B83 /* SessionsSearchView.swift */,
			);
			path = SessionsSearch;
			sourceTree = "<group>";
		};
		B6F92A131D2C0E7E009E4B83 /* Common */ = {
			isa = PBXGroup;
			children = (
				B6F92A141D2C0E7E009E4B83 /* RxExtensions.swift */,
				B6F92A151D2C0E7E009E4B83 /* RxTableViewCell.swift */,
				B6F92A161D2C0E7E009E4B83 /* UITableView+Common.swift */,
				B6F92A171D2C0E7E009E4B83 /* UITableViewController+Common.swift */,
				5E3C4A9D1D52868A002D1145 /* UIBarButtonItem+Common.swift */,
			);
			path = Common;
			sourceTree = "<group>";
		};
		E48D05A0B2806D9C6BFBB79F /* Pods */ = {
			isa = PBXGroup;
			children = (
				EF0C2C23293FE3B813CE8E29 /* Pods-WWDCast.debug.xcconfig */,
				081F76A23C03510729799A91 /* Pods-WWDCast.release.xcconfig */,
				218FDCB7EB2025EE42E172F6 /* Pods-WWDCastTests.debug.xcconfig */,
				4A6EBFABAC79034FF2973338 /* Pods-WWDCastTests.release.xcconfig */,
			);
			name = Pods;
			sourceTree = "<group>";
		};
		E79718011D5FB5EB00C4DD7C /* Filter */ = {
			isa = PBXGroup;
			children = (
				E79718021D5FB60600C4DD7C /* FilterViewController.swift */,
				E7412ACF1D60C12000B925A5 /* FilterViewModelImpl.swift */,
				E7412AD11D60C1C200B925A5 /* Filter.swift */,
			);
			path = Filter;
			sourceTree = "<group>";
		};
		E7AAA2C81D7782E40034D07A /* Vendor */ = {
			isa = PBXGroup;
			children = (
				E7AAA2CB1D77885D0034D07A /* ActivityIndicator.swift */,
				E7AAA2C91D7782E40034D07A /* Reachability.swift */,
			);
			path = Vendor;
			sourceTree = "<group>";
		};
		E7CC01E41D732306001A37C6 /* ViewModels */ = {
			isa = PBXGroup;
			children = (
				E7CC01E51D732306001A37C6 /* SessionDetailsViewModel.swift */,
				E7CC01E71D732320001A37C6 /* FilterViewModel.swift */,
			);
			path = ViewModels;
			sourceTree = "<group>";
		};
/* End PBXGroup section */

/* Begin PBXNativeTarget section */
		B6F929BA1D2A5DD5009E4B83 /* WWDCast */ = {
			isa = PBXNativeTarget;
			buildConfigurationList = B6F929D81D2A5DD6009E4B83 /* Build configuration list for PBXNativeTarget "WWDCast" */;
			buildPhases = (
				D214ACFBD5C00700D8C35E13 /* [CP] Check Pods Manifest.lock */,
				B6F929B71D2A5DD5009E4B83 /* Sources */,
				B6F929B81D2A5DD5009E4B83 /* Frameworks */,
				B6F929B91D2A5DD5009E4B83 /* Resources */,
				AA720D3C39D46761CAD54C0B /* [CP] Embed Pods Frameworks */,
				DE9F671286CAF4D10C6EC682 /* [CP] Copy Pods Resources */,
			);
			buildRules = (
			);
			dependencies = (
			);
			name = WWDCast;
			productName = WWDCast;
			productReference = B6F929BB1D2A5DD5009E4B83 /* WWDCast.app */;
			productType = "com.apple.product-type.application";
		};
		B6F929CE1D2A5DD6009E4B83 /* WWDCastTests */ = {
			isa = PBXNativeTarget;
			buildConfigurationList = B6F929DB1D2A5DD6009E4B83 /* Build configuration list for PBXNativeTarget "WWDCastTests" */;
			buildPhases = (
				8E3AA1B0C4AD391EF6533174 /* [CP] Check Pods Manifest.lock */,
				B6F929CB1D2A5DD6009E4B83 /* Sources */,
				B6F929CC1D2A5DD6009E4B83 /* Frameworks */,
				B6F929CD1D2A5DD6009E4B83 /* Resources */,
				E5248526D49A453158D9CD89 /* [CP] Embed Pods Frameworks */,
				5242DE3CBC7A13DD7008ECA0 /* [CP] Copy Pods Resources */,
			);
			buildRules = (
			);
			dependencies = (
				B6F929D11D2A5DD6009E4B83 /* PBXTargetDependency */,
			);
			name = WWDCastTests;
			productName = WWDCastTests;
			productReference = B6F929CF1D2A5DD6009E4B83 /* WWDCastTests.xctest */;
			productType = "com.apple.product-type.bundle.unit-test";
		};
/* End PBXNativeTarget section */

/* Begin PBXProject section */
		B6F929B31D2A5DD5009E4B83 /* Project object */ = {
			isa = PBXProject;
			attributes = {
				LastSwiftUpdateCheck = 0730;
				LastUpgradeCheck = 0730;
				ORGANIZATIONNAME = "Maksym Shcheglov";
				TargetAttributes = {
					B6F929BA1D2A5DD5009E4B83 = {
						CreatedOnToolsVersion = 7.3;
						DevelopmentTeam = 76874MD7C6;
					};
					B6F929CE1D2A5DD6009E4B83 = {
						CreatedOnToolsVersion = 7.3;
						TestTargetID = B6F929BA1D2A5DD5009E4B83;
					};
				};
			};
			buildConfigurationList = B6F929B61D2A5DD5009E4B83 /* Build configuration list for PBXProject "WWDCast" */;
			compatibilityVersion = "Xcode 3.2";
			developmentRegion = English;
			hasScannedForEncodings = 0;
			knownRegions = (
				en,
				Base,
			);
			mainGroup = B6F929B21D2A5DD5009E4B83;
			productRefGroup = B6F929BC1D2A5DD5009E4B83 /* Products */;
			projectDirPath = "";
			projectRoot = "";
			targets = (
				B6F929BA1D2A5DD5009E4B83 /* WWDCast */,
				B6F929CE1D2A5DD6009E4B83 /* WWDCastTests */,
			);
		};
/* End PBXProject section */

/* Begin PBXResourcesBuildPhase section */
		B6F929B91D2A5DD5009E4B83 /* Resources */ = {
			isa = PBXResourcesBuildPhase;
			buildActionMask = 2147483647;
			files = (
				5E89B1D61D480B6300E611AC /* SessionDetailsViewController.xib in Resources */,
				E79718091D6080B000C4DD7C /* FilterTableViewCell.xib in Resources */,
				B6F92A1D1D2C0E8A009E4B83 /* SessionTableViewCell.xib in Resources */,
				B6F929EF1D2AB283009E4B83 /* LaunchScreen.storyboard in Resources */,
				5E2680961D2C43440054E90B /* Assets.xcassets in Resources */,
				E79718071D5FB9E900C4DD7C /* FilterViewController.xib in Resources */,
				5EBEEF611D2B15BD007C44E3 /* SessionsSearchViewController.xib in Resources */,
			);
			runOnlyForDeploymentPostprocessing = 0;
		};
		B6F929CD1D2A5DD6009E4B83 /* Resources */ = {
			isa = PBXResourcesBuildPhase;
			buildActionMask = 2147483647;
			files = (
			);
			runOnlyForDeploymentPostprocessing = 0;
		};
/* End PBXResourcesBuildPhase section */

/* Begin PBXShellScriptBuildPhase section */
		5242DE3CBC7A13DD7008ECA0 /* [CP] Copy Pods Resources */ = {
			isa = PBXShellScriptBuildPhase;
			buildActionMask = 2147483647;
			files = (
			);
			inputPaths = (
			);
			name = "[CP] Copy Pods Resources";
			outputPaths = (
			);
			runOnlyForDeploymentPostprocessing = 0;
			shellPath = /bin/sh;
			shellScript = "\"${SRCROOT}/Pods/Target Support Files/Pods-WWDCastTests/Pods-WWDCastTests-resources.sh\"\n";
			showEnvVarsInLog = 0;
		};
		8E3AA1B0C4AD391EF6533174 /* [CP] Check Pods Manifest.lock */ = {
			isa = PBXShellScriptBuildPhase;
			buildActionMask = 2147483647;
			files = (
			);
			inputPaths = (
			);
			name = "[CP] Check Pods Manifest.lock";
			outputPaths = (
			);
			runOnlyForDeploymentPostprocessing = 0;
			shellPath = /bin/sh;
			shellScript = "diff \"${PODS_ROOT}/../Podfile.lock\" \"${PODS_ROOT}/Manifest.lock\" > /dev/null\nif [[ $? != 0 ]] ; then\n    cat << EOM\nerror: The sandbox is not in sync with the Podfile.lock. Run 'pod install' or update your CocoaPods installation.\nEOM\n    exit 1\nfi\n";
			showEnvVarsInLog = 0;
		};
		AA720D3C39D46761CAD54C0B /* [CP] Embed Pods Frameworks */ = {
			isa = PBXShellScriptBuildPhase;
			buildActionMask = 2147483647;
			files = (
			);
			inputPaths = (
			);
			name = "[CP] Embed Pods Frameworks";
			outputPaths = (
			);
			runOnlyForDeploymentPostprocessing = 0;
			shellPath = /bin/sh;
			shellScript = "\"${SRCROOT}/Pods/Target Support Files/Pods-WWDCast/Pods-WWDCast-frameworks.sh\"\n";
			showEnvVarsInLog = 0;
		};
		D214ACFBD5C00700D8C35E13 /* [CP] Check Pods Manifest.lock */ = {
			isa = PBXShellScriptBuildPhase;
			buildActionMask = 2147483647;
			files = (
			);
			inputPaths = (
			);
			name = "[CP] Check Pods Manifest.lock";
			outputPaths = (
			);
			runOnlyForDeploymentPostprocessing = 0;
			shellPath = /bin/sh;
			shellScript = "diff \"${PODS_ROOT}/../Podfile.lock\" \"${PODS_ROOT}/Manifest.lock\" > /dev/null\nif [[ $? != 0 ]] ; then\n    cat << EOM\nerror: The sandbox is not in sync with the Podfile.lock. Run 'pod install' or update your CocoaPods installation.\nEOM\n    exit 1\nfi\n";
			showEnvVarsInLog = 0;
		};
		DE9F671286CAF4D10C6EC682 /* [CP] Copy Pods Resources */ = {
			isa = PBXShellScriptBuildPhase;
			buildActionMask = 2147483647;
			files = (
			);
			inputPaths = (
			);
			name = "[CP] Copy Pods Resources";
			outputPaths = (
			);
			runOnlyForDeploymentPostprocessing = 0;
			shellPath = /bin/sh;
			shellScript = "\"${SRCROOT}/Pods/Target Support Files/Pods-WWDCast/Pods-WWDCast-resources.sh\"\n";
			showEnvVarsInLog = 0;
		};
		E5248526D49A453158D9CD89 /* [CP] Embed Pods Frameworks */ = {
			isa = PBXShellScriptBuildPhase;
			buildActionMask = 2147483647;
			files = (
			);
			inputPaths = (
			);
			name = "[CP] Embed Pods Frameworks";
			outputPaths = (
			);
			runOnlyForDeploymentPostprocessing = 0;
			shellPath = /bin/sh;
			shellScript = "\"${SRCROOT}/Pods/Target Support Files/Pods-WWDCastTests/Pods-WWDCastTests-frameworks.sh\"\n";
			showEnvVarsInLog = 0;
		};
/* End PBXShellScriptBuildPhase section */

/* Begin PBXSourcesBuildPhase section */
		B6F929B71D2A5DD5009E4B83 /* Sources */ = {
			isa = PBXSourcesBuildPhase;
			buildActionMask = 2147483647;
			files = (
				B6F929FC1D2AB5EB009E4B83 /* SessionsSearchInteractor.swift in Sources */,
				E7412AD21D60C1C200B925A5 /* Filter.swift in Sources */,
				5E26809F1D2D99E60054E90B /* WWDCastAssembly.swift in Sources */,
				5EBEEF661D2C24EF007C44E3 /* SessionsBuilder.swift in Sources */,
				E7AAA2CC1D77885D0034D07A /* ActivityIndicator.swift in Sources */,
				5EBEEF511D2B0AEA007C44E3 /* AppConfig.swift in Sources */,
				E79717F41D5F76B800C4DD7C /* WWDCastRouter.swift in Sources */,
				5E4EA1ED1D315F070097C2FB /* ServiceProviderImpl.swift in Sources */,
				5EBEEF541D2B0B42007C44E3 /* AppConfigImpl.swift in Sources */,
				5E4EA1E91D315C580097C2FB /* SchedulerService.swift in Sources */,
				B6F92A191D2C0E7E009E4B83 /* RxTableViewCell.swift in Sources */,
				5E2680A11D2D9A130054E90B /* WWDCastAssemblyImpl.swift in Sources */,
				5E4EA1EF1D3160DF0097C2FB /* NetworkService.swift in Sources */,
				E7CC01E61D732306001A37C6 /* SessionDetailsViewModel.swift in Sources */,
				B6F92A001D2AB713009E4B83 /* SessionsSearchViewController.swift in Sources */,
				5E4EA1E11D3155970097C2FB /* ServiceProvider.swift in Sources */,
				5E4EA1F91D32870C0097C2FB /* SessionViewModels.swift in Sources */,
				5E2680A81D2D9BDD0054E90B /* SessionDetailsInteractor.swift in Sources */,
				B6F929FA1D2AB5E3009E4B83 /* SessionsSearchPresenter.swift in Sources */,
				5E4EA1E51D315A640097C2FB /* ReachabilityServiceImpl.swift in Sources */,
				B6F929FE1D2AB5F8009E4B83 /* SessionsSearchView.swift in Sources */,
				B6F929F51D2AB562009E4B83 /* SessionsSearchPresenterImpl.swift in Sources */,
				5E4EA1F11D3160F40097C2FB /* NetworkServiceImpl.swift in Sources */,
				5E4EA1EB1D315D4D0097C2FB /* SchedulerServiceImpl.swift in Sources */,
				5E4EA1F51D31791F0097C2FB /* GoogleCastService.swift in Sources */,
				B6F929E41D2AB0FC009E4B83 /* AppDelegate.swift in Sources */,
				5EBEEF641D2B1C6A007C44E3 /* SessionViewModel.swift in Sources */,
				5EBEEF561D2B0B5B007C44E3 /* Session.swift in Sources */,
				B6F92A071D2C00F1009E4B83 /* SessionTableViewCell.swift in Sources */,
				5E4EA1F71D3179460097C2FB /* GoogleCastServiceImpl.swift in Sources */,
				B6F92A1B1D2C0E7E009E4B83 /* UITableViewController+Common.swift in Sources */,
				E7CC01E81D732320001A37C6 /* FilterViewModel.swift in Sources */,
				5E2680A41D2D9BC90054E90B /* SessionDetailsView.swift in Sources */,
				B6F929E61D2AB0FD009E4B83 /* WWDCEnvironment.swift in Sources */,
				5EBEEF5F1D2B0C3F007C44E3 /* SessionBuilder.swift in Sources */,
				5EBEEF5A1D2B0BB4007C44E3 /* EntityBuilder.swift in Sources */,
				B6F92A181D2C0E7E009E4B83 /* RxExtensions.swift in Sources */,
				5E26809B1D2D98C60054E90B /* SessionDetailsViewModelImpl.swift in Sources */,
				E7AAA2CA1D7782E40034D07A /* Reachability.swift in Sources */,
				5E3C4A9E1D52868A002D1145 /* UIBarButtonItem+Common.swift in Sources */,
				5EBEEF581D2B0B87007C44E3 /* SessionImpl.swift in Sources */,
				5E4EA1E31D3156AD0097C2FB /* ReachabilityService.swift in Sources */,
				E79717F61D5F76BD00C4DD7C /* WWDCastRouterImpl.swift in Sources */,
				5E26809D1D2D98D10054E90B /* SessionDetailsInteractorImpl.swift in Sources */,
				B6F92A1A1D2C0E7E009E4B83 /* UITableView+Common.swift in Sources */,
				E7412AD01D60C12000B925A5 /* FilterViewModelImpl.swift in Sources */,
				E79718031D5FB60600C4DD7C /* FilterViewController.swift in Sources */,
				B6F929F71D2AB58A009E4B83 /* SessionsSearchInteractorImpl.swift in Sources */,
				5E2680991D2D98AE0054E90B /* SessionDetailsViewController.swift in Sources */,
				E79717F21D5F5A5100C4DD7C /* RxGCKDeviceManagerDelegateProxy.swift in Sources */,
				5EBEEF5D1D2B0BEA007C44E3 /* AppConfigBuilder.swift in Sources */,
				B645F3381D491893002A40C1 /* SessionViewModelBuilder.swift in Sources */,
			);
			runOnlyForDeploymentPostprocessing = 0;
		};
		B6F929CB1D2A5DD6009E4B83 /* Sources */ = {
			isa = PBXSourcesBuildPhase;
			buildActionMask = 2147483647;
			files = (
				B6F929EA1D2AB197009E4B83 /* WWDCastTests.swift in Sources */,
			);
			runOnlyForDeploymentPostprocessing = 0;
		};
/* End PBXSourcesBuildPhase section */

/* Begin PBXTargetDependency section */
		B6F929D11D2A5DD6009E4B83 /* PBXTargetDependency */ = {
			isa = PBXTargetDependency;
			target = B6F929BA1D2A5DD5009E4B83 /* WWDCast */;
			targetProxy = B6F929D01D2A5DD6009E4B83 /* PBXContainerItemProxy */;
		};
/* End PBXTargetDependency section */

/* Begin PBXVariantGroup section */
		B6F929EB1D2AB283009E4B83 /* LaunchScreen.storyboard */ = {
			isa = PBXVariantGroup;
			children = (
				B6F929EC1D2AB283009E4B83 /* Base */,
			);
			name = LaunchScreen.storyboard;
			sourceTree = "<group>";
		};
/* End PBXVariantGroup section */

/* Begin XCBuildConfiguration section */
		B6F929D61D2A5DD6009E4B83 /* Debug */ = {
			isa = XCBuildConfiguration;
			buildSettings = {
				ALWAYS_SEARCH_USER_PATHS = NO;
				CLANG_ANALYZER_NONNULL = YES;
				CLANG_CXX_LANGUAGE_STANDARD = "gnu++0x";
				CLANG_CXX_LIBRARY = "libc++";
				CLANG_ENABLE_MODULES = YES;
				CLANG_ENABLE_OBJC_ARC = YES;
				CLANG_WARN_BOOL_CONVERSION = YES;
				CLANG_WARN_CONSTANT_CONVERSION = YES;
				CLANG_WARN_DIRECT_OBJC_ISA_USAGE = YES_ERROR;
				CLANG_WARN_EMPTY_BODY = YES;
				CLANG_WARN_ENUM_CONVERSION = YES;
				CLANG_WARN_INT_CONVERSION = YES;
				CLANG_WARN_OBJC_ROOT_CLASS = YES_ERROR;
				CLANG_WARN_UNREACHABLE_CODE = YES;
				CLANG_WARN__DUPLICATE_METHOD_MATCH = YES;
				CODE_SIGN_IDENTITY = "";
				"CODE_SIGN_IDENTITY[sdk=iphoneos*]" = "";
				COPY_PHASE_STRIP = NO;
				DEBUG_INFORMATION_FORMAT = dwarf;
				ENABLE_STRICT_OBJC_MSGSEND = YES;
				ENABLE_TESTABILITY = YES;
				GCC_C_LANGUAGE_STANDARD = gnu99;
				GCC_DYNAMIC_NO_PIC = NO;
				GCC_NO_COMMON_BLOCKS = YES;
				GCC_OPTIMIZATION_LEVEL = 0;
				GCC_PREPROCESSOR_DEFINITIONS = (
					"DEBUG=1",
					"$(inherited)",
				);
				GCC_WARN_64_TO_32_BIT_CONVERSION = YES;
				GCC_WARN_ABOUT_RETURN_TYPE = YES_ERROR;
				GCC_WARN_UNDECLARED_SELECTOR = YES;
				GCC_WARN_UNINITIALIZED_AUTOS = YES_AGGRESSIVE;
				GCC_WARN_UNUSED_FUNCTION = YES;
				GCC_WARN_UNUSED_VARIABLE = YES;
				IPHONEOS_DEPLOYMENT_TARGET = 9.3;
				MTL_ENABLE_DEBUG_INFO = YES;
				ONLY_ACTIVE_ARCH = YES;
				PROVISIONING_PROFILE = "";
				SDKROOT = iphoneos;
				SWIFT_OPTIMIZATION_LEVEL = "-Onone";
			};
			name = Debug;
		};
		B6F929D71D2A5DD6009E4B83 /* Release */ = {
			isa = XCBuildConfiguration;
			buildSettings = {
				ALWAYS_SEARCH_USER_PATHS = NO;
				CLANG_ANALYZER_NONNULL = YES;
				CLANG_CXX_LANGUAGE_STANDARD = "gnu++0x";
				CLANG_CXX_LIBRARY = "libc++";
				CLANG_ENABLE_MODULES = YES;
				CLANG_ENABLE_OBJC_ARC = YES;
				CLANG_WARN_BOOL_CONVERSION = YES;
				CLANG_WARN_CONSTANT_CONVERSION = YES;
				CLANG_WARN_DIRECT_OBJC_ISA_USAGE = YES_ERROR;
				CLANG_WARN_EMPTY_BODY = YES;
				CLANG_WARN_ENUM_CONVERSION = YES;
				CLANG_WARN_INT_CONVERSION = YES;
				CLANG_WARN_OBJC_ROOT_CLASS = YES_ERROR;
				CLANG_WARN_UNREACHABLE_CODE = YES;
				CLANG_WARN__DUPLICATE_METHOD_MATCH = YES;
				CODE_SIGN_IDENTITY = "";
				"CODE_SIGN_IDENTITY[sdk=iphoneos*]" = "";
				COPY_PHASE_STRIP = NO;
				DEBUG_INFORMATION_FORMAT = "dwarf-with-dsym";
				ENABLE_NS_ASSERTIONS = NO;
				ENABLE_STRICT_OBJC_MSGSEND = YES;
				GCC_C_LANGUAGE_STANDARD = gnu99;
				GCC_NO_COMMON_BLOCKS = YES;
				GCC_WARN_64_TO_32_BIT_CONVERSION = YES;
				GCC_WARN_ABOUT_RETURN_TYPE = YES_ERROR;
				GCC_WARN_UNDECLARED_SELECTOR = YES;
				GCC_WARN_UNINITIALIZED_AUTOS = YES_AGGRESSIVE;
				GCC_WARN_UNUSED_FUNCTION = YES;
				GCC_WARN_UNUSED_VARIABLE = YES;
				IPHONEOS_DEPLOYMENT_TARGET = 9.3;
				MTL_ENABLE_DEBUG_INFO = NO;
				PROVISIONING_PROFILE = "";
				SDKROOT = iphoneos;
				VALIDATE_PRODUCT = YES;
			};
			name = Release;
		};
		B6F929D91D2A5DD6009E4B83 /* Debug */ = {
			isa = XCBuildConfiguration;
			baseConfigurationReference = EF0C2C23293FE3B813CE8E29 /* Pods-WWDCast.debug.xcconfig */;
			buildSettings = {
				ASSETCATALOG_COMPILER_APPICON_NAME = AppIcon;
				CODE_SIGN_IDENTITY = "iPhone Developer";
				"CODE_SIGN_IDENTITY[sdk=iphoneos*]" = "iPhone Developer";
				INFOPLIST_FILE = Resources/Info.plist;
				LD_RUNPATH_SEARCH_PATHS = "$(inherited) @executable_path/Frameworks";
				PRODUCT_BUNDLE_IDENTIFIER = com.mshcheglov.WWDCast;
				PRODUCT_NAME = "$(TARGET_NAME)";
				PROVISIONING_PROFILE = "";
			};
			name = Debug;
		};
		B6F929DA1D2A5DD6009E4B83 /* Release */ = {
			isa = XCBuildConfiguration;
			baseConfigurationReference = 081F76A23C03510729799A91 /* Pods-WWDCast.release.xcconfig */;
			buildSettings = {
				ASSETCATALOG_COMPILER_APPICON_NAME = AppIcon;
				CODE_SIGN_IDENTITY = "iPhone Developer";
				"CODE_SIGN_IDENTITY[sdk=iphoneos*]" = "iPhone Developer";
				INFOPLIST_FILE = Resources/Info.plist;
				LD_RUNPATH_SEARCH_PATHS = "$(inherited) @executable_path/Frameworks";
				PRODUCT_BUNDLE_IDENTIFIER = com.mshcheglov.WWDCast;
				PRODUCT_NAME = "$(TARGET_NAME)";
				PROVISIONING_PROFILE = "";
			};
			name = Release;
		};
		B6F929DC1D2A5DD6009E4B83 /* Debug */ = {
			isa = XCBuildConfiguration;
			baseConfigurationReference = 218FDCB7EB2025EE42E172F6 /* Pods-WWDCastTests.debug.xcconfig */;
			buildSettings = {
				BUNDLE_LOADER = "$(TEST_HOST)";
				INFOPLIST_FILE = WWDCastTests/Info.plist;
				LD_RUNPATH_SEARCH_PATHS = "$(inherited) @executable_path/Frameworks @loader_path/Frameworks";
				PRODUCT_BUNDLE_IDENTIFIER = com.mshcheglov.WWDCastTests;
				PRODUCT_NAME = "$(TARGET_NAME)";
				TEST_HOST = "$(BUILT_PRODUCTS_DIR)/WWDCast.app/WWDCast";
			};
			name = Debug;
		};
		B6F929DD1D2A5DD6009E4B83 /* Release */ = {
			isa = XCBuildConfiguration;
			baseConfigurationReference = 4A6EBFABAC79034FF2973338 /* Pods-WWDCastTests.release.xcconfig */;
			buildSettings = {
				BUNDLE_LOADER = "$(TEST_HOST)";
				INFOPLIST_FILE = WWDCastTests/Info.plist;
				LD_RUNPATH_SEARCH_PATHS = "$(inherited) @executable_path/Frameworks @loader_path/Frameworks";
				PRODUCT_BUNDLE_IDENTIFIER = com.mshcheglov.WWDCastTests;
				PRODUCT_NAME = "$(TARGET_NAME)";
				TEST_HOST = "$(BUILT_PRODUCTS_DIR)/WWDCast.app/WWDCast";
			};
			name = Release;
		};
/* End XCBuildConfiguration section */

/* Begin XCConfigurationList section */
		B6F929B61D2A5DD5009E4B83 /* Build configuration list for PBXProject "WWDCast" */ = {
			isa = XCConfigurationList;
			buildConfigurations = (
				B6F929D61D2A5DD6009E4B83 /* Debug */,
				B6F929D71D2A5DD6009E4B83 /* Release */,
			);
			defaultConfigurationIsVisible = 0;
			defaultConfigurationName = Release;
		};
		B6F929D81D2A5DD6009E4B83 /* Build configuration list for PBXNativeTarget "WWDCast" */ = {
			isa = XCConfigurationList;
			buildConfigurations = (
				B6F929D91D2A5DD6009E4B83 /* Debug */,
				B6F929DA1D2A5DD6009E4B83 /* Release */,
			);
			defaultConfigurationIsVisible = 0;
			defaultConfigurationName = Release;
		};
		B6F929DB1D2A5DD6009E4B83 /* Build configuration list for PBXNativeTarget "WWDCastTests" */ = {
			isa = XCConfigurationList;
			buildConfigurations = (
				B6F929DC1D2A5DD6009E4B83 /* Debug */,
				B6F929DD1D2A5DD6009E4B83 /* Release */,
			);
			defaultConfigurationIsVisible = 0;
			defaultConfigurationName = Release;
		};
/* End XCConfigurationList section */
	};
	rootObject = B6F929B31D2A5DD5009E4B83 /* Project object */;
}
