// !$*UTF8*$!
{
	archiveVersion = 1;
	classes = {
	};
	objectVersion = 46;
	objects = {

/* Begin PBXBuildFile section */
		0368EE34C657ED46DDCE25D3 /* Pods_WWDCastTests.framework in Frameworks */ = {isa = PBXBuildFile; fileRef = BBEA79B51C963F813BC71C0B /* Pods_WWDCastTests.framework */; };
		5E2680961D2C43440054E90B /* Assets.xcassets in Resources */ = {isa = PBXBuildFile; fileRef = 5E2680951D2C43440054E90B /* Assets.xcassets */; };
		5E89B1D61D480B6300E611AC /* SessionDetailsViewController.xib in Resources */ = {isa = PBXBuildFile; fileRef = 5E89B1D51D480B6300E611AC /* SessionDetailsViewController.xib */; };
		B6F929E41D2AB0FC009E4B83 /* AppDelegate.swift in Sources */ = {isa = PBXBuildFile; fileRef = B6F929E11D2AB0FC009E4B83 /* AppDelegate.swift */; };
		B6F929E61D2AB0FD009E4B83 /* WWDCastEnvironment.swift in Sources */ = {isa = PBXBuildFile; fileRef = B6F929E31D2AB0FC009E4B83 /* WWDCastEnvironment.swift */; };
		B6F929EF1D2AB283009E4B83 /* LaunchScreen.storyboard in Resources */ = {isa = PBXBuildFile; fileRef = B6F929EB1D2AB283009E4B83 /* LaunchScreen.storyboard */; };
		B6F92A1D1D2C0E8A009E4B83 /* SessionTableViewCell.xib in Resources */ = {isa = PBXBuildFile; fileRef = B6F92A1C1D2C0E8A009E4B83 /* SessionTableViewCell.xib */; };
		E718A0C01E58E906003463B0 /* SessionDetailsViewController.swift in Sources */ = {isa = PBXBuildFile; fileRef = E718A06C1E58E906003463B0 /* SessionDetailsViewController.swift */; };
		E718A0C11E58E906003463B0 /* SessionDetailsViewModel.swift in Sources */ = {isa = PBXBuildFile; fileRef = E718A06D1E58E906003463B0 /* SessionDetailsViewModel.swift */; };
		E718A0C21E58E906003463B0 /* SessionDetailsViewModelProtocol.swift in Sources */ = {isa = PBXBuildFile; fileRef = E718A06E1E58E906003463B0 /* SessionDetailsViewModelProtocol.swift */; };
		E718A0C31E58E906003463B0 /* EmptyDataSetView.swift in Sources */ = {isa = PBXBuildFile; fileRef = E718A0701E58E906003463B0 /* EmptyDataSetView.swift */; };
		E718A0C41E58E906003463B0 /* EmptyDataSetViewModel.swift in Sources */ = {isa = PBXBuildFile; fileRef = E718A0711E58E906003463B0 /* EmptyDataSetViewModel.swift */; };
		E718A0C51E58E906003463B0 /* FavoriteSessionsViewController.swift in Sources */ = {isa = PBXBuildFile; fileRef = E718A0731E58E906003463B0 /* FavoriteSessionsViewController.swift */; };
		E718A0C61E58E906003463B0 /* FavoriteSessionsViewModel.swift in Sources */ = {isa = PBXBuildFile; fileRef = E718A0741E58E906003463B0 /* FavoriteSessionsViewModel.swift */; };
		E718A0C71E58E906003463B0 /* FavoriteSessionsViewModelProtocol.swift in Sources */ = {isa = PBXBuildFile; fileRef = E718A0751E58E906003463B0 /* FavoriteSessionsViewModelProtocol.swift */; };
		E718A0C81E58E906003463B0 /* FilterItemViewModel.swift in Sources */ = {isa = PBXBuildFile; fileRef = E718A0771E58E906003463B0 /* FilterItemViewModel.swift */; };
		E718A0C91E58E906003463B0 /* FilterSectionViewModel.swift in Sources */ = {isa = PBXBuildFile; fileRef = E718A0781E58E906003463B0 /* FilterSectionViewModel.swift */; };
		E718A0CA1E58E906003463B0 /* FilterTableViewCell.swift in Sources */ = {isa = PBXBuildFile; fileRef = E718A0791E58E906003463B0 /* FilterTableViewCell.swift */; };
		E718A0CB1E58E906003463B0 /* FilterViewController.swift in Sources */ = {isa = PBXBuildFile; fileRef = E718A07A1E58E906003463B0 /* FilterViewController.swift */; };
		E718A0CC1E58E906003463B0 /* FilterViewModel.swift in Sources */ = {isa = PBXBuildFile; fileRef = E718A07B1E58E906003463B0 /* FilterViewModel.swift */; };
		E718A0CD1E58E906003463B0 /* FilterViewModelProtocol.swift in Sources */ = {isa = PBXBuildFile; fileRef = E718A07C1E58E906003463B0 /* FilterViewModelProtocol.swift */; };
		E718A0CE1E58E906003463B0 /* SessionItemViewModel.swift in Sources */ = {isa = PBXBuildFile; fileRef = E718A07E1E58E906003463B0 /* SessionItemViewModel.swift */; };
		E718A0CF1E58E906003463B0 /* SessionSectionViewModel.swift in Sources */ = {isa = PBXBuildFile; fileRef = E718A07F1E58E906003463B0 /* SessionSectionViewModel.swift */; };
		E718A0D01E58E906003463B0 /* SessionSectionViewModelBuilder.swift in Sources */ = {isa = PBXBuildFile; fileRef = E718A0801E58E906003463B0 /* SessionSectionViewModelBuilder.swift */; };
		E718A0D11E58E906003463B0 /* SessionsSearchViewController.swift in Sources */ = {isa = PBXBuildFile; fileRef = E718A0811E58E906003463B0 /* SessionsSearchViewController.swift */; };
		E718A0D21E58E906003463B0 /* SessionsSearchViewModel.swift in Sources */ = {isa = PBXBuildFile; fileRef = E718A0821E58E906003463B0 /* SessionsSearchViewModel.swift */; };
		E718A0D31E58E906003463B0 /* SessionsSearchViewModelProtocol.swift in Sources */ = {isa = PBXBuildFile; fileRef = E718A0831E58E906003463B0 /* SessionsSearchViewModelProtocol.swift */; };
		E718A0D41E58E906003463B0 /* SessionTableViewCell.swift in Sources */ = {isa = PBXBuildFile; fileRef = E718A0841E58E906003463B0 /* SessionTableViewCell.swift */; };
		E718A0D51E58E906003463B0 /* TabBarController.swift in Sources */ = {isa = PBXBuildFile; fileRef = E718A0851E58E906003463B0 /* TabBarController.swift */; };
		E718A0D61E58E906003463B0 /* ViewControllerFactory.swift in Sources */ = {isa = PBXBuildFile; fileRef = E718A0861E58E906003463B0 /* ViewControllerFactory.swift */; };
		E718A0D81E58E906003463B0 /* ApplicationFlowCoordinator.swift in Sources */ = {isa = PBXBuildFile; fileRef = E718A0891E58E906003463B0 /* ApplicationFlowCoordinator.swift */; };
		E718A0D91E58E906003463B0 /* FavoritesFlowCoordinator.swift in Sources */ = {isa = PBXBuildFile; fileRef = E718A08A1E58E906003463B0 /* FavoritesFlowCoordinator.swift */; };
		E718A0DA1E58E906003463B0 /* FlowCoordinator.swift in Sources */ = {isa = PBXBuildFile; fileRef = E718A08B1E58E906003463B0 /* FlowCoordinator.swift */; };
		E718A0DB1E58E906003463B0 /* SearchFlowCoordinator.swift in Sources */ = {isa = PBXBuildFile; fileRef = E718A08C1E58E906003463B0 /* SearchFlowCoordinator.swift */; };
		E718A0DC1E58E906003463B0 /* AppConfig.swift in Sources */ = {isa = PBXBuildFile; fileRef = E718A08F1E58E906003463B0 /* AppConfig.swift */; };
		E718A0DD1E58E906003463B0 /* AppConfigBuilder.swift in Sources */ = {isa = PBXBuildFile; fileRef = E718A0911E58E906003463B0 /* AppConfigBuilder.swift */; };
		E718A0DE1E58E906003463B0 /* EntityBuilderType.swift in Sources */ = {isa = PBXBuildFile; fileRef = E718A0921E58E906003463B0 /* EntityBuilderType.swift */; };
		E718A0DF1E58E906003463B0 /* SessionBuilder.swift in Sources */ = {isa = PBXBuildFile; fileRef = E718A0931E58E906003463B0 /* SessionBuilder.swift */; };
		E718A0E01E58E906003463B0 /* SessionsBuilder.swift in Sources */ = {isa = PBXBuildFile; fileRef = E718A0941E58E906003463B0 /* SessionsBuilder.swift */; };
		E718A0E11E58E906003463B0 /* Filter.swift in Sources */ = {isa = PBXBuildFile; fileRef = E718A0951E58E906003463B0 /* Filter.swift */; };
		E718A0E21E58E906003463B0 /* Session.swift in Sources */ = {isa = PBXBuildFile; fileRef = E718A0961E58E906003463B0 /* Session.swift */; };
		E718A0E41E58E906003463B0 /* GoogleCastServiceProtocol.swift in Sources */ = {isa = PBXBuildFile; fileRef = E718A09A1E58E906003463B0 /* GoogleCastServiceProtocol.swift */; };
		E718A0E51E58E906003463B0 /* NetworkServiceProtocol.swift in Sources */ = {isa = PBXBuildFile; fileRef = E718A09B1E58E906003463B0 /* NetworkServiceProtocol.swift */; };
		E718A0E61E58E906003463B0 /* ReachabilityServiceProtocol.swift in Sources */ = {isa = PBXBuildFile; fileRef = E718A09C1E58E906003463B0 /* ReachabilityServiceProtocol.swift */; };
		E718A0E71E58E906003463B0 /* SchedulerServiceProtocol.swift in Sources */ = {isa = PBXBuildFile; fileRef = E718A09D1E58E906003463B0 /* SchedulerServiceProtocol.swift */; };
		E718A0E81E58E906003463B0 /* ServiceProviderProtocol.swift in Sources */ = {isa = PBXBuildFile; fileRef = E718A09E1E58E906003463B0 /* ServiceProviderProtocol.swift */; };
		E718A0E91E58E906003463B0 /* WWDCastAPIProtocol.swift in Sources */ = {isa = PBXBuildFile; fileRef = E718A09F1E58E906003463B0 /* WWDCastAPIProtocol.swift */; };
		E718A0EB1E58E906003463B0 /* GoogleCastDevice.swift in Sources */ = {isa = PBXBuildFile; fileRef = E718A0A31E58E906003463B0 /* GoogleCastDevice.swift */; };
		E718A0EC1E58E906003463B0 /* GoogleCastMedia+GCK.swift in Sources */ = {isa = PBXBuildFile; fileRef = E718A0A41E58E906003463B0 /* GoogleCastMedia+GCK.swift */; };
		E718A0ED1E58E906003463B0 /* GoogleCastMedia.swift in Sources */ = {isa = PBXBuildFile; fileRef = E718A0A51E58E906003463B0 /* GoogleCastMedia.swift */; };
		E718A0EE1E58E906003463B0 /* GoogleCastService.swift in Sources */ = {isa = PBXBuildFile; fileRef = E718A0A61E58E906003463B0 /* GoogleCastService.swift */; };
		E718A0EF1E58E906003463B0 /* RxGCKRequestDelegateProxy.swift in Sources */ = {isa = PBXBuildFile; fileRef = E718A0A71E58E906003463B0 /* RxGCKRequestDelegateProxy.swift */; };
		E718A0F01E58E906003463B0 /* RxGCKSessionManagerListenerProxy.swift in Sources */ = {isa = PBXBuildFile; fileRef = E718A0A81E58E906003463B0 /* RxGCKSessionManagerListenerProxy.swift */; };
		E718A0F11E58E906003463B0 /* NetworkService.swift in Sources */ = {isa = PBXBuildFile; fileRef = E718A0AA1E58E906003463B0 /* NetworkService.swift */; };
		E718A0F21E58E906003463B0 /* Resource.swift in Sources */ = {isa = PBXBuildFile; fileRef = E718A0AB1E58E906003463B0 /* Resource.swift */; };
		E718A0F31E58E906003463B0 /* ReachabilityService.swift in Sources */ = {isa = PBXBuildFile; fileRef = E718A0AC1E58E906003463B0 /* ReachabilityService.swift */; };
		E718A0F41E58E906003463B0 /* SchedulerService.swift in Sources */ = {isa = PBXBuildFile; fileRef = E718A0AD1E58E906003463B0 /* SchedulerService.swift */; };
		E718A0F51E58E906003463B0 /* ServiceProvider.swift in Sources */ = {isa = PBXBuildFile; fileRef = E718A0AE1E58E906003463B0 /* ServiceProvider.swift */; };
		E718A0F91E58E906003463B0 /* WWDCastAPI.swift in Sources */ = {isa = PBXBuildFile; fileRef = E718A0B31E58E906003463B0 /* WWDCastAPI.swift */; };
		E718A0FA1E58E906003463B0 /* RxExtensions.swift in Sources */ = {isa = PBXBuildFile; fileRef = E718A0B51E58E906003463B0 /* RxExtensions.swift */; };
		E718A0FB1E58E906003463B0 /* RxTableViewCell.swift in Sources */ = {isa = PBXBuildFile; fileRef = E718A0B61E58E906003463B0 /* RxTableViewCell.swift */; };
		E718A0FC1E58E906003463B0 /* TableViewController.swift in Sources */ = {isa = PBXBuildFile; fileRef = E718A0B71E58E906003463B0 /* TableViewController.swift */; };
		E718A0FD1E58E906003463B0 /* UIAlertController+Rx.swift in Sources */ = {isa = PBXBuildFile; fileRef = E718A0B81E58E906003463B0 /* UIAlertController+Rx.swift */; };
		E718A0FE1E58E906003463B0 /* UIBarButtonItem+Common.swift in Sources */ = {isa = PBXBuildFile; fileRef = E718A0B91E58E906003463B0 /* UIBarButtonItem+Common.swift */; };
		E718A0FF1E58E906003463B0 /* UIImageView+Rx.swift in Sources */ = {isa = PBXBuildFile; fileRef = E718A0BA1E58E906003463B0 /* UIImageView+Rx.swift */; };
		E718A1001E58E906003463B0 /* UITableView+Common.swift in Sources */ = {isa = PBXBuildFile; fileRef = E718A0BB1E58E906003463B0 /* UITableView+Common.swift */; };
		E718A1011E58E906003463B0 /* UIViewController+Common.swift in Sources */ = {isa = PBXBuildFile; fileRef = E718A0BC1E58E906003463B0 /* UIViewController+Common.swift */; };
		E718A1021E58E906003463B0 /* ActivityIndicator.swift in Sources */ = {isa = PBXBuildFile; fileRef = E718A0BE1E58E906003463B0 /* ActivityIndicator.swift */; };
		E718A1031E58E906003463B0 /* Reachability.swift in Sources */ = {isa = PBXBuildFile; fileRef = E718A0BF1E58E906003463B0 /* Reachability.swift */; };
		E718A10A1E5900BE003463B0 /* MockSessionsSearchViewModel.swift in Sources */ = {isa = PBXBuildFile; fileRef = E718A1081E58FC27003463B0 /* MockSessionsSearchViewModel.swift */; };
		E718A10B1E5900C1003463B0 /* MockViewControllerFactory.swift in Sources */ = {isa = PBXBuildFile; fileRef = E718A1061E58F7F3003463B0 /* MockViewControllerFactory.swift */; };
		E72A1CF71E68A11B005A3EAE /* sessions.json in Resources */ = {isa = PBXBuildFile; fileRef = E72A1CF51E689B27005A3EAE /* sessions.json */; };
		E72A1D171E68AD74005A3EAE /* MockFavoriteSessionsViewModelDelegate.swift in Sources */ = {isa = PBXBuildFile; fileRef = E72A1D151E68AD49005A3EAE /* MockFavoriteSessionsViewModelDelegate.swift */; };
		E72A1D181E68AD77005A3EAE /* MockSessionsSearchViewModelDelegate.swift in Sources */ = {isa = PBXBuildFile; fileRef = E72A1CEE1E678395005A3EAE /* MockSessionsSearchViewModelDelegate.swift */; };
		E72A1D191E68AD79005A3EAE /* MockWWDCastAPI.swift in Sources */ = {isa = PBXBuildFile; fileRef = E72A1CEC1E677FEF005A3EAE /* MockWWDCastAPI.swift */; };
		E72A1D311E68C13D005A3EAE /* SessionDetailsViewModelTests.swift in Sources */ = {isa = PBXBuildFile; fileRef = E72A1D2F1E68C13A005A3EAE /* SessionDetailsViewModelTests.swift */; };
		E72A1D341E68C462005A3EAE /* Session+Tests.swift in Sources */ = {isa = PBXBuildFile; fileRef = E72A1D321E68C45E005A3EAE /* Session+Tests.swift */; };
		E72A1D351E68C74F005A3EAE /* FavoriteSessionsViewModelTests.swift in Sources */ = {isa = PBXBuildFile; fileRef = E72A1D2A1E68B054005A3EAE /* FavoriteSessionsViewModelTests.swift */; };
		E72A1D361E68C754005A3EAE /* SessionsSearchViewModelTests.swift in Sources */ = {isa = PBXBuildFile; fileRef = E72A1D2B1E68B054005A3EAE /* SessionsSearchViewModelTests.swift */; };
		E72A1D371E68C761005A3EAE /* SessionItemViewModel+Tests.swift in Sources */ = {isa = PBXBuildFile; fileRef = E72A1D231E68AF91005A3EAE /* SessionItemViewModel+Tests.swift */; };
		E72A1D381E68C765005A3EAE /* SearchFlowCoordinatorTests.swift in Sources */ = {isa = PBXBuildFile; fileRef = E72A1D281E68B054005A3EAE /* SearchFlowCoordinatorTests.swift */; };
		E72A1D3B1E68C76B005A3EAE /* SessionsLoader.swift in Sources */ = {isa = PBXBuildFile; fileRef = E72A1D241E68AF91005A3EAE /* SessionsLoader.swift */; };
		E7330BDE1EE8A39500D7017F /* AnyDataSource.swift in Sources */ = {isa = PBXBuildFile; fileRef = E7330BD91EE8A39500D7017F /* AnyDataSource.swift */; };
		E7330BDF1EE8A39500D7017F /* CompositeDataSource.swift in Sources */ = {isa = PBXBuildFile; fileRef = E7330BDA1EE8A39500D7017F /* CompositeDataSource.swift */; };
		E7330BE01EE8A39500D7017F /* CoreDataSource.swift in Sources */ = {isa = PBXBuildFile; fileRef = E7330BDB1EE8A39500D7017F /* CoreDataSource.swift */; };
		E7330BE11EE8A39500D7017F /* DataSourceType.swift in Sources */ = {isa = PBXBuildFile; fileRef = E7330BDC1EE8A39500D7017F /* DataSourceType.swift */; };
		E7330BE21EE8A39500D7017F /* NetworkDataSource.swift in Sources */ = {isa = PBXBuildFile; fileRef = E7330BDD1EE8A39500D7017F /* NetworkDataSource.swift */; };
		E7330BE41EE8A51000D7017F /* Session+CoreDataRepresentable.swift in Sources */ = {isa = PBXBuildFile; fileRef = E7330BE31EE8A51000D7017F /* Session+CoreDataRepresentable.swift */; };
		E7330BE61EE8A54F00D7017F /* CoreDataRepresentable.swift in Sources */ = {isa = PBXBuildFile; fileRef = E7330BE51EE8A54F00D7017F /* CoreDataRepresentable.swift */; };
		E7330BE81EE8A5C400D7017F /* EntityRepresentable.swift in Sources */ = {isa = PBXBuildFile; fileRef = E7330BE71EE8A5C400D7017F /* EntityRepresentable.swift */; };
		E7330BEA1EE8A60E00D7017F /* CoreDataPersistable.swift in Sources */ = {isa = PBXBuildFile; fileRef = E7330BE91EE8A60E00D7017F /* CoreDataPersistable.swift */; };
		E79718091D6080B000C4DD7C /* FilterTableViewCell.xib in Resources */ = {isa = PBXBuildFile; fileRef = E79718081D6080B000C4DD7C /* FilterTableViewCell.xib */; };
		E7C27FA31DD231400082EC45 /* EmptyDataSetView.xib in Resources */ = {isa = PBXBuildFile; fileRef = E7C27FA21DD231400082EC45 /* EmptyDataSetView.xib */; };
		E7C428BC1ED3977700BAB0B2 /* CoreDataController.swift in Sources */ = {isa = PBXBuildFile; fileRef = E7C428B61ED3977700BAB0B2 /* CoreDataController.swift */; };
		E7C428C21ED3987000BAB0B2 /* NSManagedObjectContext+Rx.swift in Sources */ = {isa = PBXBuildFile; fileRef = E7C428C11ED3987000BAB0B2 /* NSManagedObjectContext+Rx.swift */; };
		E7E889DC1ECA0CB500AE06F6 /* FlowCoordinatorDependencyProviders.swift in Sources */ = {isa = PBXBuildFile; fileRef = E7E889DB1ECA0CB500AE06F6 /* FlowCoordinatorDependencyProviders.swift */; };
		E7FC18171EE0A5E6000D2FAB /* WWDCast.xcdatamodel in Sources */ = {isa = PBXBuildFile; fileRef = E7FC18131EE0A5E6000D2FAB /* WWDCast.xcdatamodel */; };
		E7FC181D1EE0ABC8000D2FAB /* SessionManagedObject+CoreDataClass.swift in Sources */ = {isa = PBXBuildFile; fileRef = E7FC181B1EE0ABC8000D2FAB /* SessionManagedObject+CoreDataClass.swift */; };
		E7FC181E1EE0ABC8000D2FAB /* SessionManagedObject+CoreDataProperties.swift in Sources */ = {isa = PBXBuildFile; fileRef = E7FC181C1EE0ABC8000D2FAB /* SessionManagedObject+CoreDataProperties.swift */; };
		E7FC18201EE0AC57000D2FAB /* SessionManagedObject+Ext.swift in Sources */ = {isa = PBXBuildFile; fileRef = E7FC181F1EE0AC57000D2FAB /* SessionManagedObject+Ext.swift */; };
		EFE1B5FC98F16067BBB5DFAE /* Pods_WWDCast.framework in Frameworks */ = {isa = PBXBuildFile; fileRef = 057956E721FFC946DFA1FC83 /* Pods_WWDCast.framework */; };
/* End PBXBuildFile section */

/* Begin PBXContainerItemProxy section */
		B6F929D01D2A5DD6009E4B83 /* PBXContainerItemProxy */ = {
			isa = PBXContainerItemProxy;
			containerPortal = B6F929B31D2A5DD5009E4B83 /* Project object */;
			proxyType = 1;
			remoteGlobalIDString = B6F929BA1D2A5DD5009E4B83;
			remoteInfo = WWDCast;
		};
/* End PBXContainerItemProxy section */

/* Begin PBXFileReference section */
		057956E721FFC946DFA1FC83 /* Pods_WWDCast.framework */ = {isa = PBXFileReference; explicitFileType = wrapper.framework; includeInIndex = 0; path = Pods_WWDCast.framework; sourceTree = BUILT_PRODUCTS_DIR; };
		081F76A23C03510729799A91 /* Pods-WWDCast.release.xcconfig */ = {isa = PBXFileReference; includeInIndex = 1; lastKnownFileType = text.xcconfig; name = "Pods-WWDCast.release.xcconfig"; path = "Pods/Target Support Files/Pods-WWDCast/Pods-WWDCast.release.xcconfig"; sourceTree = "<group>"; };
		0F296124C6052AB9AF4576B0 /* Pods-Tests-WWDCastTests.release.xcconfig */ = {isa = PBXFileReference; includeInIndex = 1; lastKnownFileType = text.xcconfig; name = "Pods-Tests-WWDCastTests.release.xcconfig"; path = "Pods/Target Support Files/Pods-Tests-WWDCastTests/Pods-Tests-WWDCastTests.release.xcconfig"; sourceTree = "<group>"; };
		218FDCB7EB2025EE42E172F6 /* Pods-WWDCastTests.debug.xcconfig */ = {isa = PBXFileReference; includeInIndex = 1; lastKnownFileType = text.xcconfig; name = "Pods-WWDCastTests.debug.xcconfig"; path = "Pods/Target Support Files/Pods-WWDCastTests/Pods-WWDCastTests.debug.xcconfig"; sourceTree = "<group>"; };
		4A6EBFABAC79034FF2973338 /* Pods-WWDCastTests.release.xcconfig */ = {isa = PBXFileReference; includeInIndex = 1; lastKnownFileType = text.xcconfig; name = "Pods-WWDCastTests.release.xcconfig"; path = "Pods/Target Support Files/Pods-WWDCastTests/Pods-WWDCastTests.release.xcconfig"; sourceTree = "<group>"; };
		5E2680951D2C43440054E90B /* Assets.xcassets */ = {isa = PBXFileReference; lastKnownFileType = folder.assetcatalog; name = Assets.xcassets; path = Resources/Assets.xcassets; sourceTree = SOURCE_ROOT; };
		5E89B1D51D480B6300E611AC /* SessionDetailsViewController.xib */ = {isa = PBXFileReference; fileEncoding = 4; lastKnownFileType = file.xib; name = SessionDetailsViewController.xib; path = Resources/SessionDetailsViewController.xib; sourceTree = SOURCE_ROOT; };
		7D60F791C276BA391873661A /* Pods_Tests_WWDCastTests.framework */ = {isa = PBXFileReference; explicitFileType = wrapper.framework; includeInIndex = 0; path = Pods_Tests_WWDCastTests.framework; sourceTree = BUILT_PRODUCTS_DIR; };
		B6F929BB1D2A5DD5009E4B83 /* WWDCast.app */ = {isa = PBXFileReference; explicitFileType = wrapper.application; includeInIndex = 0; path = WWDCast.app; sourceTree = BUILT_PRODUCTS_DIR; };
		B6F929CA1D2A5DD5009E4B83 /* Info.plist */ = {isa = PBXFileReference; lastKnownFileType = text.plist; name = Info.plist; path = Resources/Info.plist; sourceTree = "<group>"; };
		B6F929CF1D2A5DD6009E4B83 /* WWDCastTests.xctest */ = {isa = PBXFileReference; explicitFileType = wrapper.cfbundle; includeInIndex = 0; path = WWDCastTests.xctest; sourceTree = BUILT_PRODUCTS_DIR; };
		B6F929D51D2A5DD6009E4B83 /* Info.plist */ = {isa = PBXFileReference; lastKnownFileType = text.plist.xml; path = Info.plist; sourceTree = "<group>"; };
		B6F929E11D2AB0FC009E4B83 /* AppDelegate.swift */ = {isa = PBXFileReference; fileEncoding = 4; lastKnownFileType = sourcecode.swift; path = AppDelegate.swift; sourceTree = "<group>"; };
		B6F929E31D2AB0FC009E4B83 /* WWDCastEnvironment.swift */ = {isa = PBXFileReference; fileEncoding = 4; lastKnownFileType = sourcecode.swift; path = WWDCastEnvironment.swift; sourceTree = "<group>"; };
		B6F929EC1D2AB283009E4B83 /* Base */ = {isa = PBXFileReference; lastKnownFileType = file.storyboard; name = Base; path = Resources/Base.lproj/LaunchScreen.storyboard; sourceTree = SOURCE_ROOT; };
		B6F92A1C1D2C0E8A009E4B83 /* SessionTableViewCell.xib */ = {isa = PBXFileReference; fileEncoding = 4; lastKnownFileType = file.xib; name = SessionTableViewCell.xib; path = Resources/SessionTableViewCell.xib; sourceTree = SOURCE_ROOT; };
		BBEA79B51C963F813BC71C0B /* Pods_WWDCastTests.framework */ = {isa = PBXFileReference; explicitFileType = wrapper.framework; includeInIndex = 0; path = Pods_WWDCastTests.framework; sourceTree = BUILT_PRODUCTS_DIR; };
		E718A06C1E58E906003463B0 /* SessionDetailsViewController.swift */ = {isa = PBXFileReference; fileEncoding = 4; lastKnownFileType = sourcecode.swift; path = SessionDetailsViewController.swift; sourceTree = "<group>"; };
		E718A06D1E58E906003463B0 /* SessionDetailsViewModel.swift */ = {isa = PBXFileReference; fileEncoding = 4; lastKnownFileType = sourcecode.swift; path = SessionDetailsViewModel.swift; sourceTree = "<group>"; };
		E718A06E1E58E906003463B0 /* SessionDetailsViewModelProtocol.swift */ = {isa = PBXFileReference; fileEncoding = 4; lastKnownFileType = sourcecode.swift; path = SessionDetailsViewModelProtocol.swift; sourceTree = "<group>"; };
		E718A0701E58E906003463B0 /* EmptyDataSetView.swift */ = {isa = PBXFileReference; fileEncoding = 4; lastKnownFileType = sourcecode.swift; path = EmptyDataSetView.swift; sourceTree = "<group>"; };
		E718A0711E58E906003463B0 /* EmptyDataSetViewModel.swift */ = {isa = PBXFileReference; fileEncoding = 4; lastKnownFileType = sourcecode.swift; path = EmptyDataSetViewModel.swift; sourceTree = "<group>"; };
		E718A0731E58E906003463B0 /* FavoriteSessionsViewController.swift */ = {isa = PBXFileReference; fileEncoding = 4; lastKnownFileType = sourcecode.swift; path = FavoriteSessionsViewController.swift; sourceTree = "<group>"; };
		E718A0741E58E906003463B0 /* FavoriteSessionsViewModel.swift */ = {isa = PBXFileReference; fileEncoding = 4; lastKnownFileType = sourcecode.swift; path = FavoriteSessionsViewModel.swift; sourceTree = "<group>"; };
		E718A0751E58E906003463B0 /* FavoriteSessionsViewModelProtocol.swift */ = {isa = PBXFileReference; fileEncoding = 4; lastKnownFileType = sourcecode.swift; path = FavoriteSessionsViewModelProtocol.swift; sourceTree = "<group>"; };
		E718A0771E58E906003463B0 /* FilterItemViewModel.swift */ = {isa = PBXFileReference; fileEncoding = 4; lastKnownFileType = sourcecode.swift; path = FilterItemViewModel.swift; sourceTree = "<group>"; };
		E718A0781E58E906003463B0 /* FilterSectionViewModel.swift */ = {isa = PBXFileReference; fileEncoding = 4; lastKnownFileType = sourcecode.swift; path = FilterSectionViewModel.swift; sourceTree = "<group>"; };
		E718A0791E58E906003463B0 /* FilterTableViewCell.swift */ = {isa = PBXFileReference; fileEncoding = 4; lastKnownFileType = sourcecode.swift; path = FilterTableViewCell.swift; sourceTree = "<group>"; };
		E718A07A1E58E906003463B0 /* FilterViewController.swift */ = {isa = PBXFileReference; fileEncoding = 4; lastKnownFileType = sourcecode.swift; path = FilterViewController.swift; sourceTree = "<group>"; };
		E718A07B1E58E906003463B0 /* FilterViewModel.swift */ = {isa = PBXFileReference; fileEncoding = 4; lastKnownFileType = sourcecode.swift; path = FilterViewModel.swift; sourceTree = "<group>"; };
		E718A07C1E58E906003463B0 /* FilterViewModelProtocol.swift */ = {isa = PBXFileReference; fileEncoding = 4; lastKnownFileType = sourcecode.swift; path = FilterViewModelProtocol.swift; sourceTree = "<group>"; };
		E718A07E1E58E906003463B0 /* SessionItemViewModel.swift */ = {isa = PBXFileReference; fileEncoding = 4; lastKnownFileType = sourcecode.swift; path = SessionItemViewModel.swift; sourceTree = "<group>"; };
		E718A07F1E58E906003463B0 /* SessionSectionViewModel.swift */ = {isa = PBXFileReference; fileEncoding = 4; lastKnownFileType = sourcecode.swift; path = SessionSectionViewModel.swift; sourceTree = "<group>"; };
		E718A0801E58E906003463B0 /* SessionSectionViewModelBuilder.swift */ = {isa = PBXFileReference; fileEncoding = 4; lastKnownFileType = sourcecode.swift; path = SessionSectionViewModelBuilder.swift; sourceTree = "<group>"; };
		E718A0811E58E906003463B0 /* SessionsSearchViewController.swift */ = {isa = PBXFileReference; fileEncoding = 4; lastKnownFileType = sourcecode.swift; path = SessionsSearchViewController.swift; sourceTree = "<group>"; };
		E718A0821E58E906003463B0 /* SessionsSearchViewModel.swift */ = {isa = PBXFileReference; fileEncoding = 4; lastKnownFileType = sourcecode.swift; path = SessionsSearchViewModel.swift; sourceTree = "<group>"; };
		E718A0831E58E906003463B0 /* SessionsSearchViewModelProtocol.swift */ = {isa = PBXFileReference; fileEncoding = 4; lastKnownFileType = sourcecode.swift; path = SessionsSearchViewModelProtocol.swift; sourceTree = "<group>"; };
		E718A0841E58E906003463B0 /* SessionTableViewCell.swift */ = {isa = PBXFileReference; fileEncoding = 4; lastKnownFileType = sourcecode.swift; path = SessionTableViewCell.swift; sourceTree = "<group>"; };
		E718A0851E58E906003463B0 /* TabBarController.swift */ = {isa = PBXFileReference; fileEncoding = 4; lastKnownFileType = sourcecode.swift; path = TabBarController.swift; sourceTree = "<group>"; };
		E718A0861E58E906003463B0 /* ViewControllerFactory.swift */ = {isa = PBXFileReference; fileEncoding = 4; lastKnownFileType = sourcecode.swift; path = ViewControllerFactory.swift; sourceTree = "<group>"; };
		E718A0891E58E906003463B0 /* ApplicationFlowCoordinator.swift */ = {isa = PBXFileReference; fileEncoding = 4; lastKnownFileType = sourcecode.swift; path = ApplicationFlowCoordinator.swift; sourceTree = "<group>"; };
		E718A08A1E58E906003463B0 /* FavoritesFlowCoordinator.swift */ = {isa = PBXFileReference; fileEncoding = 4; lastKnownFileType = sourcecode.swift; path = FavoritesFlowCoordinator.swift; sourceTree = "<group>"; };
		E718A08B1E58E906003463B0 /* FlowCoordinator.swift */ = {isa = PBXFileReference; fileEncoding = 4; lastKnownFileType = sourcecode.swift; path = FlowCoordinator.swift; sourceTree = "<group>"; };
		E718A08C1E58E906003463B0 /* SearchFlowCoordinator.swift */ = {isa = PBXFileReference; fileEncoding = 4; lastKnownFileType = sourcecode.swift; path = SearchFlowCoordinator.swift; sourceTree = "<group>"; };
		E718A08F1E58E906003463B0 /* AppConfig.swift */ = {isa = PBXFileReference; fileEncoding = 4; lastKnownFileType = sourcecode.swift; path = AppConfig.swift; sourceTree = "<group>"; };
		E718A0911E58E906003463B0 /* AppConfigBuilder.swift */ = {isa = PBXFileReference; fileEncoding = 4; lastKnownFileType = sourcecode.swift; path = AppConfigBuilder.swift; sourceTree = "<group>"; };
		E718A0921E58E906003463B0 /* EntityBuilderType.swift */ = {isa = PBXFileReference; fileEncoding = 4; lastKnownFileType = sourcecode.swift; path = EntityBuilderType.swift; sourceTree = "<group>"; };
		E718A0931E58E906003463B0 /* SessionBuilder.swift */ = {isa = PBXFileReference; fileEncoding = 4; lastKnownFileType = sourcecode.swift; path = SessionBuilder.swift; sourceTree = "<group>"; };
		E718A0941E58E906003463B0 /* SessionsBuilder.swift */ = {isa = PBXFileReference; fileEncoding = 4; lastKnownFileType = sourcecode.swift; path = SessionsBuilder.swift; sourceTree = "<group>"; };
		E718A0951E58E906003463B0 /* Filter.swift */ = {isa = PBXFileReference; fileEncoding = 4; lastKnownFileType = sourcecode.swift; path = Filter.swift; sourceTree = "<group>"; };
		E718A0961E58E906003463B0 /* Session.swift */ = {isa = PBXFileReference; fileEncoding = 4; lastKnownFileType = sourcecode.swift; path = Session.swift; sourceTree = "<group>"; };
		E718A09A1E58E906003463B0 /* GoogleCastServiceProtocol.swift */ = {isa = PBXFileReference; fileEncoding = 4; lastKnownFileType = sourcecode.swift; path = GoogleCastServiceProtocol.swift; sourceTree = "<group>"; };
		E718A09B1E58E906003463B0 /* NetworkServiceProtocol.swift */ = {isa = PBXFileReference; fileEncoding = 4; lastKnownFileType = sourcecode.swift; path = NetworkServiceProtocol.swift; sourceTree = "<group>"; };
		E718A09C1E58E906003463B0 /* ReachabilityServiceProtocol.swift */ = {isa = PBXFileReference; fileEncoding = 4; lastKnownFileType = sourcecode.swift; path = ReachabilityServiceProtocol.swift; sourceTree = "<group>"; };
		E718A09D1E58E906003463B0 /* SchedulerServiceProtocol.swift */ = {isa = PBXFileReference; fileEncoding = 4; lastKnownFileType = sourcecode.swift; path = SchedulerServiceProtocol.swift; sourceTree = "<group>"; };
		E718A09E1E58E906003463B0 /* ServiceProviderProtocol.swift */ = {isa = PBXFileReference; fileEncoding = 4; lastKnownFileType = sourcecode.swift; path = ServiceProviderProtocol.swift; sourceTree = "<group>"; };
		E718A09F1E58E906003463B0 /* WWDCastAPIProtocol.swift */ = {isa = PBXFileReference; fileEncoding = 4; lastKnownFileType = sourcecode.swift; path = WWDCastAPIProtocol.swift; sourceTree = "<group>"; };
		E718A0A31E58E906003463B0 /* GoogleCastDevice.swift */ = {isa = PBXFileReference; fileEncoding = 4; lastKnownFileType = sourcecode.swift; path = GoogleCastDevice.swift; sourceTree = "<group>"; };
		E718A0A41E58E906003463B0 /* GoogleCastMedia+GCK.swift */ = {isa = PBXFileReference; fileEncoding = 4; lastKnownFileType = sourcecode.swift; path = "GoogleCastMedia+GCK.swift"; sourceTree = "<group>"; };
		E718A0A51E58E906003463B0 /* GoogleCastMedia.swift */ = {isa = PBXFileReference; fileEncoding = 4; lastKnownFileType = sourcecode.swift; path = GoogleCastMedia.swift; sourceTree = "<group>"; };
		E718A0A61E58E906003463B0 /* GoogleCastService.swift */ = {isa = PBXFileReference; fileEncoding = 4; lastKnownFileType = sourcecode.swift; path = GoogleCastService.swift; sourceTree = "<group>"; };
		E718A0A71E58E906003463B0 /* RxGCKRequestDelegateProxy.swift */ = {isa = PBXFileReference; fileEncoding = 4; lastKnownFileType = sourcecode.swift; path = RxGCKRequestDelegateProxy.swift; sourceTree = "<group>"; };
		E718A0A81E58E906003463B0 /* RxGCKSessionManagerListenerProxy.swift */ = {isa = PBXFileReference; fileEncoding = 4; lastKnownFileType = sourcecode.swift; path = RxGCKSessionManagerListenerProxy.swift; sourceTree = "<group>"; };
		E718A0AA1E58E906003463B0 /* NetworkService.swift */ = {isa = PBXFileReference; fileEncoding = 4; lastKnownFileType = sourcecode.swift; path = NetworkService.swift; sourceTree = "<group>"; };
		E718A0AB1E58E906003463B0 /* Resource.swift */ = {isa = PBXFileReference; fileEncoding = 4; lastKnownFileType = sourcecode.swift; path = Resource.swift; sourceTree = "<group>"; };
		E718A0AC1E58E906003463B0 /* ReachabilityService.swift */ = {isa = PBXFileReference; fileEncoding = 4; lastKnownFileType = sourcecode.swift; path = ReachabilityService.swift; sourceTree = "<group>"; };
		E718A0AD1E58E906003463B0 /* SchedulerService.swift */ = {isa = PBXFileReference; fileEncoding = 4; lastKnownFileType = sourcecode.swift; path = SchedulerService.swift; sourceTree = "<group>"; };
		E718A0AE1E58E906003463B0 /* ServiceProvider.swift */ = {isa = PBXFileReference; fileEncoding = 4; lastKnownFileType = sourcecode.swift; path = ServiceProvider.swift; sourceTree = "<group>"; };
		E718A0B31E58E906003463B0 /* WWDCastAPI.swift */ = {isa = PBXFileReference; fileEncoding = 4; lastKnownFileType = sourcecode.swift; path = WWDCastAPI.swift; sourceTree = "<group>"; };
		E718A0B51E58E906003463B0 /* RxExtensions.swift */ = {isa = PBXFileReference; fileEncoding = 4; lastKnownFileType = sourcecode.swift; path = RxExtensions.swift; sourceTree = "<group>"; };
		E718A0B61E58E906003463B0 /* RxTableViewCell.swift */ = {isa = PBXFileReference; fileEncoding = 4; lastKnownFileType = sourcecode.swift; path = RxTableViewCell.swift; sourceTree = "<group>"; };
		E718A0B71E58E906003463B0 /* TableViewController.swift */ = {isa = PBXFileReference; fileEncoding = 4; lastKnownFileType = sourcecode.swift; path = TableViewController.swift; sourceTree = "<group>"; };
		E718A0B81E58E906003463B0 /* UIAlertController+Rx.swift */ = {isa = PBXFileReference; fileEncoding = 4; lastKnownFileType = sourcecode.swift; path = "UIAlertController+Rx.swift"; sourceTree = "<group>"; };
		E718A0B91E58E906003463B0 /* UIBarButtonItem+Common.swift */ = {isa = PBXFileReference; fileEncoding = 4; lastKnownFileType = sourcecode.swift; path = "UIBarButtonItem+Common.swift"; sourceTree = "<group>"; };
		E718A0BA1E58E906003463B0 /* UIImageView+Rx.swift */ = {isa = PBXFileReference; fileEncoding = 4; lastKnownFileType = sourcecode.swift; path = "UIImageView+Rx.swift"; sourceTree = "<group>"; };
		E718A0BB1E58E906003463B0 /* UITableView+Common.swift */ = {isa = PBXFileReference; fileEncoding = 4; lastKnownFileType = sourcecode.swift; path = "UITableView+Common.swift"; sourceTree = "<group>"; };
		E718A0BC1E58E906003463B0 /* UIViewController+Common.swift */ = {isa = PBXFileReference; fileEncoding = 4; lastKnownFileType = sourcecode.swift; path = "UIViewController+Common.swift"; sourceTree = "<group>"; };
		E718A0BE1E58E906003463B0 /* ActivityIndicator.swift */ = {isa = PBXFileReference; fileEncoding = 4; lastKnownFileType = sourcecode.swift; path = ActivityIndicator.swift; sourceTree = "<group>"; };
		E718A0BF1E58E906003463B0 /* Reachability.swift */ = {isa = PBXFileReference; fileEncoding = 4; lastKnownFileType = sourcecode.swift; path = Reachability.swift; sourceTree = "<group>"; };
		E718A1061E58F7F3003463B0 /* MockViewControllerFactory.swift */ = {isa = PBXFileReference; fileEncoding = 4; lastKnownFileType = sourcecode.swift; path = MockViewControllerFactory.swift; sourceTree = "<group>"; };
		E718A1081E58FC27003463B0 /* MockSessionsSearchViewModel.swift */ = {isa = PBXFileReference; fileEncoding = 4; lastKnownFileType = sourcecode.swift; path = MockSessionsSearchViewModel.swift; sourceTree = "<group>"; };
		E72A1CEC1E677FEF005A3EAE /* MockWWDCastAPI.swift */ = {isa = PBXFileReference; fileEncoding = 4; lastKnownFileType = sourcecode.swift; path = MockWWDCastAPI.swift; sourceTree = "<group>"; };
		E72A1CEE1E678395005A3EAE /* MockSessionsSearchViewModelDelegate.swift */ = {isa = PBXFileReference; fileEncoding = 4; lastKnownFileType = sourcecode.swift; path = MockSessionsSearchViewModelDelegate.swift; sourceTree = "<group>"; };
		E72A1CF51E689B27005A3EAE /* sessions.json */ = {isa = PBXFileReference; fileEncoding = 4; lastKnownFileType = text.json; path = sessions.json; sourceTree = "<group>"; };
		E72A1D151E68AD49005A3EAE /* MockFavoriteSessionsViewModelDelegate.swift */ = {isa = PBXFileReference; fileEncoding = 4; lastKnownFileType = sourcecode.swift; path = MockFavoriteSessionsViewModelDelegate.swift; sourceTree = "<group>"; };
		E72A1D231E68AF91005A3EAE /* SessionItemViewModel+Tests.swift */ = {isa = PBXFileReference; fileEncoding = 4; lastKnownFileType = sourcecode.swift; path = "SessionItemViewModel+Tests.swift"; sourceTree = "<group>"; };
		E72A1D241E68AF91005A3EAE /* SessionsLoader.swift */ = {isa = PBXFileReference; fileEncoding = 4; lastKnownFileType = sourcecode.swift; path = SessionsLoader.swift; sourceTree = "<group>"; };
		E72A1D281E68B054005A3EAE /* SearchFlowCoordinatorTests.swift */ = {isa = PBXFileReference; fileEncoding = 4; lastKnownFileType = sourcecode.swift; path = SearchFlowCoordinatorTests.swift; sourceTree = "<group>"; };
		E72A1D2A1E68B054005A3EAE /* FavoriteSessionsViewModelTests.swift */ = {isa = PBXFileReference; fileEncoding = 4; lastKnownFileType = sourcecode.swift; path = FavoriteSessionsViewModelTests.swift; sourceTree = "<group>"; };
		E72A1D2B1E68B054005A3EAE /* SessionsSearchViewModelTests.swift */ = {isa = PBXFileReference; fileEncoding = 4; lastKnownFileType = sourcecode.swift; path = SessionsSearchViewModelTests.swift; sourceTree = "<group>"; };
		E72A1D2F1E68C13A005A3EAE /* SessionDetailsViewModelTests.swift */ = {isa = PBXFileReference; fileEncoding = 4; lastKnownFileType = sourcecode.swift; path = SessionDetailsViewModelTests.swift; sourceTree = "<group>"; };
		E72A1D321E68C45E005A3EAE /* Session+Tests.swift */ = {isa = PBXFileReference; fileEncoding = 4; lastKnownFileType = sourcecode.swift; path = "Session+Tests.swift"; sourceTree = "<group>"; };
		E7330BD91EE8A39500D7017F /* AnyDataSource.swift */ = {isa = PBXFileReference; fileEncoding = 4; lastKnownFileType = sourcecode.swift; path = AnyDataSource.swift; sourceTree = "<group>"; };
		E7330BDA1EE8A39500D7017F /* CompositeDataSource.swift */ = {isa = PBXFileReference; fileEncoding = 4; lastKnownFileType = sourcecode.swift; path = CompositeDataSource.swift; sourceTree = "<group>"; };
		E7330BDB1EE8A39500D7017F /* CoreDataSource.swift */ = {isa = PBXFileReference; fileEncoding = 4; lastKnownFileType = sourcecode.swift; path = CoreDataSource.swift; sourceTree = "<group>"; };
		E7330BDC1EE8A39500D7017F /* DataSourceType.swift */ = {isa = PBXFileReference; fileEncoding = 4; lastKnownFileType = sourcecode.swift; path = DataSourceType.swift; sourceTree = "<group>"; };
		E7330BDD1EE8A39500D7017F /* NetworkDataSource.swift */ = {isa = PBXFileReference; fileEncoding = 4; lastKnownFileType = sourcecode.swift; path = NetworkDataSource.swift; sourceTree = "<group>"; };
		E7330BE31EE8A51000D7017F /* Session+CoreDataRepresentable.swift */ = {isa = PBXFileReference; fileEncoding = 4; lastKnownFileType = sourcecode.swift; path = "Session+CoreDataRepresentable.swift"; sourceTree = "<group>"; };
		E7330BE51EE8A54F00D7017F /* CoreDataRepresentable.swift */ = {isa = PBXFileReference; fileEncoding = 4; lastKnownFileType = sourcecode.swift; path = CoreDataRepresentable.swift; sourceTree = "<group>"; };
		E7330BE71EE8A5C400D7017F /* EntityRepresentable.swift */ = {isa = PBXFileReference; fileEncoding = 4; lastKnownFileType = sourcecode.swift; path = EntityRepresentable.swift; sourceTree = "<group>"; };
		E7330BE91EE8A60E00D7017F /* CoreDataPersistable.swift */ = {isa = PBXFileReference; fileEncoding = 4; lastKnownFileType = sourcecode.swift; path = CoreDataPersistable.swift; sourceTree = "<group>"; };
		E76BFDC71DC3FD7400B269B8 /* libsqlite3.tbd */ = {isa = PBXFileReference; lastKnownFileType = "sourcecode.text-based-dylib-definition"; name = libsqlite3.tbd; path = usr/lib/libsqlite3.tbd; sourceTree = SDKROOT; };
		E76BFDC91DC3FE0900B269B8 /* libsqlite3.0.tbd */ = {isa = PBXFileReference; lastKnownFileType = "sourcecode.text-based-dylib-definition"; name = libsqlite3.0.tbd; path = usr/lib/libsqlite3.0.tbd; sourceTree = SDKROOT; };
		E79718081D6080B000C4DD7C /* FilterTableViewCell.xib */ = {isa = PBXFileReference; fileEncoding = 4; lastKnownFileType = file.xib; name = FilterTableViewCell.xib; path = Resources/FilterTableViewCell.xib; sourceTree = SOURCE_ROOT; };
		E7C27FA21DD231400082EC45 /* EmptyDataSetView.xib */ = {isa = PBXFileReference; fileEncoding = 4; lastKnownFileType = file.xib; name = EmptyDataSetView.xib; path = Resources/EmptyDataSetView.xib; sourceTree = SOURCE_ROOT; };
		E7C428B61ED3977700BAB0B2 /* CoreDataController.swift */ = {isa = PBXFileReference; fileEncoding = 4; lastKnownFileType = sourcecode.swift; path = CoreDataController.swift; sourceTree = "<group>"; };
		E7C428C11ED3987000BAB0B2 /* NSManagedObjectContext+Rx.swift */ = {isa = PBXFileReference; fileEncoding = 4; lastKnownFileType = sourcecode.swift; path = "NSManagedObjectContext+Rx.swift"; sourceTree = "<group>"; };
		E7E889DB1ECA0CB500AE06F6 /* FlowCoordinatorDependencyProviders.swift */ = {isa = PBXFileReference; fileEncoding = 4; lastKnownFileType = sourcecode.swift; path = FlowCoordinatorDependencyProviders.swift; sourceTree = "<group>"; };
		E7FC18131EE0A5E6000D2FAB /* WWDCast.xcdatamodel */ = {isa = PBXFileReference; lastKnownFileType = wrapper.xcdatamodel; name = WWDCast.xcdatamodel; path = Resources/WWDCast.xcdatamodel; sourceTree = SOURCE_ROOT; };
		E7FC181B1EE0ABC8000D2FAB /* SessionManagedObject+CoreDataClass.swift */ = {isa = PBXFileReference; fileEncoding = 4; lastKnownFileType = sourcecode.swift; path = "SessionManagedObject+CoreDataClass.swift"; sourceTree = "<group>"; };
		E7FC181C1EE0ABC8000D2FAB /* SessionManagedObject+CoreDataProperties.swift */ = {isa = PBXFileReference; fileEncoding = 4; lastKnownFileType = sourcecode.swift; path = "SessionManagedObject+CoreDataProperties.swift"; sourceTree = "<group>"; };
		E7FC181F1EE0AC57000D2FAB /* SessionManagedObject+Ext.swift */ = {isa = PBXFileReference; fileEncoding = 4; lastKnownFileType = sourcecode.swift; path = "SessionManagedObject+Ext.swift"; sourceTree = "<group>"; };
		EBF25D25558B02375133B1A5 /* Pods-Tests-WWDCastTests.debug.xcconfig */ = {isa = PBXFileReference; includeInIndex = 1; lastKnownFileType = text.xcconfig; name = "Pods-Tests-WWDCastTests.debug.xcconfig"; path = "Pods/Target Support Files/Pods-Tests-WWDCastTests/Pods-Tests-WWDCastTests.debug.xcconfig"; sourceTree = "<group>"; };
		EF0C2C23293FE3B813CE8E29 /* Pods-WWDCast.debug.xcconfig */ = {isa = PBXFileReference; includeInIndex = 1; lastKnownFileType = text.xcconfig; name = "Pods-WWDCast.debug.xcconfig"; path = "Pods/Target Support Files/Pods-WWDCast/Pods-WWDCast.debug.xcconfig"; sourceTree = "<group>"; };
/* End PBXFileReference section */

/* Begin PBXFrameworksBuildPhase section */
		B6F929B81D2A5DD5009E4B83 /* Frameworks */ = {
			isa = PBXFrameworksBuildPhase;
			buildActionMask = 2147483647;
			files = (
				EFE1B5FC98F16067BBB5DFAE /* Pods_WWDCast.framework in Frameworks */,
			);
			runOnlyForDeploymentPostprocessing = 0;
		};
		B6F929CC1D2A5DD6009E4B83 /* Frameworks */ = {
			isa = PBXFrameworksBuildPhase;
			buildActionMask = 2147483647;
			files = (
				0368EE34C657ED46DDCE25D3 /* Pods_WWDCastTests.framework in Frameworks */,
			);
			runOnlyForDeploymentPostprocessing = 0;
		};
/* End PBXFrameworksBuildPhase section */

/* Begin PBXGroup section */
		33442D9E13E505A9141431FD /* Frameworks */ = {
			isa = PBXGroup;
			children = (
				E76BFDC91DC3FE0900B269B8 /* libsqlite3.0.tbd */,
				E76BFDC71DC3FD7400B269B8 /* libsqlite3.tbd */,
				057956E721FFC946DFA1FC83 /* Pods_WWDCast.framework */,
				BBEA79B51C963F813BC71C0B /* Pods_WWDCastTests.framework */,
				7D60F791C276BA391873661A /* Pods_Tests_WWDCastTests.framework */,
			);
			name = Frameworks;
			sourceTree = "<group>";
		};
		B6F929B21D2A5DD5009E4B83 = {
			isa = PBXGroup;
			children = (
				B6F929E01D2AB0FC009E4B83 /* Source */,
				B6F929E71D2AB111009E4B83 /* Tests */,
				B6F929BD1D2A5DD5009E4B83 /* Resources */,
				B6F929BC1D2A5DD5009E4B83 /* Products */,
				E48D05A0B2806D9C6BFBB79F /* Pods */,
				33442D9E13E505A9141431FD /* Frameworks */,
			);
			sourceTree = "<group>";
		};
		B6F929BC1D2A5DD5009E4B83 /* Products */ = {
			isa = PBXGroup;
			children = (
				B6F929BB1D2A5DD5009E4B83 /* WWDCast.app */,
				B6F929CF1D2A5DD6009E4B83 /* WWDCastTests.xctest */,
			);
			name = Products;
			sourceTree = "<group>";
		};
		B6F929BD1D2A5DD5009E4B83 /* Resources */ = {
			isa = PBXGroup;
			children = (
				E7FC18131EE0A5E6000D2FAB /* WWDCast.xcdatamodel */,
				5E2680951D2C43440054E90B /* Assets.xcassets */,
				B6F92A1C1D2C0E8A009E4B83 /* SessionTableViewCell.xib */,
				B6F929EB1D2AB283009E4B83 /* LaunchScreen.storyboard */,
				5E89B1D51D480B6300E611AC /* SessionDetailsViewController.xib */,
				B6F929CA1D2A5DD5009E4B83 /* Info.plist */,
				E79718081D6080B000C4DD7C /* FilterTableViewCell.xib */,
				E7C27FA21DD231400082EC45 /* EmptyDataSetView.xib */,
			);
			name = Resources;
			path = WWDCast;
			sourceTree = "<group>";
		};
		B6F929E01D2AB0FC009E4B83 /* Source */ = {
			isa = PBXGroup;
			children = (
				E718A06A1E58E906003463B0 /* Screens */,
				E718A0881E58E906003463B0 /* Coordinators */,
				E718A08D1E58E906003463B0 /* API */,
				E718A0B41E58E906003463B0 /* Common */,
				E718A0BD1E58E906003463B0 /* ThirdParty */,
				B6F929E11D2AB0FC009E4B83 /* AppDelegate.swift */,
				B6F929E31D2AB0FC009E4B83 /* WWDCastEnvironment.swift */,
			);
			path = Source;
			sourceTree = "<group>";
		};
		B6F929E71D2AB111009E4B83 /* Tests */ = {
			isa = PBXGroup;
			children = (
				E72A1D271E68B054005A3EAE /* Coordinators */,
				E72A1D291E68B054005A3EAE /* ViewModels */,
				E72A1D221E68AF91005A3EAE /* TestsHelpers */,
				E718A1051E58F7E2003463B0 /* Mocks */,
				E72A1CF51E689B27005A3EAE /* sessions.json */,
				B6F929D51D2A5DD6009E4B83 /* Info.plist */,
			);
			path = Tests;
			sourceTree = "<group>";
		};
		E48D05A0B2806D9C6BFBB79F /* Pods */ = {
			isa = PBXGroup;
			children = (
				EF0C2C23293FE3B813CE8E29 /* Pods-WWDCast.debug.xcconfig */,
				081F76A23C03510729799A91 /* Pods-WWDCast.release.xcconfig */,
				218FDCB7EB2025EE42E172F6 /* Pods-WWDCastTests.debug.xcconfig */,
				4A6EBFABAC79034FF2973338 /* Pods-WWDCastTests.release.xcconfig */,
				EBF25D25558B02375133B1A5 /* Pods-Tests-WWDCastTests.debug.xcconfig */,
				0F296124C6052AB9AF4576B0 /* Pods-Tests-WWDCastTests.release.xcconfig */,
			);
			name = Pods;
			sourceTree = "<group>";
		};
		E718A06A1E58E906003463B0 /* Screens */ = {
			isa = PBXGroup;
			children = (
				E718A07D1E58E906003463B0 /* Search */,
				E718A06B1E58E906003463B0 /* Details */,
				E718A0761E58E906003463B0 /* Filter */,
				E718A0721E58E906003463B0 /* Favorites */,
				E718A06F1E58E906003463B0 /* EmptyDataSet */,
				E718A0851E58E906003463B0 /* TabBarController.swift */,
				E718A0861E58E906003463B0 /* ViewControllerFactory.swift */,
			);
			path = Screens;
			sourceTree = "<group>";
		};
		E718A06B1E58E906003463B0 /* Details */ = {
			isa = PBXGroup;
			children = (
				E718A06C1E58E906003463B0 /* SessionDetailsViewController.swift */,
				E718A06D1E58E906003463B0 /* SessionDetailsViewModel.swift */,
				E718A06E1E58E906003463B0 /* SessionDetailsViewModelProtocol.swift */,
			);
			path = Details;
			sourceTree = "<group>";
		};
		E718A06F1E58E906003463B0 /* EmptyDataSet */ = {
			isa = PBXGroup;
			children = (
				E718A0701E58E906003463B0 /* EmptyDataSetView.swift */,
				E718A0711E58E906003463B0 /* EmptyDataSetViewModel.swift */,
			);
			path = EmptyDataSet;
			sourceTree = "<group>";
		};
		E718A0721E58E906003463B0 /* Favorites */ = {
			isa = PBXGroup;
			children = (
				E718A0731E58E906003463B0 /* FavoriteSessionsViewController.swift */,
				E718A0741E58E906003463B0 /* FavoriteSessionsViewModel.swift */,
				E718A0751E58E906003463B0 /* FavoriteSessionsViewModelProtocol.swift */,
			);
			path = Favorites;
			sourceTree = "<group>";
		};
		E718A0761E58E906003463B0 /* Filter */ = {
			isa = PBXGroup;
			children = (
				E718A0771E58E906003463B0 /* FilterItemViewModel.swift */,
				E718A0781E58E906003463B0 /* FilterSectionViewModel.swift */,
				E718A0791E58E906003463B0 /* FilterTableViewCell.swift */,
				E718A07A1E58E906003463B0 /* FilterViewController.swift */,
				E718A07B1E58E906003463B0 /* FilterViewModel.swift */,
				E718A07C1E58E906003463B0 /* FilterViewModelProtocol.swift */,
			);
			path = Filter;
			sourceTree = "<group>";
		};
		E718A07D1E58E906003463B0 /* Search */ = {
			isa = PBXGroup;
			children = (
				E718A0811E58E906003463B0 /* SessionsSearchViewController.swift */,
				E718A0821E58E906003463B0 /* SessionsSearchViewModel.swift */,
				E718A0831E58E906003463B0 /* SessionsSearchViewModelProtocol.swift */,
				E718A0841E58E906003463B0 /* SessionTableViewCell.swift */,
				E718A07E1E58E906003463B0 /* SessionItemViewModel.swift */,
				E718A07F1E58E906003463B0 /* SessionSectionViewModel.swift */,
				E718A0801E58E906003463B0 /* SessionSectionViewModelBuilder.swift */,
			);
			path = Search;
			sourceTree = "<group>";
		};
		E718A0881E58E906003463B0 /* Coordinators */ = {
			isa = PBXGroup;
			children = (
				E718A08B1E58E906003463B0 /* FlowCoordinator.swift */,
				E718A0891E58E906003463B0 /* ApplicationFlowCoordinator.swift */,
				E718A08A1E58E906003463B0 /* FavoritesFlowCoordinator.swift */,
				E718A08C1E58E906003463B0 /* SearchFlowCoordinator.swift */,
				E7E889DB1ECA0CB500AE06F6 /* FlowCoordinatorDependencyProviders.swift */,
			);
			path = Coordinators;
			sourceTree = "<group>";
		};
		E718A08D1E58E906003463B0 /* API */ = {
			isa = PBXGroup;
			children = (
				E718A08E1E58E906003463B0 /* Entities */,
				E718A0971E58E906003463B0 /* Protocols */,
				E718A0A01E58E906003463B0 /* Services */,
				E718A0B31E58E906003463B0 /* WWDCastAPI.swift */,
			);
			path = API;
			sourceTree = "<group>";
		};
		E718A08E1E58E906003463B0 /* Entities */ = {
			isa = PBXGroup;
			children = (
				E718A08F1E58E906003463B0 /* AppConfig.swift */,
				E718A0901E58E906003463B0 /* Builders */,
				E718A0951E58E906003463B0 /* Filter.swift */,
				E718A0961E58E906003463B0 /* Session.swift */,
			);
			path = Entities;
			sourceTree = "<group>";
		};
		E718A0901E58E906003463B0 /* Builders */ = {
			isa = PBXGroup;
			children = (
				E718A0911E58E906003463B0 /* AppConfigBuilder.swift */,
				E718A0921E58E906003463B0 /* EntityBuilderType.swift */,
				E718A0931E58E906003463B0 /* SessionBuilder.swift */,
				E718A0941E58E906003463B0 /* SessionsBuilder.swift */,
			);
			path = Builders;
			sourceTree = "<group>";
		};
		E718A0971E58E906003463B0 /* Protocols */ = {
			isa = PBXGroup;
			children = (
				E718A0981E58E906003463B0 /* Services */,
				E718A09F1E58E906003463B0 /* WWDCastAPIProtocol.swift */,
			);
			path = Protocols;
			sourceTree = "<group>";
		};
		E718A0981E58E906003463B0 /* Services */ = {
			isa = PBXGroup;
			children = (
				E718A09A1E58E906003463B0 /* GoogleCastServiceProtocol.swift */,
				E718A09B1E58E906003463B0 /* NetworkServiceProtocol.swift */,
				E718A09C1E58E906003463B0 /* ReachabilityServiceProtocol.swift */,
				E718A09D1E58E906003463B0 /* SchedulerServiceProtocol.swift */,
				E718A09E1E58E906003463B0 /* ServiceProviderProtocol.swift */,
			);
			path = Services;
			sourceTree = "<group>";
		};
		E718A0A01E58E906003463B0 /* Services */ = {
			isa = PBXGroup;
			children = (
				E7330BD81EE8A39500D7017F /* DataSource */,
				E7C428B51ED3977700BAB0B2 /* CoreData */,
				E718A0A21E58E906003463B0 /* GoogleCastService */,
				E718A0A91E58E906003463B0 /* NetworkService */,
				E718A0AC1E58E906003463B0 /* ReachabilityService.swift */,
				E718A0AD1E58E906003463B0 /* SchedulerService.swift */,
				E718A0AE1E58E906003463B0 /* ServiceProvider.swift */,
			);
			path = Services;
			sourceTree = "<group>";
		};
		E718A0A21E58E906003463B0 /* GoogleCastService */ = {
			isa = PBXGroup;
			children = (
				E718A0A31E58E906003463B0 /* GoogleCastDevice.swift */,
				E718A0A41E58E906003463B0 /* GoogleCastMedia+GCK.swift */,
				E718A0A51E58E906003463B0 /* GoogleCastMedia.swift */,
				E718A0A61E58E906003463B0 /* GoogleCastService.swift */,
				E718A0A71E58E906003463B0 /* RxGCKRequestDelegateProxy.swift */,
				E718A0A81E58E906003463B0 /* RxGCKSessionManagerListenerProxy.swift */,
			);
			path = GoogleCastService;
			sourceTree = "<group>";
		};
		E718A0A91E58E906003463B0 /* NetworkService */ = {
			isa = PBXGroup;
			children = (
				E718A0AA1E58E906003463B0 /* NetworkService.swift */,
				E718A0AB1E58E906003463B0 /* Resource.swift */,
			);
			path = NetworkService;
			sourceTree = "<group>";
		};
		E718A0B41E58E906003463B0 /* Common */ = {
			isa = PBXGroup;
			children = (
				E718A0B51E58E906003463B0 /* RxExtensions.swift */,
				E718A0B61E58E906003463B0 /* RxTableViewCell.swift */,
				E718A0B71E58E906003463B0 /* TableViewController.swift */,
				E718A0B81E58E906003463B0 /* UIAlertController+Rx.swift */,
				E718A0B91E58E906003463B0 /* UIBarButtonItem+Common.swift */,
				E718A0BA1E58E906003463B0 /* UIImageView+Rx.swift */,
				E718A0BB1E58E906003463B0 /* UITableView+Common.swift */,
				E718A0BC1E58E906003463B0 /* UIViewController+Common.swift */,
			);
			path = Common;
			sourceTree = "<group>";
		};
		E718A0BD1E58E906003463B0 /* ThirdParty */ = {
			isa = PBXGroup;
			children = (
				E718A0BE1E58E906003463B0 /* ActivityIndicator.swift */,
				E718A0BF1E58E906003463B0 /* Reachability.swift */,
			);
			path = ThirdParty;
			sourceTree = "<group>";
		};
		E718A1051E58F7E2003463B0 /* Mocks */ = {
			isa = PBXGroup;
			children = (
				E718A1061E58F7F3003463B0 /* MockViewControllerFactory.swift */,
				E718A1081E58FC27003463B0 /* MockSessionsSearchViewModel.swift */,
				E72A1CEC1E677FEF005A3EAE /* MockWWDCastAPI.swift */,
				E72A1CEE1E678395005A3EAE /* MockSessionsSearchViewModelDelegate.swift */,
				E72A1D151E68AD49005A3EAE /* MockFavoriteSessionsViewModelDelegate.swift */,
			);
			path = Mocks;
			sourceTree = "<group>";
		};
		E72A1D221E68AF91005A3EAE /* TestsHelpers */ = {
			isa = PBXGroup;
			children = (
				E72A1D231E68AF91005A3EAE /* SessionItemViewModel+Tests.swift */,
				E72A1D241E68AF91005A3EAE /* SessionsLoader.swift */,
				E72A1D321E68C45E005A3EAE /* Session+Tests.swift */,
			);
			path = TestsHelpers;
			sourceTree = "<group>";
		};
		E72A1D271E68B054005A3EAE /* Coordinators */ = {
			isa = PBXGroup;
			children = (
				E72A1D281E68B054005A3EAE /* SearchFlowCoordinatorTests.swift */,
			);
			path = Coordinators;
			sourceTree = "<group>";
		};
		E72A1D291E68B054005A3EAE /* ViewModels */ = {
			isa = PBXGroup;
			children = (
				E72A1D2A1E68B054005A3EAE /* FavoriteSessionsViewModelTests.swift */,
				E72A1D2B1E68B054005A3EAE /* SessionsSearchViewModelTests.swift */,
				E72A1D2F1E68C13A005A3EAE /* SessionDetailsViewModelTests.swift */,
			);
			path = ViewModels;
			sourceTree = "<group>";
		};
		E7330BD81EE8A39500D7017F /* DataSource */ = {
			isa = PBXGroup;
			children = (
				E7330BD91EE8A39500D7017F /* AnyDataSource.swift */,
				E7330BDA1EE8A39500D7017F /* CompositeDataSource.swift */,
				E7330BDB1EE8A39500D7017F /* CoreDataSource.swift */,
				E7330BDC1EE8A39500D7017F /* DataSourceType.swift */,
				E7330BDD1EE8A39500D7017F /* NetworkDataSource.swift */,
			);
			path = DataSource;
			sourceTree = "<group>";
		};
		E7C428B51ED3977700BAB0B2 /* CoreData */ = {
			isa = PBXGroup;
			children = (
				E7FC181F1EE0AC57000D2FAB /* SessionManagedObject+Ext.swift */,
				E7FC181B1EE0ABC8000D2FAB /* SessionManagedObject+CoreDataClass.swift */,
				E7FC181C1EE0ABC8000D2FAB /* SessionManagedObject+CoreDataProperties.swift */,
				E7C428B61ED3977700BAB0B2 /* CoreDataController.swift */,
				E7C428C11ED3987000BAB0B2 /* NSManagedObjectContext+Rx.swift */,
				E7330BE31EE8A51000D7017F /* Session+CoreDataRepresentable.swift */,
				E7330BE51EE8A54F00D7017F /* CoreDataRepresentable.swift */,
				E7330BE71EE8A5C400D7017F /* EntityRepresentable.swift */,
				E7330BE91EE8A60E00D7017F /* CoreDataPersistable.swift */,
			);
			path = CoreData;
			sourceTree = "<group>";
		};
/* End PBXGroup section */

/* Begin PBXNativeTarget section */
		B6F929BA1D2A5DD5009E4B83 /* WWDCast */ = {
			isa = PBXNativeTarget;
			buildConfigurationList = B6F929D81D2A5DD6009E4B83 /* Build configuration list for PBXNativeTarget "WWDCast" */;
			buildPhases = (
				D214ACFBD5C00700D8C35E13 /* [CP] Check Pods Manifest.lock */,
				E7E3F9951E283ACA00A67149 /* ShellScript */,
				B6F929B71D2A5DD5009E4B83 /* Sources */,
				B6F929B81D2A5DD5009E4B83 /* Frameworks */,
				B6F929B91D2A5DD5009E4B83 /* Resources */,
				AA720D3C39D46761CAD54C0B /* [CP] Embed Pods Frameworks */,
				DE9F671286CAF4D10C6EC682 /* [CP] Copy Pods Resources */,
			);
			buildRules = (
			);
			dependencies = (
			);
			name = WWDCast;
			productName = WWDCast;
			productReference = B6F929BB1D2A5DD5009E4B83 /* WWDCast.app */;
			productType = "com.apple.product-type.application";
		};
		B6F929CE1D2A5DD6009E4B83 /* WWDCastTests */ = {
			isa = PBXNativeTarget;
			buildConfigurationList = B6F929DB1D2A5DD6009E4B83 /* Build configuration list for PBXNativeTarget "WWDCastTests" */;
			buildPhases = (
				8E3AA1B0C4AD391EF6533174 /* [CP] Check Pods Manifest.lock */,
				B6F929CB1D2A5DD6009E4B83 /* Sources */,
				B6F929CC1D2A5DD6009E4B83 /* Frameworks */,
				B6F929CD1D2A5DD6009E4B83 /* Resources */,
				E5248526D49A453158D9CD89 /* [CP] Embed Pods Frameworks */,
				5242DE3CBC7A13DD7008ECA0 /* [CP] Copy Pods Resources */,
			);
			buildRules = (
			);
			dependencies = (
				B6F929D11D2A5DD6009E4B83 /* PBXTargetDependency */,
			);
			name = WWDCastTests;
			productName = WWDCastTests;
			productReference = B6F929CF1D2A5DD6009E4B83 /* WWDCastTests.xctest */;
			productType = "com.apple.product-type.bundle.unit-test";
		};
/* End PBXNativeTarget section */

/* Begin PBXProject section */
		B6F929B31D2A5DD5009E4B83 /* Project object */ = {
			isa = PBXProject;
			attributes = {
				LastSwiftUpdateCheck = 0730;
				LastUpgradeCheck = 0830;
				ORGANIZATIONNAME = "Maksym Shcheglov";
				TargetAttributes = {
					B6F929BA1D2A5DD5009E4B83 = {
						CreatedOnToolsVersion = 7.3;
						LastSwiftMigration = 0800;
						ProvisioningStyle = Automatic;
					};
					B6F929CE1D2A5DD6009E4B83 = {
						CreatedOnToolsVersion = 7.3;
						LastSwiftMigration = 0800;
						TestTargetID = B6F929BA1D2A5DD5009E4B83;
					};
				};
			};
			buildConfigurationList = B6F929B61D2A5DD5009E4B83 /* Build configuration list for PBXProject "WWDCast" */;
			compatibilityVersion = "Xcode 3.2";
			developmentRegion = English;
			hasScannedForEncodings = 0;
			knownRegions = (
				en,
				Base,
			);
			mainGroup = B6F929B21D2A5DD5009E4B83;
			productRefGroup = B6F929BC1D2A5DD5009E4B83 /* Products */;
			projectDirPath = "";
			projectRoot = "";
			targets = (
				B6F929BA1D2A5DD5009E4B83 /* WWDCast */,
				B6F929CE1D2A5DD6009E4B83 /* WWDCastTests */,
			);
		};
/* End PBXProject section */

/* Begin PBXResourcesBuildPhase section */
		B6F929B91D2A5DD5009E4B83 /* Resources */ = {
			isa = PBXResourcesBuildPhase;
			buildActionMask = 2147483647;
			files = (
				5E89B1D61D480B6300E611AC /* SessionDetailsViewController.xib in Resources */,
				E7C27FA31DD231400082EC45 /* EmptyDataSetView.xib in Resources */,
				E79718091D6080B000C4DD7C /* FilterTableViewCell.xib in Resources */,
				B6F92A1D1D2C0E8A009E4B83 /* SessionTableViewCell.xib in Resources */,
				B6F929EF1D2AB283009E4B83 /* LaunchScreen.storyboard in Resources */,
				5E2680961D2C43440054E90B /* Assets.xcassets in Resources */,
			);
			runOnlyForDeploymentPostprocessing = 0;
		};
		B6F929CD1D2A5DD6009E4B83 /* Resources */ = {
			isa = PBXResourcesBuildPhase;
			buildActionMask = 2147483647;
			files = (
				E72A1CF71E68A11B005A3EAE /* sessions.json in Resources */,
			);
			runOnlyForDeploymentPostprocessing = 0;
		};
/* End PBXResourcesBuildPhase section */

/* Begin PBXShellScriptBuildPhase section */
		5242DE3CBC7A13DD7008ECA0 /* [CP] Copy Pods Resources */ = {
			isa = PBXShellScriptBuildPhase;
			buildActionMask = 2147483647;
			files = (
			);
			inputPaths = (
			);
			name = "[CP] Copy Pods Resources";
			outputPaths = (
			);
			runOnlyForDeploymentPostprocessing = 0;
			shellPath = /bin/sh;
			shellScript = "\"${SRCROOT}/Pods/Target Support Files/Pods-WWDCastTests/Pods-WWDCastTests-resources.sh\"\n";
			showEnvVarsInLog = 0;
		};
		8E3AA1B0C4AD391EF6533174 /* [CP] Check Pods Manifest.lock */ = {
			isa = PBXShellScriptBuildPhase;
			buildActionMask = 2147483647;
			files = (
			);
			inputPaths = (
			);
			name = "[CP] Check Pods Manifest.lock";
			outputPaths = (
			);
			runOnlyForDeploymentPostprocessing = 0;
			shellPath = /bin/sh;
			shellScript = "diff \"${PODS_ROOT}/../Podfile.lock\" \"${PODS_ROOT}/Manifest.lock\" > /dev/null\nif [[ $? != 0 ]] ; then\n    cat << EOM\nerror: The sandbox is not in sync with the Podfile.lock. Run 'pod install' or update your CocoaPods installation.\nEOM\n    exit 1\nfi\n";
			showEnvVarsInLog = 0;
		};
		AA720D3C39D46761CAD54C0B /* [CP] Embed Pods Frameworks */ = {
			isa = PBXShellScriptBuildPhase;
			buildActionMask = 2147483647;
			files = (
			);
			inputPaths = (
			);
			name = "[CP] Embed Pods Frameworks";
			outputPaths = (
			);
			runOnlyForDeploymentPostprocessing = 0;
			shellPath = /bin/sh;
			shellScript = "\"${SRCROOT}/Pods/Target Support Files/Pods-WWDCast/Pods-WWDCast-frameworks.sh\"\n";
			showEnvVarsInLog = 0;
		};
		D214ACFBD5C00700D8C35E13 /* [CP] Check Pods Manifest.lock */ = {
			isa = PBXShellScriptBuildPhase;
			buildActionMask = 2147483647;
			files = (
			);
			inputPaths = (
			);
			name = "[CP] Check Pods Manifest.lock";
			outputPaths = (
			);
			runOnlyForDeploymentPostprocessing = 0;
			shellPath = /bin/sh;
			shellScript = "diff \"${PODS_ROOT}/../Podfile.lock\" \"${PODS_ROOT}/Manifest.lock\" > /dev/null\nif [[ $? != 0 ]] ; then\n    cat << EOM\nerror: The sandbox is not in sync with the Podfile.lock. Run 'pod install' or update your CocoaPods installation.\nEOM\n    exit 1\nfi\n";
			showEnvVarsInLog = 0;
		};
		DE9F671286CAF4D10C6EC682 /* [CP] Copy Pods Resources */ = {
			isa = PBXShellScriptBuildPhase;
			buildActionMask = 2147483647;
			files = (
			);
			inputPaths = (
			);
			name = "[CP] Copy Pods Resources";
			outputPaths = (
			);
			runOnlyForDeploymentPostprocessing = 0;
			shellPath = /bin/sh;
			shellScript = "\"${SRCROOT}/Pods/Target Support Files/Pods-WWDCast/Pods-WWDCast-resources.sh\"\n";
			showEnvVarsInLog = 0;
		};
		E5248526D49A453158D9CD89 /* [CP] Embed Pods Frameworks */ = {
			isa = PBXShellScriptBuildPhase;
			buildActionMask = 2147483647;
			files = (
			);
			inputPaths = (
			);
			name = "[CP] Embed Pods Frameworks";
			outputPaths = (
			);
			runOnlyForDeploymentPostprocessing = 0;
			shellPath = /bin/sh;
			shellScript = "\"${SRCROOT}/Pods/Target Support Files/Pods-WWDCastTests/Pods-WWDCastTests-frameworks.sh\"\n";
			showEnvVarsInLog = 0;
		};
		E7E3F9951E283ACA00A67149 /* ShellScript */ = {
			isa = PBXShellScriptBuildPhase;
			buildActionMask = 2147483647;
			files = (
			);
			inputPaths = (
			);
			outputPaths = (
			);
			runOnlyForDeploymentPostprocessing = 0;
			shellPath = /bin/sh;
			shellScript = "if which swiftlint >/dev/null; then\nswiftlint\nelse\necho \"error: SwiftLint does not exist, download it from https://github.com/realm/SwiftLint\"\nexit 1\nfi";
		};
/* End PBXShellScriptBuildPhase section */

/* Begin PBXSourcesBuildPhase section */
		B6F929B71D2A5DD5009E4B83 /* Sources */ = {
			isa = PBXSourcesBuildPhase;
			buildActionMask = 2147483647;
			files = (
				E718A0D01E58E906003463B0 /* SessionSectionViewModelBuilder.swift in Sources */,
				E7FC18201EE0AC57000D2FAB /* SessionManagedObject+Ext.swift in Sources */,
				E718A0EC1E58E906003463B0 /* GoogleCastMedia+GCK.swift in Sources */,
				E718A0CB1E58E906003463B0 /* FilterViewController.swift in Sources */,
				E718A0C61E58E906003463B0 /* FavoriteSessionsViewModel.swift in Sources */,
				E718A0E51E58E906003463B0 /* NetworkServiceProtocol.swift in Sources */,
				E7330BEA1EE8A60E00D7017F /* CoreDataPersistable.swift in Sources */,
				E718A0F91E58E906003463B0 /* WWDCastAPI.swift in Sources */,
				E7FC18171EE0A5E6000D2FAB /* WWDCast.xcdatamodel in Sources */,
				E718A0C71E58E906003463B0 /* FavoriteSessionsViewModelProtocol.swift in Sources */,
				E718A0CA1E58E906003463B0 /* FilterTableViewCell.swift in Sources */,
				E718A0C91E58E906003463B0 /* FilterSectionViewModel.swift in Sources */,
				E718A0EF1E58E906003463B0 /* RxGCKRequestDelegateProxy.swift in Sources */,
				E718A0FB1E58E906003463B0 /* RxTableViewCell.swift in Sources */,
				E718A0C41E58E906003463B0 /* EmptyDataSetViewModel.swift in Sources */,
				B6F929E41D2AB0FC009E4B83 /* AppDelegate.swift in Sources */,
				E718A0D21E58E906003463B0 /* SessionsSearchViewModel.swift in Sources */,
				E718A1001E58E906003463B0 /* UITableView+Common.swift in Sources */,
				E718A0D51E58E906003463B0 /* TabBarController.swift in Sources */,
				E7330BDF1EE8A39500D7017F /* CompositeDataSource.swift in Sources */,
				E718A0CC1E58E906003463B0 /* FilterViewModel.swift in Sources */,
				E7E889DC1ECA0CB500AE06F6 /* FlowCoordinatorDependencyProviders.swift in Sources */,
				E718A0EB1E58E906003463B0 /* GoogleCastDevice.swift in Sources */,
				E718A0C01E58E906003463B0 /* SessionDetailsViewController.swift in Sources */,
				E718A0D41E58E906003463B0 /* SessionTableViewCell.swift in Sources */,
				E7330BE61EE8A54F00D7017F /* CoreDataRepresentable.swift in Sources */,
				E7330BE11EE8A39500D7017F /* DataSourceType.swift in Sources */,
				E7C428BC1ED3977700BAB0B2 /* CoreDataController.swift in Sources */,
				E718A0D31E58E906003463B0 /* SessionsSearchViewModelProtocol.swift in Sources */,
				E718A0DD1E58E906003463B0 /* AppConfigBuilder.swift in Sources */,
				E718A0FA1E58E906003463B0 /* RxExtensions.swift in Sources */,
				E7FC181E1EE0ABC8000D2FAB /* SessionManagedObject+CoreDataProperties.swift in Sources */,
				E7330BDE1EE8A39500D7017F /* AnyDataSource.swift in Sources */,
				E718A0F11E58E906003463B0 /* NetworkService.swift in Sources */,
				E7330BE41EE8A51000D7017F /* Session+CoreDataRepresentable.swift in Sources */,
				E718A1011E58E906003463B0 /* UIViewController+Common.swift in Sources */,
				E718A0F01E58E906003463B0 /* RxGCKSessionManagerListenerProxy.swift in Sources */,
				E718A0D81E58E906003463B0 /* ApplicationFlowCoordinator.swift in Sources */,
				E718A1031E58E906003463B0 /* Reachability.swift in Sources */,
				E718A0D91E58E906003463B0 /* FavoritesFlowCoordinator.swift in Sources */,
				E718A0E41E58E906003463B0 /* GoogleCastServiceProtocol.swift in Sources */,
				E718A0C81E58E906003463B0 /* FilterItemViewModel.swift in Sources */,
				E718A0E61E58E906003463B0 /* ReachabilityServiceProtocol.swift in Sources */,
				E718A0DE1E58E906003463B0 /* EntityBuilderType.swift in Sources */,
				E718A0DC1E58E906003463B0 /* AppConfig.swift in Sources */,
				E718A0FE1E58E906003463B0 /* UIBarButtonItem+Common.swift in Sources */,
				E718A0C21E58E906003463B0 /* SessionDetailsViewModelProtocol.swift in Sources */,
				E718A0F21E58E906003463B0 /* Resource.swift in Sources */,
				E718A0D61E58E906003463B0 /* ViewControllerFactory.swift in Sources */,
				E718A0FD1E58E906003463B0 /* UIAlertController+Rx.swift in Sources */,
				E718A0CF1E58E906003463B0 /* SessionSectionViewModel.swift in Sources */,
				E718A0D11E58E906003463B0 /* SessionsSearchViewController.swift in Sources */,
				E718A0E11E58E906003463B0 /* Filter.swift in Sources */,
				E718A0CE1E58E906003463B0 /* SessionItemViewModel.swift in Sources */,
				E718A0E81E58E906003463B0 /* ServiceProviderProtocol.swift in Sources */,
				E718A0C11E58E906003463B0 /* SessionDetailsViewModel.swift in Sources */,
				E718A0E91E58E906003463B0 /* WWDCastAPIProtocol.swift in Sources */,
				E718A0FC1E58E906003463B0 /* TableViewController.swift in Sources */,
				E718A0E71E58E906003463B0 /* SchedulerServiceProtocol.swift in Sources */,
				E718A0E21E58E906003463B0 /* Session.swift in Sources */,
				E7330BE21EE8A39500D7017F /* NetworkDataSource.swift in Sources */,
				E7330BE01EE8A39500D7017F /* CoreDataSource.swift in Sources */,
				E7330BE81EE8A5C400D7017F /* EntityRepresentable.swift in Sources */,
				E7FC181D1EE0ABC8000D2FAB /* SessionManagedObject+CoreDataClass.swift in Sources */,
				E718A0CD1E58E906003463B0 /* FilterViewModelProtocol.swift in Sources */,
				E718A0C51E58E906003463B0 /* FavoriteSessionsViewController.swift in Sources */,
				E718A0ED1E58E906003463B0 /* GoogleCastMedia.swift in Sources */,
				E7C428C21ED3987000BAB0B2 /* NSManagedObjectContext+Rx.swift in Sources */,
				E718A0E01E58E906003463B0 /* SessionsBuilder.swift in Sources */,
				E718A0DB1E58E906003463B0 /* SearchFlowCoordinator.swift in Sources */,
				E718A0EE1E58E906003463B0 /* GoogleCastService.swift in Sources */,
				E718A0DA1E58E906003463B0 /* FlowCoordinator.swift in Sources */,
				E718A1021E58E906003463B0 /* ActivityIndicator.swift in Sources */,
				E718A0FF1E58E906003463B0 /* UIImageView+Rx.swift in Sources */,
				B6F929E61D2AB0FD009E4B83 /* WWDCastEnvironment.swift in Sources */,
				E718A0F51E58E906003463B0 /* ServiceProvider.swift in Sources */,
				E718A0DF1E58E906003463B0 /* SessionBuilder.swift in Sources */,
				E718A0F31E58E906003463B0 /* ReachabilityService.swift in Sources */,
				E718A0F41E58E906003463B0 /* SchedulerService.swift in Sources */,
				E718A0C31E58E906003463B0 /* EmptyDataSetView.swift in Sources */,
			);
			runOnlyForDeploymentPostprocessing = 0;
		};
		B6F929CB1D2A5DD6009E4B83 /* Sources */ = {
			isa = PBXSourcesBuildPhase;
			buildActionMask = 2147483647;
			files = (
				E72A1D371E68C761005A3EAE /* SessionItemViewModel+Tests.swift in Sources */,
				E72A1D381E68C765005A3EAE /* SearchFlowCoordinatorTests.swift in Sources */,
				E72A1D181E68AD77005A3EAE /* MockSessionsSearchViewModelDelegate.swift in Sources */,
				E72A1D341E68C462005A3EAE /* Session+Tests.swift in Sources */,
				E718A10B1E5900C1003463B0 /* MockViewControllerFactory.swift in Sources */,
				E72A1D311E68C13D005A3EAE /* SessionDetailsViewModelTests.swift in Sources */,
				E72A1D191E68AD79005A3EAE /* MockWWDCastAPI.swift in Sources */,
				E72A1D351E68C74F005A3EAE /* FavoriteSessionsViewModelTests.swift in Sources */,
				E72A1D171E68AD74005A3EAE /* MockFavoriteSessionsViewModelDelegate.swift in Sources */,
				E72A1D3B1E68C76B005A3EAE /* SessionsLoader.swift in Sources */,
				E718A10A1E5900BE003463B0 /* MockSessionsSearchViewModel.swift in Sources */,
				E72A1D361E68C754005A3EAE /* SessionsSearchViewModelTests.swift in Sources */,
			);
			runOnlyForDeploymentPostprocessing = 0;
		};
/* End PBXSourcesBuildPhase section */

/* Begin PBXTargetDependency section */
		B6F929D11D2A5DD6009E4B83 /* PBXTargetDependency */ = {
			isa = PBXTargetDependency;
			target = B6F929BA1D2A5DD5009E4B83 /* WWDCast */;
			targetProxy = B6F929D01D2A5DD6009E4B83 /* PBXContainerItemProxy */;
		};
/* End PBXTargetDependency section */

/* Begin PBXVariantGroup section */
		B6F929EB1D2AB283009E4B83 /* LaunchScreen.storyboard */ = {
			isa = PBXVariantGroup;
			children = (
				B6F929EC1D2AB283009E4B83 /* Base */,
			);
			name = LaunchScreen.storyboard;
			sourceTree = "<group>";
		};
/* End PBXVariantGroup section */

/* Begin XCBuildConfiguration section */
		B6F929D61D2A5DD6009E4B83 /* Debug */ = {
			isa = XCBuildConfiguration;
			buildSettings = {
				ALWAYS_SEARCH_USER_PATHS = NO;
				CLANG_ANALYZER_NONNULL = YES;
				CLANG_CXX_LANGUAGE_STANDARD = "gnu++0x";
				CLANG_CXX_LIBRARY = "libc++";
				CLANG_ENABLE_MODULES = YES;
				CLANG_ENABLE_OBJC_ARC = YES;
				CLANG_WARN_BOOL_CONVERSION = YES;
				CLANG_WARN_CONSTANT_CONVERSION = YES;
				CLANG_WARN_DIRECT_OBJC_ISA_USAGE = YES_ERROR;
				CLANG_WARN_EMPTY_BODY = YES;
				CLANG_WARN_ENUM_CONVERSION = YES;
				CLANG_WARN_INFINITE_RECURSION = YES;
				CLANG_WARN_INT_CONVERSION = YES;
				CLANG_WARN_OBJC_ROOT_CLASS = YES_ERROR;
				CLANG_WARN_SUSPICIOUS_MOVE = YES;
				CLANG_WARN_UNREACHABLE_CODE = YES;
				CLANG_WARN__DUPLICATE_METHOD_MATCH = YES;
				CODE_SIGN_IDENTITY = "";
				"CODE_SIGN_IDENTITY[sdk=iphoneos*]" = "";
				COPY_PHASE_STRIP = NO;
				DEBUG_INFORMATION_FORMAT = dwarf;
				ENABLE_STRICT_OBJC_MSGSEND = YES;
				ENABLE_TESTABILITY = YES;
				GCC_C_LANGUAGE_STANDARD = gnu99;
				GCC_DYNAMIC_NO_PIC = NO;
				GCC_NO_COMMON_BLOCKS = YES;
				GCC_OPTIMIZATION_LEVEL = 0;
				GCC_PREPROCESSOR_DEFINITIONS = (
					"DEBUG=1",
					"$(inherited)",
				);
				GCC_WARN_64_TO_32_BIT_CONVERSION = YES;
				GCC_WARN_ABOUT_RETURN_TYPE = YES_ERROR;
				GCC_WARN_UNDECLARED_SELECTOR = YES;
				GCC_WARN_UNINITIALIZED_AUTOS = YES_AGGRESSIVE;
				GCC_WARN_UNUSED_FUNCTION = YES;
				GCC_WARN_UNUSED_VARIABLE = YES;
				IPHONEOS_DEPLOYMENT_TARGET = 10.0;
				MTL_ENABLE_DEBUG_INFO = YES;
				ONLY_ACTIVE_ARCH = YES;
				PROVISIONING_PROFILE = "";
				SDKROOT = iphoneos;
				SWIFT_OPTIMIZATION_LEVEL = "-Onone";
			};
			name = Debug;
		};
		B6F929D71D2A5DD6009E4B83 /* Release */ = {
			isa = XCBuildConfiguration;
			buildSettings = {
				ALWAYS_SEARCH_USER_PATHS = NO;
				CLANG_ANALYZER_NONNULL = YES;
				CLANG_CXX_LANGUAGE_STANDARD = "gnu++0x";
				CLANG_CXX_LIBRARY = "libc++";
				CLANG_ENABLE_MODULES = YES;
				CLANG_ENABLE_OBJC_ARC = YES;
				CLANG_WARN_BOOL_CONVERSION = YES;
				CLANG_WARN_CONSTANT_CONVERSION = YES;
				CLANG_WARN_DIRECT_OBJC_ISA_USAGE = YES_ERROR;
				CLANG_WARN_EMPTY_BODY = YES;
				CLANG_WARN_ENUM_CONVERSION = YES;
				CLANG_WARN_INFINITE_RECURSION = YES;
				CLANG_WARN_INT_CONVERSION = YES;
				CLANG_WARN_OBJC_ROOT_CLASS = YES_ERROR;
				CLANG_WARN_SUSPICIOUS_MOVE = YES;
				CLANG_WARN_UNREACHABLE_CODE = YES;
				CLANG_WARN__DUPLICATE_METHOD_MATCH = YES;
				CODE_SIGN_IDENTITY = "";
				"CODE_SIGN_IDENTITY[sdk=iphoneos*]" = "";
				COPY_PHASE_STRIP = NO;
				DEBUG_INFORMATION_FORMAT = "dwarf-with-dsym";
				ENABLE_NS_ASSERTIONS = NO;
				ENABLE_STRICT_OBJC_MSGSEND = YES;
				GCC_C_LANGUAGE_STANDARD = gnu99;
				GCC_NO_COMMON_BLOCKS = YES;
				GCC_WARN_64_TO_32_BIT_CONVERSION = YES;
				GCC_WARN_ABOUT_RETURN_TYPE = YES_ERROR;
				GCC_WARN_UNDECLARED_SELECTOR = YES;
				GCC_WARN_UNINITIALIZED_AUTOS = YES_AGGRESSIVE;
				GCC_WARN_UNUSED_FUNCTION = YES;
				GCC_WARN_UNUSED_VARIABLE = YES;
				IPHONEOS_DEPLOYMENT_TARGET = 10.0;
				MTL_ENABLE_DEBUG_INFO = NO;
				PROVISIONING_PROFILE = "";
				SDKROOT = iphoneos;
				SWIFT_OPTIMIZATION_LEVEL = "-Owholemodule";
				VALIDATE_PRODUCT = YES;
			};
			name = Release;
		};
		B6F929D91D2A5DD6009E4B83 /* Debug */ = {
			isa = XCBuildConfiguration;
			baseConfigurationReference = EF0C2C23293FE3B813CE8E29 /* Pods-WWDCast.debug.xcconfig */;
			buildSettings = {
				ALWAYS_EMBED_SWIFT_STANDARD_LIBRARIES = YES;
				ASSETCATALOG_COMPILER_APPICON_NAME = AppIcon;
				CODE_SIGN_IDENTITY = "iPhone Developer";
				"CODE_SIGN_IDENTITY[sdk=iphoneos*]" = "iPhone Developer";
				DEVELOPMENT_TEAM = "";
				INFOPLIST_FILE = Resources/Info.plist;
				LD_RUNPATH_SEARCH_PATHS = "$(inherited) @executable_path/Frameworks";
				PRODUCT_BUNDLE_IDENTIFIER = com.mshcheglov.WWDCast;
				PRODUCT_NAME = "$(TARGET_NAME)";
				PROVISIONING_PROFILE = "";
				PROVISIONING_PROFILE_SPECIFIER = "";
				SWIFT_OBJC_BRIDGING_HEADER = "";
				SWIFT_VERSION = 3.0;
				WARNING_CFLAGS = (
					"-Wno-unused-parameter",
					"-Wextra",
					"-Wall",
				);
			};
			name = Debug;
		};
		B6F929DA1D2A5DD6009E4B83 /* Release */ = {
			isa = XCBuildConfiguration;
			baseConfigurationReference = 081F76A23C03510729799A91 /* Pods-WWDCast.release.xcconfig */;
			buildSettings = {
				ALWAYS_EMBED_SWIFT_STANDARD_LIBRARIES = YES;
				ASSETCATALOG_COMPILER_APPICON_NAME = AppIcon;
				CODE_SIGN_IDENTITY = "iPhone Developer";
				"CODE_SIGN_IDENTITY[sdk=iphoneos*]" = "iPhone Developer";
				DEVELOPMENT_TEAM = "";
				INFOPLIST_FILE = Resources/Info.plist;
				LD_RUNPATH_SEARCH_PATHS = "$(inherited) @executable_path/Frameworks";
				PRODUCT_BUNDLE_IDENTIFIER = com.mshcheglov.WWDCast;
				PRODUCT_NAME = "$(TARGET_NAME)";
				PROVISIONING_PROFILE = "";
				PROVISIONING_PROFILE_SPECIFIER = "";
				SWIFT_OBJC_BRIDGING_HEADER = "";
				SWIFT_VERSION = 3.0;
				WARNING_CFLAGS = (
					"-Wno-unused-parameter",
					"-Wextra",
					"-Wall",
				);
			};
			name = Release;
		};
		B6F929DC1D2A5DD6009E4B83 /* Debug */ = {
			isa = XCBuildConfiguration;
			baseConfigurationReference = 218FDCB7EB2025EE42E172F6 /* Pods-WWDCastTests.debug.xcconfig */;
			buildSettings = {
				BUNDLE_LOADER = "$(TEST_HOST)";
				INFOPLIST_FILE = Tests/Info.plist;
				LD_RUNPATH_SEARCH_PATHS = "$(inherited) @executable_path/Frameworks @loader_path/Frameworks";
				PRODUCT_BUNDLE_IDENTIFIER = com.mshcheglov.WWDCastTests;
				PRODUCT_NAME = "$(TARGET_NAME)";
				SWIFT_VERSION = 3.0;
				TEST_HOST = "$(BUILT_PRODUCTS_DIR)/WWDCast.app/WWDCast";
			};
			name = Debug;
		};
		B6F929DD1D2A5DD6009E4B83 /* Release */ = {
			isa = XCBuildConfiguration;
			baseConfigurationReference = 4A6EBFABAC79034FF2973338 /* Pods-WWDCastTests.release.xcconfig */;
			buildSettings = {
				BUNDLE_LOADER = "$(TEST_HOST)";
				INFOPLIST_FILE = Tests/Info.plist;
				LD_RUNPATH_SEARCH_PATHS = "$(inherited) @executable_path/Frameworks @loader_path/Frameworks";
				PRODUCT_BUNDLE_IDENTIFIER = com.mshcheglov.WWDCastTests;
				PRODUCT_NAME = "$(TARGET_NAME)";
				SWIFT_VERSION = 3.0;
				TEST_HOST = "$(BUILT_PRODUCTS_DIR)/WWDCast.app/WWDCast";
			};
			name = Release;
		};
/* End XCBuildConfiguration section */

/* Begin XCConfigurationList section */
		B6F929B61D2A5DD5009E4B83 /* Build configuration list for PBXProject "WWDCast" */ = {
			isa = XCConfigurationList;
			buildConfigurations = (
				B6F929D61D2A5DD6009E4B83 /* Debug */,
				B6F929D71D2A5DD6009E4B83 /* Release */,
			);
			defaultConfigurationIsVisible = 0;
			defaultConfigurationName = Release;
		};
		B6F929D81D2A5DD6009E4B83 /* Build configuration list for PBXNativeTarget "WWDCast" */ = {
			isa = XCConfigurationList;
			buildConfigurations = (
				B6F929D91D2A5DD6009E4B83 /* Debug */,
				B6F929DA1D2A5DD6009E4B83 /* Release */,
			);
			defaultConfigurationIsVisible = 0;
			defaultConfigurationName = Release;
		};
		B6F929DB1D2A5DD6009E4B83 /* Build configuration list for PBXNativeTarget "WWDCastTests" */ = {
			isa = XCConfigurationList;
			buildConfigurations = (
				B6F929DC1D2A5DD6009E4B83 /* Debug */,
				B6F929DD1D2A5DD6009E4B83 /* Release */,
			);
			defaultConfigurationIsVisible = 0;
			defaultConfigurationName = Release;
		};
/* End XCConfigurationList section */
	};
	rootObject = B6F929B31D2A5DD5009E4B83 /* Project object */;
}
